// !$*UTF8*$!
{
	archiveVersion = 1;
	classes = {
	};
	objectVersion = 46;
	objects = {

/* Begin PBXBuildFile section */
		0307A7A61D2F7B5F00DC2B81 /* LeftSideView.m in Sources */ = {isa = PBXBuildFile; fileRef = 0307A7A51D2F7B5F00DC2B81 /* LeftSideView.m */; };
		0307A7A91D2F7B8000DC2B81 /* ShadowView.m in Sources */ = {isa = PBXBuildFile; fileRef = 0307A7A81D2F7B8000DC2B81 /* ShadowView.m */; };
		0307A7AC1D2F94B500DC2B81 /* LeftSideCell.m in Sources */ = {isa = PBXBuildFile; fileRef = 0307A7AB1D2F94B500DC2B81 /* LeftSideCell.m */; };
		0307A7B01D2F9E3300DC2B81 /* FoundationVC.m in Sources */ = {isa = PBXBuildFile; fileRef = 0307A7AF1D2F9E3300DC2B81 /* FoundationVC.m */; };
		0307A7B61D2FC18600DC2B81 /* ModelVCSimple.m in Sources */ = {isa = PBXBuildFile; fileRef = 0307A7B51D2FC18600DC2B81 /* ModelVCSimple.m */; };
		0307A7B91D2FC1BA00DC2B81 /* ModelVCClassed.m in Sources */ = {isa = PBXBuildFile; fileRef = 0307A7B81D2FC1BA00DC2B81 /* ModelVCClassed.m */; };
		030EF0D11D3233CB0034BDD0 /* ArticleListModle.m in Sources */ = {isa = PBXBuildFile; fileRef = 030EF0D01D3233CB0034BDD0 /* ArticleListModle.m */; };
		030EF0D41D3237B90034BDD0 /* NetRequest+Prepare_Fro.m in Sources */ = {isa = PBXBuildFile; fileRef = 030EF0D31D3237B90034BDD0 /* NetRequest+Prepare_Fro.m */; };
		037D834F1D2E7B9E0063E17E /* main.m in Sources */ = {isa = PBXBuildFile; fileRef = 037D834E1D2E7B9E0063E17E /* main.m */; };
		037D83521D2E7B9E0063E17E /* AppDelegate.m in Sources */ = {isa = PBXBuildFile; fileRef = 037D83511D2E7B9E0063E17E /* AppDelegate.m */; };
		037D83551D2E7B9E0063E17E /* ViewController.m in Sources */ = {isa = PBXBuildFile; fileRef = 037D83541D2E7B9E0063E17E /* ViewController.m */; };
		037D83581D2E7B9E0063E17E /* Main.storyboard in Resources */ = {isa = PBXBuildFile; fileRef = 037D83561D2E7B9E0063E17E /* Main.storyboard */; };
		037D835B1D2E7B9E0063E17E /* TongHuo.xcdatamodeld in Sources */ = {isa = PBXBuildFile; fileRef = 037D83591D2E7B9E0063E17E /* TongHuo.xcdatamodeld */; };
		037D835D1D2E7B9E0063E17E /* Assets.xcassets in Resources */ = {isa = PBXBuildFile; fileRef = 037D835C1D2E7B9E0063E17E /* Assets.xcassets */; };
		037D83601D2E7B9E0063E17E /* LaunchScreen.storyboard in Resources */ = {isa = PBXBuildFile; fileRef = 037D835E1D2E7B9E0063E17E /* LaunchScreen.storyboard */; };
		037D838B1D2E7D800063E17E /* NetRequest+Article.m in Sources */ = {isa = PBXBuildFile; fileRef = 037D836A1D2E7D800063E17E /* NetRequest+Article.m */; };
		037D838C1D2E7D800063E17E /* NetRequest+DailyFavourites.m in Sources */ = {isa = PBXBuildFile; fileRef = 037D836C1D2E7D800063E17E /* NetRequest+DailyFavourites.m */; };
		037D838D1D2E7D800063E17E /* NetRequest+Region.m in Sources */ = {isa = PBXBuildFile; fileRef = 037D836E1D2E7D800063E17E /* NetRequest+Region.m */; };
		037D838E1D2E7D800063E17E /* NetRequest+Simple.m in Sources */ = {isa = PBXBuildFile; fileRef = 037D83701D2E7D800063E17E /* NetRequest+Simple.m */; };
		037D838F1D2E7D800063E17E /* NetRequest+Special.m in Sources */ = {isa = PBXBuildFile; fileRef = 037D83721D2E7D800063E17E /* NetRequest+Special.m */; };
		037D83901D2E7D800063E17E /* NetRequest+UserDoing.m in Sources */ = {isa = PBXBuildFile; fileRef = 037D83741D2E7D800063E17E /* NetRequest+UserDoing.m */; };
		037D83911D2E7D800063E17E /* NetRequest+UserInfoRequst.m in Sources */ = {isa = PBXBuildFile; fileRef = 037D83761D2E7D800063E17E /* NetRequest+UserInfoRequst.m */; };
		037D83921D2E7D800063E17E /* MainPage.m in Sources */ = {isa = PBXBuildFile; fileRef = 037D83771D2E7D800063E17E /* MainPage.m */; };
		037D83931D2E7D800063E17E /* MainPageScroll.m in Sources */ = {isa = PBXBuildFile; fileRef = 037D837A1D2E7D800063E17E /* MainPageScroll.m */; };
		037D83941D2E7D800063E17E /* MAMAHeaderPage.m in Sources */ = {isa = PBXBuildFile; fileRef = 037D837C1D2E7D800063E17E /* MAMAHeaderPage.m */; };
		037D83951D2E7D800063E17E /* MAMATableViewControllers.m in Sources */ = {isa = PBXBuildFile; fileRef = 037D837E1D2E7D800063E17E /* MAMATableViewControllers.m */; };
		037D83961D2E7D800063E17E /* NSObject+FileWithBundle.m in Sources */ = {isa = PBXBuildFile; fileRef = 037D83801D2E7D800063E17E /* NSObject+FileWithBundle.m */; };
		037D83971D2E7D800063E17E /* UIBarButtonItem+CustomItem.m in Sources */ = {isa = PBXBuildFile; fileRef = 037D83821D2E7D800063E17E /* UIBarButtonItem+CustomItem.m */; };
		037D83981D2E7D800063E17E /* UIView+SetSize.m in Sources */ = {isa = PBXBuildFile; fileRef = 037D83841D2E7D800063E17E /* UIView+SetSize.m */; };
		037D83991D2E7D800063E17E /* XAlertViewHelper.m in Sources */ = {isa = PBXBuildFile; fileRef = 037D83861D2E7D800063E17E /* XAlertViewHelper.m */; };
		037D839A1D2E7D800063E17E /* XNavigationController.m in Sources */ = {isa = PBXBuildFile; fileRef = 037D83881D2E7D800063E17E /* XNavigationController.m */; };
		037D839B1D2E7D800063E17E /* XTabBar.m in Sources */ = {isa = PBXBuildFile; fileRef = 037D838A1D2E7D800063E17E /* XTabBar.m */; };
		037D839E1D2E7DA10063E17E /* NetRequest.m in Sources */ = {isa = PBXBuildFile; fileRef = 037D839D1D2E7DA10063E17E /* NetRequest.m */; };
		037D83A31D2E7DCF0063E17E /* XUtilityTools.m in Sources */ = {isa = PBXBuildFile; fileRef = 037D83A01D2E7DCF0063E17E /* XUtilityTools.m */; };
		037D83A41D2E7DCF0063E17E /* XStringUtils.m in Sources */ = {isa = PBXBuildFile; fileRef = 037D83A21D2E7DCF0063E17E /* XStringUtils.m */; };
		037D83AB1D2E845E0063E17E /* RootVC.m in Sources */ = {isa = PBXBuildFile; fileRef = 037D83AA1D2E845E0063E17E /* RootVC.m */; };
		037D83AE1D2E84A50063E17E /* MainPageVC.m in Sources */ = {isa = PBXBuildFile; fileRef = 037D83AD1D2E84A50063E17E /* MainPageVC.m */; };
		037D84071D2E9A8E0063E17E /* calender_F.png in Resources */ = {isa = PBXBuildFile; fileRef = 037D83B11D2E9A8E0063E17E /* calender_F.png */; };
		037D84081D2E9A8E0063E17E /* 打开更多.png in Resources */ = {isa = PBXBuildFile; fileRef = 037D83B21D2E9A8E0063E17E /* 打开更多.png */; };
		037D84091D2E9A8E0063E17E /* 乐活未选.png in Resources */ = {isa = PBXBuildFile; fileRef = 037D83B41D2E9A8E0063E17E /* 乐活未选.png */; };
		037D840A1D2E9A8E0063E17E /* 乐活选中.png in Resources */ = {isa = PBXBuildFile; fileRef = 037D83B51D2E9A8E0063E17E /* 乐活选中.png */; };
		037D840B1D2E9A8E0063E17E /* 书影音未选.png in Resources */ = {isa = PBXBuildFile; fileRef = 037D83B61D2E9A8E0063E17E /* 书影音未选.png */; };
		037D840C1D2E9A8E0063E17E /* 书影音选中.png in Resources */ = {isa = PBXBuildFile; fileRef = 037D83B71D2E9A8E0063E17E /* 书影音选中.png */; };
		037D840D1D2E9A8E0063E17E /* 娱乐圈未选.png in Resources */ = {isa = PBXBuildFile; fileRef = 037D83B81D2E9A8E0063E17E /* 娱乐圈未选.png */; };
		037D840E1D2E9A8E0063E17E /* 娱乐圈选中.png in Resources */ = {isa = PBXBuildFile; fileRef = 037D83B91D2E9A8E0063E17E /* 娱乐圈选中.png */; };
		037D840F1D2E9A8E0063E17E /* 情感未选.png in Resources */ = {isa = PBXBuildFile; fileRef = 037D83BA1D2E9A8E0063E17E /* 情感未选.png */; };
		037D84101D2E9A8E0063E17E /* 情感选中.png in Resources */ = {isa = PBXBuildFile; fileRef = 037D83BB1D2E9A8E0063E17E /* 情感选中.png */; };
		037D84111D2E9A8E0063E17E /* 搜索文章.png in Resources */ = {isa = PBXBuildFile; fileRef = 037D83BC1D2E9A8E0063E17E /* 搜索文章.png */; };
		037D84121D2E9A8E0063E17E /* 美妈未选.png in Resources */ = {isa = PBXBuildFile; fileRef = 037D83BD1D2E9A8E0063E17E /* 美妈未选.png */; };
		037D84131D2E9A8E0063E17E /* 美妈选中.png in Resources */ = {isa = PBXBuildFile; fileRef = 037D83BE1D2E9A8E0063E17E /* 美妈选中.png */; };
		037D84141D2E9A8E0063E17E /* 育儿未选.png in Resources */ = {isa = PBXBuildFile; fileRef = 037D83BF1D2E9A8E0063E17E /* 育儿未选.png */; };
		037D84151D2E9A8E0063E17E /* 育儿选中.png in Resources */ = {isa = PBXBuildFile; fileRef = 037D83C01D2E9A8E0063E17E /* 育儿选中.png */; };
		037D84161D2E9A8E0063E17E /* 浏览数.png in Resources */ = {isa = PBXBuildFile; fileRef = 037D83C21D2E9A8E0063E17E /* 浏览数.png */; };
		037D84171D2E9A8E0063E17E /* 个人中心垃圾桶.png in Resources */ = {isa = PBXBuildFile; fileRef = 037D83C41D2E9A8E0063E17E /* 个人中心垃圾桶.png */; };
		037D84181D2E9A8E0063E17E /* 个人中心更换照片图标.png in Resources */ = {isa = PBXBuildFile; fileRef = 037D83C51D2E9A8E0063E17E /* 个人中心更换照片图标.png */; };
		037D84191D2E9A8E0063E17E /* 个人中心背景墙2.png in Resources */ = {isa = PBXBuildFile; fileRef = 037D83C61D2E9A8E0063E17E /* 个人中心背景墙2.png */; };
		037D841A1D2E9A8E0063E17E /* 传书.png in Resources */ = {isa = PBXBuildFile; fileRef = 037D83C71D2E9A8E0063E17E /* 传书.png */; };
		037D841B1D2E9A8E0063E17E /* 收藏 (2).png in Resources */ = {isa = PBXBuildFile; fileRef = 037D83C81D2E9A8E0063E17E /* 收藏 (2).png */; };
		037D841C1D2E9A8E0063E17E /* 编辑.png in Resources */ = {isa = PBXBuildFile; fileRef = 037D83C91D2E9A8E0063E17E /* 编辑.png */; };
		037D841D1D2E9A8E0063E17E /* 设置.png in Resources */ = {isa = PBXBuildFile; fileRef = 037D83CA1D2E9A8E0063E17E /* 设置.png */; };
		037D841E1D2E9A8E0063E17E /* 传书已读.png in Resources */ = {isa = PBXBuildFile; fileRef = 037D83CB1D2E9A8E0063E17E /* 传书已读.png */; };
		037D841F1D2E9A8E0063E17E /* 传书未读.png in Resources */ = {isa = PBXBuildFile; fileRef = 037D83CC1D2E9A8E0063E17E /* 传书未读.png */; };
		037D84201D2E9A8E0063E17E /* QQ分享.png in Resources */ = {isa = PBXBuildFile; fileRef = 037D83CE1D2E9A8E0063E17E /* QQ分享.png */; };
		037D84211D2E9A8E0063E17E /* 复制链接.png in Resources */ = {isa = PBXBuildFile; fileRef = 037D83CF1D2E9A8E0063E17E /* 复制链接.png */; };
		037D84221D2E9A8E0063E17E /* 微信分享.png in Resources */ = {isa = PBXBuildFile; fileRef = 037D83D01D2E9A8E0063E17E /* 微信分享.png */; };
		037D84231D2E9A8E0063E17E /* 微博分享.png in Resources */ = {isa = PBXBuildFile; fileRef = 037D83D11D2E9A8E0063E17E /* 微博分享.png */; };
		037D84241D2E9A8E0063E17E /* 朋友圈分享.png in Resources */ = {isa = PBXBuildFile; fileRef = 037D83D21D2E9A8E0063E17E /* 朋友圈分享.png */; };
		037D84251D2E9A8E0063E17E /* 空间分享.png in Resources */ = {isa = PBXBuildFile; fileRef = 037D83D31D2E9A8E0063E17E /* 空间分享.png */; };
		037D84261D2E9A8E0063E17E /* 1.png in Resources */ = {isa = PBXBuildFile; fileRef = 037D83D51D2E9A8E0063E17E /* 1.png */; };
		037D84271D2E9A8E0063E17E /* 10.png in Resources */ = {isa = PBXBuildFile; fileRef = 037D83D61D2E9A8E0063E17E /* 10.png */; };
		037D84281D2E9A8E0063E17E /* 11.png in Resources */ = {isa = PBXBuildFile; fileRef = 037D83D71D2E9A8E0063E17E /* 11.png */; };
		037D84291D2E9A8E0063E17E /* 12.png in Resources */ = {isa = PBXBuildFile; fileRef = 037D83D81D2E9A8E0063E17E /* 12.png */; };
		037D842A1D2E9A8E0063E17E /* 13.png in Resources */ = {isa = PBXBuildFile; fileRef = 037D83D91D2E9A8E0063E17E /* 13.png */; };
		037D842B1D2E9A8E0063E17E /* 14.png in Resources */ = {isa = PBXBuildFile; fileRef = 037D83DA1D2E9A8E0063E17E /* 14.png */; };
		037D842C1D2E9A8E0063E17E /* 15.png in Resources */ = {isa = PBXBuildFile; fileRef = 037D83DB1D2E9A8E0063E17E /* 15.png */; };
		037D842D1D2E9A8E0063E17E /* 16.png in Resources */ = {isa = PBXBuildFile; fileRef = 037D83DC1D2E9A8E0063E17E /* 16.png */; };
		037D842E1D2E9A8E0063E17E /* 2.png in Resources */ = {isa = PBXBuildFile; fileRef = 037D83DD1D2E9A8E0063E17E /* 2.png */; };
		037D842F1D2E9A8E0063E17E /* 3.png in Resources */ = {isa = PBXBuildFile; fileRef = 037D83DE1D2E9A8E0063E17E /* 3.png */; };
		037D84301D2E9A8E0063E17E /* 4.png in Resources */ = {isa = PBXBuildFile; fileRef = 037D83DF1D2E9A8E0063E17E /* 4.png */; };
		037D84311D2E9A8E0063E17E /* 5.png in Resources */ = {isa = PBXBuildFile; fileRef = 037D83E01D2E9A8E0063E17E /* 5.png */; };
		037D84321D2E9A8E0063E17E /* 6.png in Resources */ = {isa = PBXBuildFile; fileRef = 037D83E11D2E9A8E0063E17E /* 6.png */; };
		037D84331D2E9A8E0063E17E /* 7.png in Resources */ = {isa = PBXBuildFile; fileRef = 037D83E21D2E9A8E0063E17E /* 7.png */; };
		037D84341D2E9A8E0063E17E /* 8.png in Resources */ = {isa = PBXBuildFile; fileRef = 037D83E31D2E9A8E0063E17E /* 8.png */; };
		037D84351D2E9A8E0063E17E /* 9.png in Resources */ = {isa = PBXBuildFile; fileRef = 037D83E41D2E9A8E0063E17E /* 9.png */; };
		037D84361D2E9A8E0063E17E /* 29.png in Resources */ = {isa = PBXBuildFile; fileRef = 037D83E61D2E9A8E0063E17E /* 29.png */; };
		037D84371D2E9A8E0063E17E /* 29@2x.png in Resources */ = {isa = PBXBuildFile; fileRef = 037D83E71D2E9A8E0063E17E /* 29@2x.png */; };
		037D84381D2E9A8E0063E17E /* 29@3x.png in Resources */ = {isa = PBXBuildFile; fileRef = 037D83E81D2E9A8E0063E17E /* 29@3x.png */; };
		037D84391D2E9A8E0063E17E /* 40.png in Resources */ = {isa = PBXBuildFile; fileRef = 037D83E91D2E9A8E0063E17E /* 40.png */; };
		037D843A1D2E9A8E0063E17E /* 40@2x.png in Resources */ = {isa = PBXBuildFile; fileRef = 037D83EA1D2E9A8E0063E17E /* 40@2x.png */; };
		037D843B1D2E9A8E0063E17E /* 40@3x.png in Resources */ = {isa = PBXBuildFile; fileRef = 037D83EB1D2E9A8E0063E17E /* 40@3x.png */; };
		037D843C1D2E9A8E0063E17E /* 60.png in Resources */ = {isa = PBXBuildFile; fileRef = 037D83EC1D2E9A8E0063E17E /* 60.png */; };
		037D843D1D2E9A8E0063E17E /* 60@2x.png in Resources */ = {isa = PBXBuildFile; fileRef = 037D83ED1D2E9A8E0063E17E /* 60@2x.png */; };
		037D843E1D2E9A8E0063E17E /* 60@3x.png in Resources */ = {isa = PBXBuildFile; fileRef = 037D83EE1D2E9A8E0063E17E /* 60@3x.png */; };
		037D843F1D2E9A8E0063E17E /* default1@2x.png in Resources */ = {isa = PBXBuildFile; fileRef = 037D83EF1D2E9A8E0063E17E /* default1@2x.png */; };
		037D84401D2E9A8E0063E17E /* default2@2x.png in Resources */ = {isa = PBXBuildFile; fileRef = 037D83F01D2E9A8E0063E17E /* default2@2x.png */; };
		037D84411D2E9A8E0063E17E /* default@2x.png in Resources */ = {isa = PBXBuildFile; fileRef = 037D83F11D2E9A8E0063E17E /* default@2x.png */; };
		037D84421D2E9A8E0063E17E /* 文章评论页-书写-图标.png in Resources */ = {isa = PBXBuildFile; fileRef = 037D83F31D2E9A8E0063E17E /* 文章评论页-书写-图标.png */; };
		037D84431D2E9A8E0063E17E /* 分享.png in Resources */ = {isa = PBXBuildFile; fileRef = 037D83F51D2E9A8E0063E17E /* 分享.png */; };
		037D84441D2E9A8E0063E17E /* 收藏未选.png in Resources */ = {isa = PBXBuildFile; fileRef = 037D83F61D2E9A8E0063E17E /* 收藏未选.png */; };
		037D84451D2E9A8E0063E17E /* 收藏选中.png in Resources */ = {isa = PBXBuildFile; fileRef = 037D83F71D2E9A8E0063E17E /* 收藏选中.png */; };
		037D84461D2E9A8E0063E17E /* 更多.png in Resources */ = {isa = PBXBuildFile; fileRef = 037D83F81D2E9A8E0063E17E /* 更多.png */; };
		037D84471D2E9A8E0063E17E /* 评论数.png in Resources */ = {isa = PBXBuildFile; fileRef = 037D83F91D2E9A8E0063E17E /* 评论数.png */; };
		037D84481D2E9A8E0063E17E /* 赞.png in Resources */ = {isa = PBXBuildFile; fileRef = 037D83FA1D2E9A8E0063E17E /* 赞.png */; };
		037D84491D2E9A8E0063E17E /* 赞未选.png in Resources */ = {isa = PBXBuildFile; fileRef = 037D83FB1D2E9A8E0063E17E /* 赞未选.png */; };
		037D844A1D2E9A8E0063E17E /* QQ登录.png in Resources */ = {isa = PBXBuildFile; fileRef = 037D83FD1D2E9A8E0063E17E /* QQ登录.png */; };
		037D844B1D2E9A8E0063E17E /* 微信登录.png in Resources */ = {isa = PBXBuildFile; fileRef = 037D83FE1D2E9A8E0063E17E /* 微信登录.png */; };
		037D844C1D2E9A8E0063E17E /* 登录页MAMA-LOGO.png in Resources */ = {isa = PBXBuildFile; fileRef = 037D83FF1D2E9A8E0063E17E /* 登录页MAMA-LOGO.png */; };
		037D844D1D2E9A8E0063E17E /* 登录页MAMA-LOGO加大.png in Resources */ = {isa = PBXBuildFile; fileRef = 037D84001D2E9A8E0063E17E /* 登录页MAMA-LOGO加大.png */; };
		037D844E1D2E9A8E0063E17E /* 登录页关闭按钮.png in Resources */ = {isa = PBXBuildFile; fileRef = 037D84011D2E9A8E0063E17E /* 登录页关闭按钮.png */; };
		037D844F1D2E9A8E0063E17E /* 登录页背景.png in Resources */ = {isa = PBXBuildFile; fileRef = 037D84021D2E9A8E0063E17E /* 登录页背景.png */; };
		037D84501D2E9A8E0063E17E /* 白色返回.png in Resources */ = {isa = PBXBuildFile; fileRef = 037D84031D2E9A8E0063E17E /* 白色返回.png */; };
		037D84511D2E9A8E0063E17E /* 读取图片图.png in Resources */ = {isa = PBXBuildFile; fileRef = 037D84041D2E9A8E0063E17E /* 读取图片图.png */; };
		037D84521D2E9A8E0063E17E /* 返回顶部.png in Resources */ = {isa = PBXBuildFile; fileRef = 037D84051D2E9A8E0063E17E /* 返回顶部.png */; };
		037D84531D2E9A8E0063E17E /* 黑色返回.png in Resources */ = {isa = PBXBuildFile; fileRef = 037D84061D2E9A8E0063E17E /* 黑色返回.png */; };
		037D84551D2E9D150063E17E /* asd.png in Resources */ = {isa = PBXBuildFile; fileRef = 037D84541D2E9D150063E17E /* asd.png */; };
		03E8E2A11D2FFB89004D304A /* ArticleListTableViewCell.m in Sources */ = {isa = PBXBuildFile; fileRef = 03E8E2A01D2FFB89004D304A /* ArticleListTableViewCell.m */; };
		03F273701D332CE3003E9C47 /* ArticleCateListCell.m in Sources */ = {isa = PBXBuildFile; fileRef = 03F2736F1D332CE3003E9C47 /* ArticleCateListCell.m */; };
		03F273731D332D33003E9C47 /* ArticleCateListView.m in Sources */ = {isa = PBXBuildFile; fileRef = 03F273721D332D33003E9C47 /* ArticleCateListView.m */; };
		03F59FDB1D30DEB10000D9C9 /* ArticleAssistBar.m in Sources */ = {isa = PBXBuildFile; fileRef = 03F59FDA1D30DEB10000D9C9 /* ArticleAssistBar.m */; };
		03F59FDE1D30F64D0000D9C9 /* ArticleAssistButton.m in Sources */ = {isa = PBXBuildFile; fileRef = 03F59FDD1D30F64D0000D9C9 /* ArticleAssistButton.m */; };
		0E1177BD2314AFA585FDDC71 /* libPods-TongHuo.a in Frameworks */ = {isa = PBXBuildFile; fileRef = DAF34D4EFFD6BD827639F124 /* libPods-TongHuo.a */; };
/* End PBXBuildFile section */

/* Begin PBXFileReference section */
		0307A7A41D2F7B5F00DC2B81 /* LeftSideView.h */ = {isa = PBXFileReference; fileEncoding = 4; lastKnownFileType = sourcecode.c.h; name = LeftSideView.h; path = ../MainPageVC/LeftSideView.h; sourceTree = "<group>"; };
		0307A7A51D2F7B5F00DC2B81 /* LeftSideView.m */ = {isa = PBXFileReference; fileEncoding = 4; lastKnownFileType = sourcecode.c.objc; name = LeftSideView.m; path = ../MainPageVC/LeftSideView.m; sourceTree = "<group>"; };
		0307A7A71D2F7B8000DC2B81 /* ShadowView.h */ = {isa = PBXFileReference; fileEncoding = 4; lastKnownFileType = sourcecode.c.h; path = ShadowView.h; sourceTree = "<group>"; };
		0307A7A81D2F7B8000DC2B81 /* ShadowView.m */ = {isa = PBXFileReference; fileEncoding = 4; lastKnownFileType = sourcecode.c.objc; path = ShadowView.m; sourceTree = "<group>"; };
		0307A7AA1D2F94B500DC2B81 /* LeftSideCell.h */ = {isa = PBXFileReference; fileEncoding = 4; lastKnownFileType = sourcecode.c.h; name = LeftSideCell.h; path = ../MainPageVC/LeftSideCell.h; sourceTree = "<group>"; };
		0307A7AB1D2F94B500DC2B81 /* LeftSideCell.m */ = {isa = PBXFileReference; fileEncoding = 4; lastKnownFileType = sourcecode.c.objc; name = LeftSideCell.m; path = ../MainPageVC/LeftSideCell.m; sourceTree = "<group>"; };
		0307A7AE1D2F9E3300DC2B81 /* FoundationVC.h */ = {isa = PBXFileReference; fileEncoding = 4; lastKnownFileType = sourcecode.c.h; path = FoundationVC.h; sourceTree = "<group>"; };
		0307A7AF1D2F9E3300DC2B81 /* FoundationVC.m */ = {isa = PBXFileReference; fileEncoding = 4; lastKnownFileType = sourcecode.c.objc; path = FoundationVC.m; sourceTree = "<group>"; };
		0307A7B41D2FC18600DC2B81 /* ModelVCSimple.h */ = {isa = PBXFileReference; fileEncoding = 4; lastKnownFileType = sourcecode.c.h; path = ModelVCSimple.h; sourceTree = "<group>"; };
		0307A7B51D2FC18600DC2B81 /* ModelVCSimple.m */ = {isa = PBXFileReference; fileEncoding = 4; lastKnownFileType = sourcecode.c.objc; path = ModelVCSimple.m; sourceTree = "<group>"; };
		0307A7B71D2FC1BA00DC2B81 /* ModelVCClassed.h */ = {isa = PBXFileReference; fileEncoding = 4; lastKnownFileType = sourcecode.c.h; path = ModelVCClassed.h; sourceTree = "<group>"; };
		0307A7B81D2FC1BA00DC2B81 /* ModelVCClassed.m */ = {isa = PBXFileReference; fileEncoding = 4; lastKnownFileType = sourcecode.c.objc; path = ModelVCClassed.m; sourceTree = "<group>"; };
		030EF0CF1D3233CB0034BDD0 /* ArticleListModle.h */ = {isa = PBXFileReference; fileEncoding = 4; lastKnownFileType = sourcecode.c.h; path = ArticleListModle.h; sourceTree = "<group>"; };
		030EF0D01D3233CB0034BDD0 /* ArticleListModle.m */ = {isa = PBXFileReference; fileEncoding = 4; lastKnownFileType = sourcecode.c.objc; path = ArticleListModle.m; sourceTree = "<group>"; };
		030EF0D21D3237B90034BDD0 /* NetRequest+Prepare_Fro.h */ = {isa = PBXFileReference; fileEncoding = 4; lastKnownFileType = sourcecode.c.h; path = "NetRequest+Prepare_Fro.h"; sourceTree = "<group>"; };
		030EF0D31D3237B90034BDD0 /* NetRequest+Prepare_Fro.m */ = {isa = PBXFileReference; fileEncoding = 4; lastKnownFileType = sourcecode.c.objc; path = "NetRequest+Prepare_Fro.m"; sourceTree = "<group>"; };
		037D834A1D2E7B9E0063E17E /* TongHuo.app */ = {isa = PBXFileReference; explicitFileType = wrapper.application; includeInIndex = 0; path = TongHuo.app; sourceTree = BUILT_PRODUCTS_DIR; };
		037D834E1D2E7B9E0063E17E /* main.m */ = {isa = PBXFileReference; lastKnownFileType = sourcecode.c.objc; path = main.m; sourceTree = "<group>"; };
		037D83501D2E7B9E0063E17E /* AppDelegate.h */ = {isa = PBXFileReference; lastKnownFileType = sourcecode.c.h; path = AppDelegate.h; sourceTree = "<group>"; };
		037D83511D2E7B9E0063E17E /* AppDelegate.m */ = {isa = PBXFileReference; lastKnownFileType = sourcecode.c.objc; path = AppDelegate.m; sourceTree = "<group>"; };
		037D83531D2E7B9E0063E17E /* ViewController.h */ = {isa = PBXFileReference; lastKnownFileType = sourcecode.c.h; path = ViewController.h; sourceTree = "<group>"; };
		037D83541D2E7B9E0063E17E /* ViewController.m */ = {isa = PBXFileReference; lastKnownFileType = sourcecode.c.objc; path = ViewController.m; sourceTree = "<group>"; };
		037D83571D2E7B9E0063E17E /* Base */ = {isa = PBXFileReference; lastKnownFileType = file.storyboard; name = Base; path = Base.lproj/Main.storyboard; sourceTree = "<group>"; };
		037D835A1D2E7B9E0063E17E /* TongHuo.xcdatamodel */ = {isa = PBXFileReference; lastKnownFileType = wrapper.xcdatamodel; path = TongHuo.xcdatamodel; sourceTree = "<group>"; };
		037D835C1D2E7B9E0063E17E /* Assets.xcassets */ = {isa = PBXFileReference; lastKnownFileType = folder.assetcatalog; path = Assets.xcassets; sourceTree = "<group>"; };
		037D835F1D2E7B9E0063E17E /* Base */ = {isa = PBXFileReference; lastKnownFileType = file.storyboard; name = Base; path = Base.lproj/LaunchScreen.storyboard; sourceTree = "<group>"; };
		037D83611D2E7B9E0063E17E /* Info.plist */ = {isa = PBXFileReference; lastKnownFileType = text.plist.xml; path = Info.plist; sourceTree = "<group>"; };
		037D83671D2E7C620063E17E /* PrefixHeader.pch */ = {isa = PBXFileReference; fileEncoding = 4; lastKnownFileType = sourcecode.c.h; path = PrefixHeader.pch; sourceTree = "<group>"; };
		037D83691D2E7D800063E17E /* NetRequest+Article.h */ = {isa = PBXFileReference; fileEncoding = 4; lastKnownFileType = sourcecode.c.h; path = "NetRequest+Article.h"; sourceTree = "<group>"; };
		037D836A1D2E7D800063E17E /* NetRequest+Article.m */ = {isa = PBXFileReference; fileEncoding = 4; lastKnownFileType = sourcecode.c.objc; path = "NetRequest+Article.m"; sourceTree = "<group>"; };
		037D836B1D2E7D800063E17E /* NetRequest+DailyFavourites.h */ = {isa = PBXFileReference; fileEncoding = 4; lastKnownFileType = sourcecode.c.h; path = "NetRequest+DailyFavourites.h"; sourceTree = "<group>"; };
		037D836C1D2E7D800063E17E /* NetRequest+DailyFavourites.m */ = {isa = PBXFileReference; fileEncoding = 4; lastKnownFileType = sourcecode.c.objc; path = "NetRequest+DailyFavourites.m"; sourceTree = "<group>"; };
		037D836D1D2E7D800063E17E /* NetRequest+Region.h */ = {isa = PBXFileReference; fileEncoding = 4; lastKnownFileType = sourcecode.c.h; path = "NetRequest+Region.h"; sourceTree = "<group>"; };
		037D836E1D2E7D800063E17E /* NetRequest+Region.m */ = {isa = PBXFileReference; fileEncoding = 4; lastKnownFileType = sourcecode.c.objc; path = "NetRequest+Region.m"; sourceTree = "<group>"; };
		037D836F1D2E7D800063E17E /* NetRequest+Simple.h */ = {isa = PBXFileReference; fileEncoding = 4; lastKnownFileType = sourcecode.c.h; path = "NetRequest+Simple.h"; sourceTree = "<group>"; };
		037D83701D2E7D800063E17E /* NetRequest+Simple.m */ = {isa = PBXFileReference; fileEncoding = 4; lastKnownFileType = sourcecode.c.objc; path = "NetRequest+Simple.m"; sourceTree = "<group>"; };
		037D83711D2E7D800063E17E /* NetRequest+Special.h */ = {isa = PBXFileReference; fileEncoding = 4; lastKnownFileType = sourcecode.c.h; path = "NetRequest+Special.h"; sourceTree = "<group>"; };
		037D83721D2E7D800063E17E /* NetRequest+Special.m */ = {isa = PBXFileReference; fileEncoding = 4; lastKnownFileType = sourcecode.c.objc; path = "NetRequest+Special.m"; sourceTree = "<group>"; };
		037D83731D2E7D800063E17E /* NetRequest+UserDoing.h */ = {isa = PBXFileReference; fileEncoding = 4; lastKnownFileType = sourcecode.c.h; path = "NetRequest+UserDoing.h"; sourceTree = "<group>"; };
		037D83741D2E7D800063E17E /* NetRequest+UserDoing.m */ = {isa = PBXFileReference; fileEncoding = 4; lastKnownFileType = sourcecode.c.objc; path = "NetRequest+UserDoing.m"; sourceTree = "<group>"; };
		037D83751D2E7D800063E17E /* NetRequest+UserInfoRequst.h */ = {isa = PBXFileReference; fileEncoding = 4; lastKnownFileType = sourcecode.c.h; path = "NetRequest+UserInfoRequst.h"; sourceTree = "<group>"; };
		037D83761D2E7D800063E17E /* NetRequest+UserInfoRequst.m */ = {isa = PBXFileReference; fileEncoding = 4; lastKnownFileType = sourcecode.c.objc; path = "NetRequest+UserInfoRequst.m"; sourceTree = "<group>"; };
		037D83771D2E7D800063E17E /* MainPage.m */ = {isa = PBXFileReference; fileEncoding = 4; lastKnownFileType = sourcecode.c.objc; path = MainPage.m; sourceTree = "<group>"; };
		037D83781D2E7D800063E17E /* MainPage.h */ = {isa = PBXFileReference; fileEncoding = 4; lastKnownFileType = sourcecode.c.h; path = MainPage.h; sourceTree = "<group>"; };
		037D83791D2E7D800063E17E /* MainPageScroll.h */ = {isa = PBXFileReference; fileEncoding = 4; lastKnownFileType = sourcecode.c.h; path = MainPageScroll.h; sourceTree = "<group>"; };
		037D837A1D2E7D800063E17E /* MainPageScroll.m */ = {isa = PBXFileReference; fileEncoding = 4; lastKnownFileType = sourcecode.c.objc; path = MainPageScroll.m; sourceTree = "<group>"; };
		037D837B1D2E7D800063E17E /* MAMAHeaderPage.h */ = {isa = PBXFileReference; fileEncoding = 4; lastKnownFileType = sourcecode.c.h; path = MAMAHeaderPage.h; sourceTree = "<group>"; };
		037D837C1D2E7D800063E17E /* MAMAHeaderPage.m */ = {isa = PBXFileReference; fileEncoding = 4; lastKnownFileType = sourcecode.c.objc; path = MAMAHeaderPage.m; sourceTree = "<group>"; };
		037D837D1D2E7D800063E17E /* MAMATableViewControllers.h */ = {isa = PBXFileReference; fileEncoding = 4; lastKnownFileType = sourcecode.c.h; path = MAMATableViewControllers.h; sourceTree = "<group>"; };
		037D837E1D2E7D800063E17E /* MAMATableViewControllers.m */ = {isa = PBXFileReference; fileEncoding = 4; lastKnownFileType = sourcecode.c.objc; path = MAMATableViewControllers.m; sourceTree = "<group>"; };
		037D837F1D2E7D800063E17E /* NSObject+FileWithBundle.h */ = {isa = PBXFileReference; fileEncoding = 4; lastKnownFileType = sourcecode.c.h; path = "NSObject+FileWithBundle.h"; sourceTree = "<group>"; };
		037D83801D2E7D800063E17E /* NSObject+FileWithBundle.m */ = {isa = PBXFileReference; fileEncoding = 4; lastKnownFileType = sourcecode.c.objc; path = "NSObject+FileWithBundle.m"; sourceTree = "<group>"; };
		037D83811D2E7D800063E17E /* UIBarButtonItem+CustomItem.h */ = {isa = PBXFileReference; fileEncoding = 4; lastKnownFileType = sourcecode.c.h; path = "UIBarButtonItem+CustomItem.h"; sourceTree = "<group>"; };
		037D83821D2E7D800063E17E /* UIBarButtonItem+CustomItem.m */ = {isa = PBXFileReference; fileEncoding = 4; lastKnownFileType = sourcecode.c.objc; path = "UIBarButtonItem+CustomItem.m"; sourceTree = "<group>"; };
		037D83831D2E7D800063E17E /* UIView+SetSize.h */ = {isa = PBXFileReference; fileEncoding = 4; lastKnownFileType = sourcecode.c.h; path = "UIView+SetSize.h"; sourceTree = "<group>"; };
		037D83841D2E7D800063E17E /* UIView+SetSize.m */ = {isa = PBXFileReference; fileEncoding = 4; lastKnownFileType = sourcecode.c.objc; path = "UIView+SetSize.m"; sourceTree = "<group>"; };
		037D83851D2E7D800063E17E /* XAlertViewHelper.h */ = {isa = PBXFileReference; fileEncoding = 4; lastKnownFileType = sourcecode.c.h; path = XAlertViewHelper.h; sourceTree = "<group>"; };
		037D83861D2E7D800063E17E /* XAlertViewHelper.m */ = {isa = PBXFileReference; fileEncoding = 4; lastKnownFileType = sourcecode.c.objc; path = XAlertViewHelper.m; sourceTree = "<group>"; };
		037D83871D2E7D800063E17E /* XNavigationController.h */ = {isa = PBXFileReference; fileEncoding = 4; lastKnownFileType = sourcecode.c.h; path = XNavigationController.h; sourceTree = "<group>"; };
		037D83881D2E7D800063E17E /* XNavigationController.m */ = {isa = PBXFileReference; fileEncoding = 4; lastKnownFileType = sourcecode.c.objc; path = XNavigationController.m; sourceTree = "<group>"; };
		037D83891D2E7D800063E17E /* XTabBar.h */ = {isa = PBXFileReference; fileEncoding = 4; lastKnownFileType = sourcecode.c.h; path = XTabBar.h; sourceTree = "<group>"; };
		037D838A1D2E7D800063E17E /* XTabBar.m */ = {isa = PBXFileReference; fileEncoding = 4; lastKnownFileType = sourcecode.c.objc; path = XTabBar.m; sourceTree = "<group>"; };
		037D839C1D2E7DA10063E17E /* NetRequest.h */ = {isa = PBXFileReference; fileEncoding = 4; lastKnownFileType = sourcecode.c.h; path = NetRequest.h; sourceTree = "<group>"; };
		037D839D1D2E7DA10063E17E /* NetRequest.m */ = {isa = PBXFileReference; fileEncoding = 4; lastKnownFileType = sourcecode.c.objc; path = NetRequest.m; sourceTree = "<group>"; };
		037D839F1D2E7DCF0063E17E /* XUtilityTools.h */ = {isa = PBXFileReference; fileEncoding = 4; lastKnownFileType = sourcecode.c.h; path = XUtilityTools.h; sourceTree = "<group>"; };
		037D83A01D2E7DCF0063E17E /* XUtilityTools.m */ = {isa = PBXFileReference; fileEncoding = 4; lastKnownFileType = sourcecode.c.objc; path = XUtilityTools.m; sourceTree = "<group>"; };
		037D83A11D2E7DCF0063E17E /* XStringUtils.h */ = {isa = PBXFileReference; fileEncoding = 4; lastKnownFileType = sourcecode.c.h; path = XStringUtils.h; sourceTree = "<group>"; };
		037D83A21D2E7DCF0063E17E /* XStringUtils.m */ = {isa = PBXFileReference; fileEncoding = 4; lastKnownFileType = sourcecode.c.objc; path = XStringUtils.m; sourceTree = "<group>"; };
		037D83A51D2E7DDE0063E17E /* APIConfig.h */ = {isa = PBXFileReference; fileEncoding = 4; lastKnownFileType = sourcecode.c.h; path = APIConfig.h; sourceTree = "<group>"; };
		037D83A91D2E845E0063E17E /* RootVC.h */ = {isa = PBXFileReference; fileEncoding = 4; lastKnownFileType = sourcecode.c.h; path = RootVC.h; sourceTree = "<group>"; };
		037D83AA1D2E845E0063E17E /* RootVC.m */ = {isa = PBXFileReference; fileEncoding = 4; lastKnownFileType = sourcecode.c.objc; path = RootVC.m; sourceTree = "<group>"; };
		037D83AC1D2E84A50063E17E /* MainPageVC.h */ = {isa = PBXFileReference; fileEncoding = 4; lastKnownFileType = sourcecode.c.h; path = MainPageVC.h; sourceTree = "<group>"; };
		037D83AD1D2E84A50063E17E /* MainPageVC.m */ = {isa = PBXFileReference; fileEncoding = 4; lastKnownFileType = sourcecode.c.objc; path = MainPageVC.m; sourceTree = "<group>"; };
		037D83B11D2E9A8E0063E17E /* calender_F.png */ = {isa = PBXFileReference; lastKnownFileType = image.png; path = calender_F.png; sourceTree = "<group>"; };
		037D83B21D2E9A8E0063E17E /* 打开更多.png */ = {isa = PBXFileReference; lastKnownFileType = image.png; path = "打开更多.png"; sourceTree = "<group>"; };
		037D83B41D2E9A8E0063E17E /* 乐活未选.png */ = {isa = PBXFileReference; lastKnownFileType = image.png; path = "乐活未选.png"; sourceTree = "<group>"; };
		037D83B51D2E9A8E0063E17E /* 乐活选中.png */ = {isa = PBXFileReference; lastKnownFileType = image.png; path = "乐活选中.png"; sourceTree = "<group>"; };
		037D83B61D2E9A8E0063E17E /* 书影音未选.png */ = {isa = PBXFileReference; lastKnownFileType = image.png; path = "书影音未选.png"; sourceTree = "<group>"; };
		037D83B71D2E9A8E0063E17E /* 书影音选中.png */ = {isa = PBXFileReference; lastKnownFileType = image.png; path = "书影音选中.png"; sourceTree = "<group>"; };
		037D83B81D2E9A8E0063E17E /* 娱乐圈未选.png */ = {isa = PBXFileReference; lastKnownFileType = image.png; path = "娱乐圈未选.png"; sourceTree = "<group>"; };
		037D83B91D2E9A8E0063E17E /* 娱乐圈选中.png */ = {isa = PBXFileReference; lastKnownFileType = image.png; path = "娱乐圈选中.png"; sourceTree = "<group>"; };
		037D83BA1D2E9A8E0063E17E /* 情感未选.png */ = {isa = PBXFileReference; lastKnownFileType = image.png; path = "情感未选.png"; sourceTree = "<group>"; };
		037D83BB1D2E9A8E0063E17E /* 情感选中.png */ = {isa = PBXFileReference; lastKnownFileType = image.png; path = "情感选中.png"; sourceTree = "<group>"; };
		037D83BC1D2E9A8E0063E17E /* 搜索文章.png */ = {isa = PBXFileReference; lastKnownFileType = image.png; path = "搜索文章.png"; sourceTree = "<group>"; };
		037D83BD1D2E9A8E0063E17E /* 美妈未选.png */ = {isa = PBXFileReference; lastKnownFileType = image.png; path = "美妈未选.png"; sourceTree = "<group>"; };
		037D83BE1D2E9A8E0063E17E /* 美妈选中.png */ = {isa = PBXFileReference; lastKnownFileType = image.png; path = "美妈选中.png"; sourceTree = "<group>"; };
		037D83BF1D2E9A8E0063E17E /* 育儿未选.png */ = {isa = PBXFileReference; lastKnownFileType = image.png; path = "育儿未选.png"; sourceTree = "<group>"; };
		037D83C01D2E9A8E0063E17E /* 育儿选中.png */ = {isa = PBXFileReference; lastKnownFileType = image.png; path = "育儿选中.png"; sourceTree = "<group>"; };
		037D83C21D2E9A8E0063E17E /* 浏览数.png */ = {isa = PBXFileReference; lastKnownFileType = image.png; path = "浏览数.png"; sourceTree = "<group>"; };
		037D83C41D2E9A8E0063E17E /* 个人中心垃圾桶.png */ = {isa = PBXFileReference; lastKnownFileType = image.png; path = "个人中心垃圾桶.png"; sourceTree = "<group>"; };
		037D83C51D2E9A8E0063E17E /* 个人中心更换照片图标.png */ = {isa = PBXFileReference; lastKnownFileType = image.png; path = "个人中心更换照片图标.png"; sourceTree = "<group>"; };
		037D83C61D2E9A8E0063E17E /* 个人中心背景墙2.png */ = {isa = PBXFileReference; lastKnownFileType = image.png; path = "个人中心背景墙2.png"; sourceTree = "<group>"; };
		037D83C71D2E9A8E0063E17E /* 传书.png */ = {isa = PBXFileReference; lastKnownFileType = image.png; path = "传书.png"; sourceTree = "<group>"; };
		037D83C81D2E9A8E0063E17E /* 收藏 (2).png */ = {isa = PBXFileReference; lastKnownFileType = image.png; path = "收藏 (2).png"; sourceTree = "<group>"; };
		037D83C91D2E9A8E0063E17E /* 编辑.png */ = {isa = PBXFileReference; lastKnownFileType = image.png; path = "编辑.png"; sourceTree = "<group>"; };
		037D83CA1D2E9A8E0063E17E /* 设置.png */ = {isa = PBXFileReference; lastKnownFileType = image.png; path = "设置.png"; sourceTree = "<group>"; };
		037D83CB1D2E9A8E0063E17E /* 传书已读.png */ = {isa = PBXFileReference; lastKnownFileType = image.png; path = "传书已读.png"; sourceTree = "<group>"; };
		037D83CC1D2E9A8E0063E17E /* 传书未读.png */ = {isa = PBXFileReference; lastKnownFileType = image.png; path = "传书未读.png"; sourceTree = "<group>"; };
		037D83CE1D2E9A8E0063E17E /* QQ分享.png */ = {isa = PBXFileReference; lastKnownFileType = image.png; path = "QQ分享.png"; sourceTree = "<group>"; };
		037D83CF1D2E9A8E0063E17E /* 复制链接.png */ = {isa = PBXFileReference; lastKnownFileType = image.png; path = "复制链接.png"; sourceTree = "<group>"; };
		037D83D01D2E9A8E0063E17E /* 微信分享.png */ = {isa = PBXFileReference; lastKnownFileType = image.png; path = "微信分享.png"; sourceTree = "<group>"; };
		037D83D11D2E9A8E0063E17E /* 微博分享.png */ = {isa = PBXFileReference; lastKnownFileType = image.png; path = "微博分享.png"; sourceTree = "<group>"; };
		037D83D21D2E9A8E0063E17E /* 朋友圈分享.png */ = {isa = PBXFileReference; lastKnownFileType = image.png; path = "朋友圈分享.png"; sourceTree = "<group>"; };
		037D83D31D2E9A8E0063E17E /* 空间分享.png */ = {isa = PBXFileReference; lastKnownFileType = image.png; path = "空间分享.png"; sourceTree = "<group>"; };
		037D83D51D2E9A8E0063E17E /* 1.png */ = {isa = PBXFileReference; lastKnownFileType = image.png; path = 1.png; sourceTree = "<group>"; };
		037D83D61D2E9A8E0063E17E /* 10.png */ = {isa = PBXFileReference; lastKnownFileType = image.png; path = 10.png; sourceTree = "<group>"; };
		037D83D71D2E9A8E0063E17E /* 11.png */ = {isa = PBXFileReference; lastKnownFileType = image.png; path = 11.png; sourceTree = "<group>"; };
		037D83D81D2E9A8E0063E17E /* 12.png */ = {isa = PBXFileReference; lastKnownFileType = image.png; path = 12.png; sourceTree = "<group>"; };
		037D83D91D2E9A8E0063E17E /* 13.png */ = {isa = PBXFileReference; lastKnownFileType = image.png; path = 13.png; sourceTree = "<group>"; };
		037D83DA1D2E9A8E0063E17E /* 14.png */ = {isa = PBXFileReference; lastKnownFileType = image.png; path = 14.png; sourceTree = "<group>"; };
		037D83DB1D2E9A8E0063E17E /* 15.png */ = {isa = PBXFileReference; lastKnownFileType = image.png; path = 15.png; sourceTree = "<group>"; };
		037D83DC1D2E9A8E0063E17E /* 16.png */ = {isa = PBXFileReference; lastKnownFileType = image.png; path = 16.png; sourceTree = "<group>"; };
		037D83DD1D2E9A8E0063E17E /* 2.png */ = {isa = PBXFileReference; lastKnownFileType = image.png; path = 2.png; sourceTree = "<group>"; };
		037D83DE1D2E9A8E0063E17E /* 3.png */ = {isa = PBXFileReference; lastKnownFileType = image.png; path = 3.png; sourceTree = "<group>"; };
		037D83DF1D2E9A8E0063E17E /* 4.png */ = {isa = PBXFileReference; lastKnownFileType = image.png; path = 4.png; sourceTree = "<group>"; };
		037D83E01D2E9A8E0063E17E /* 5.png */ = {isa = PBXFileReference; lastKnownFileType = image.png; path = 5.png; sourceTree = "<group>"; };
		037D83E11D2E9A8E0063E17E /* 6.png */ = {isa = PBXFileReference; lastKnownFileType = image.png; path = 6.png; sourceTree = "<group>"; };
		037D83E21D2E9A8E0063E17E /* 7.png */ = {isa = PBXFileReference; lastKnownFileType = image.png; path = 7.png; sourceTree = "<group>"; };
		037D83E31D2E9A8E0063E17E /* 8.png */ = {isa = PBXFileReference; lastKnownFileType = image.png; path = 8.png; sourceTree = "<group>"; };
		037D83E41D2E9A8E0063E17E /* 9.png */ = {isa = PBXFileReference; lastKnownFileType = image.png; path = 9.png; sourceTree = "<group>"; };
		037D83E61D2E9A8E0063E17E /* 29.png */ = {isa = PBXFileReference; lastKnownFileType = image.png; path = 29.png; sourceTree = "<group>"; };
		037D83E71D2E9A8E0063E17E /* 29@2x.png */ = {isa = PBXFileReference; lastKnownFileType = image.png; path = "29@2x.png"; sourceTree = "<group>"; };
		037D83E81D2E9A8E0063E17E /* 29@3x.png */ = {isa = PBXFileReference; lastKnownFileType = image.png; path = "29@3x.png"; sourceTree = "<group>"; };
		037D83E91D2E9A8E0063E17E /* 40.png */ = {isa = PBXFileReference; lastKnownFileType = image.png; path = 40.png; sourceTree = "<group>"; };
		037D83EA1D2E9A8E0063E17E /* 40@2x.png */ = {isa = PBXFileReference; lastKnownFileType = image.png; path = "40@2x.png"; sourceTree = "<group>"; };
		037D83EB1D2E9A8E0063E17E /* 40@3x.png */ = {isa = PBXFileReference; lastKnownFileType = image.png; path = "40@3x.png"; sourceTree = "<group>"; };
		037D83EC1D2E9A8E0063E17E /* 60.png */ = {isa = PBXFileReference; lastKnownFileType = image.png; path = 60.png; sourceTree = "<group>"; };
		037D83ED1D2E9A8E0063E17E /* 60@2x.png */ = {isa = PBXFileReference; lastKnownFileType = image.png; path = "60@2x.png"; sourceTree = "<group>"; };
		037D83EE1D2E9A8E0063E17E /* 60@3x.png */ = {isa = PBXFileReference; lastKnownFileType = image.png; path = "60@3x.png"; sourceTree = "<group>"; };
		037D83EF1D2E9A8E0063E17E /* default1@2x.png */ = {isa = PBXFileReference; lastKnownFileType = image.png; path = "default1@2x.png"; sourceTree = "<group>"; };
		037D83F01D2E9A8E0063E17E /* default2@2x.png */ = {isa = PBXFileReference; lastKnownFileType = image.png; path = "default2@2x.png"; sourceTree = "<group>"; };
		037D83F11D2E9A8E0063E17E /* default@2x.png */ = {isa = PBXFileReference; lastKnownFileType = image.png; path = "default@2x.png"; sourceTree = "<group>"; };
		037D83F31D2E9A8E0063E17E /* 文章评论页-书写-图标.png */ = {isa = PBXFileReference; lastKnownFileType = image.png; path = "文章评论页-书写-图标.png"; sourceTree = "<group>"; };
		037D83F51D2E9A8E0063E17E /* 分享.png */ = {isa = PBXFileReference; lastKnownFileType = image.png; path = "分享.png"; sourceTree = "<group>"; };
		037D83F61D2E9A8E0063E17E /* 收藏未选.png */ = {isa = PBXFileReference; lastKnownFileType = image.png; path = "收藏未选.png"; sourceTree = "<group>"; };
		037D83F71D2E9A8E0063E17E /* 收藏选中.png */ = {isa = PBXFileReference; lastKnownFileType = image.png; path = "收藏选中.png"; sourceTree = "<group>"; };
		037D83F81D2E9A8E0063E17E /* 更多.png */ = {isa = PBXFileReference; lastKnownFileType = image.png; path = "更多.png"; sourceTree = "<group>"; };
		037D83F91D2E9A8E0063E17E /* 评论数.png */ = {isa = PBXFileReference; lastKnownFileType = image.png; path = "评论数.png"; sourceTree = "<group>"; };
		037D83FA1D2E9A8E0063E17E /* 赞.png */ = {isa = PBXFileReference; lastKnownFileType = image.png; path = "赞.png"; sourceTree = "<group>"; };
		037D83FB1D2E9A8E0063E17E /* 赞未选.png */ = {isa = PBXFileReference; lastKnownFileType = image.png; path = "赞未选.png"; sourceTree = "<group>"; };
		037D83FD1D2E9A8E0063E17E /* QQ登录.png */ = {isa = PBXFileReference; lastKnownFileType = image.png; path = "QQ登录.png"; sourceTree = "<group>"; };
		037D83FE1D2E9A8E0063E17E /* 微信登录.png */ = {isa = PBXFileReference; lastKnownFileType = image.png; path = "微信登录.png"; sourceTree = "<group>"; };
		037D83FF1D2E9A8E0063E17E /* 登录页MAMA-LOGO.png */ = {isa = PBXFileReference; lastKnownFileType = image.png; path = "登录页MAMA-LOGO.png"; sourceTree = "<group>"; };
		037D84001D2E9A8E0063E17E /* 登录页MAMA-LOGO加大.png */ = {isa = PBXFileReference; lastKnownFileType = image.png; path = "登录页MAMA-LOGO加大.png"; sourceTree = "<group>"; };
		037D84011D2E9A8E0063E17E /* 登录页关闭按钮.png */ = {isa = PBXFileReference; lastKnownFileType = image.png; path = "登录页关闭按钮.png"; sourceTree = "<group>"; };
		037D84021D2E9A8E0063E17E /* 登录页背景.png */ = {isa = PBXFileReference; lastKnownFileType = image.png; path = "登录页背景.png"; sourceTree = "<group>"; };
		037D84031D2E9A8E0063E17E /* 白色返回.png */ = {isa = PBXFileReference; lastKnownFileType = image.png; path = "白色返回.png"; sourceTree = "<group>"; };
		037D84041D2E9A8E0063E17E /* 读取图片图.png */ = {isa = PBXFileReference; lastKnownFileType = image.png; path = "读取图片图.png"; sourceTree = "<group>"; };
		037D84051D2E9A8E0063E17E /* 返回顶部.png */ = {isa = PBXFileReference; lastKnownFileType = image.png; path = "返回顶部.png"; sourceTree = "<group>"; };
		037D84061D2E9A8E0063E17E /* 黑色返回.png */ = {isa = PBXFileReference; lastKnownFileType = image.png; path = "黑色返回.png"; sourceTree = "<group>"; };
		037D84541D2E9D150063E17E /* asd.png */ = {isa = PBXFileReference; lastKnownFileType = image.png; path = asd.png; sourceTree = "<group>"; };
		03E8E29F1D2FFB89004D304A /* ArticleListTableViewCell.h */ = {isa = PBXFileReference; fileEncoding = 4; lastKnownFileType = sourcecode.c.h; path = ArticleListTableViewCell.h; sourceTree = "<group>"; };
		03E8E2A01D2FFB89004D304A /* ArticleListTableViewCell.m */ = {isa = PBXFileReference; fileEncoding = 4; lastKnownFileType = sourcecode.c.objc; path = ArticleListTableViewCell.m; sourceTree = "<group>"; };
		03F2736E1D332CE3003E9C47 /* ArticleCateListCell.h */ = {isa = PBXFileReference; fileEncoding = 4; lastKnownFileType = sourcecode.c.h; path = ArticleCateListCell.h; sourceTree = "<group>"; };
		03F2736F1D332CE3003E9C47 /* ArticleCateListCell.m */ = {isa = PBXFileReference; fileEncoding = 4; lastKnownFileType = sourcecode.c.objc; path = ArticleCateListCell.m; sourceTree = "<group>"; };
		03F273711D332D33003E9C47 /* ArticleCateListView.h */ = {isa = PBXFileReference; fileEncoding = 4; lastKnownFileType = sourcecode.c.h; path = ArticleCateListView.h; sourceTree = "<group>"; };
		03F273721D332D33003E9C47 /* ArticleCateListView.m */ = {isa = PBXFileReference; fileEncoding = 4; lastKnownFileType = sourcecode.c.objc; path = ArticleCateListView.m; sourceTree = "<group>"; };
		03F59FD91D30DEB10000D9C9 /* ArticleAssistBar.h */ = {isa = PBXFileReference; fileEncoding = 4; lastKnownFileType = sourcecode.c.h; path = ArticleAssistBar.h; sourceTree = "<group>"; };
		03F59FDA1D30DEB10000D9C9 /* ArticleAssistBar.m */ = {isa = PBXFileReference; fileEncoding = 4; lastKnownFileType = sourcecode.c.objc; path = ArticleAssistBar.m; sourceTree = "<group>"; };
		03F59FDC1D30F64D0000D9C9 /* ArticleAssistButton.h */ = {isa = PBXFileReference; fileEncoding = 4; lastKnownFileType = sourcecode.c.h; path = ArticleAssistButton.h; sourceTree = "<group>"; };
		03F59FDD1D30F64D0000D9C9 /* ArticleAssistButton.m */ = {isa = PBXFileReference; fileEncoding = 4; lastKnownFileType = sourcecode.c.objc; path = ArticleAssistButton.m; sourceTree = "<group>"; };
		DAF34D4EFFD6BD827639F124 /* libPods-TongHuo.a */ = {isa = PBXFileReference; explicitFileType = archive.ar; includeInIndex = 0; path = "libPods-TongHuo.a"; sourceTree = BUILT_PRODUCTS_DIR; };
		E3C292FA194D94C7DF50C51F /* Pods-TongHuo.release.xcconfig */ = {isa = PBXFileReference; includeInIndex = 1; lastKnownFileType = text.xcconfig; name = "Pods-TongHuo.release.xcconfig"; path = "Pods/Target Support Files/Pods-TongHuo/Pods-TongHuo.release.xcconfig"; sourceTree = "<group>"; };
		E513A51531A145D28DB2D3CF /* Pods-TongHuo.debug.xcconfig */ = {isa = PBXFileReference; includeInIndex = 1; lastKnownFileType = text.xcconfig; name = "Pods-TongHuo.debug.xcconfig"; path = "Pods/Target Support Files/Pods-TongHuo/Pods-TongHuo.debug.xcconfig"; sourceTree = "<group>"; };
/* End PBXFileReference section */

/* Begin PBXFrameworksBuildPhase section */
		037D83471D2E7B9E0063E17E /* Frameworks */ = {
			isa = PBXFrameworksBuildPhase;
			buildActionMask = 2147483647;
			files = (
				0E1177BD2314AFA585FDDC71 /* libPods-TongHuo.a in Frameworks */,
			);
			runOnlyForDeploymentPostprocessing = 0;
		};
/* End PBXFrameworksBuildPhase section */

/* Begin PBXGroup section */
		0307A7AD1D2F9E1900DC2B81 /* FoundationVC */ = {
			isa = PBXGroup;
			children = (
				0307A7AE1D2F9E3300DC2B81 /* FoundationVC.h */,
				0307A7AF1D2F9E3300DC2B81 /* FoundationVC.m */,
				0307A7B41D2FC18600DC2B81 /* ModelVCSimple.h */,
				0307A7B51D2FC18600DC2B81 /* ModelVCSimple.m */,
				0307A7B71D2FC1BA00DC2B81 /* ModelVCClassed.h */,
				0307A7B81D2FC1BA00DC2B81 /* ModelVCClassed.m */,
			);
			path = FoundationVC;
			sourceTree = "<group>";
		};
		037D83411D2E7B9E0063E17E = {
			isa = PBXGroup;
			children = (
				037D84541D2E9D150063E17E /* asd.png */,
				037D834C1D2E7B9E0063E17E /* TongHuo */,
				037D834B1D2E7B9E0063E17E /* Products */,
				BB3FE1A4621DB6195B78CC43 /* Pods */,
				77686E93646AD8C27DBFE939 /* Frameworks */,
			);
			sourceTree = "<group>";
		};
		037D834B1D2E7B9E0063E17E /* Products */ = {
			isa = PBXGroup;
			children = (
				037D834A1D2E7B9E0063E17E /* TongHuo.app */,
			);
			name = Products;
			sourceTree = "<group>";
		};
		037D834C1D2E7B9E0063E17E /* TongHuo */ = {
			isa = PBXGroup;
			children = (
				03F59FD81D30DE8D0000D9C9 /* ArticleAssistView */,
				0307A7AD1D2F9E1900DC2B81 /* FoundationVC */,
				037D83AF1D2E9A8E0063E17E /* images */,
				037D83A61D2E83A20063E17E /* RootVC */,
				037D83681D2E7D3D0063E17E /* Helper */,
				037D83501D2E7B9E0063E17E /* AppDelegate.h */,
				037D83511D2E7B9E0063E17E /* AppDelegate.m */,
				037D83531D2E7B9E0063E17E /* ViewController.h */,
				037D83541D2E7B9E0063E17E /* ViewController.m */,
				037D83561D2E7B9E0063E17E /* Main.storyboard */,
				037D835C1D2E7B9E0063E17E /* Assets.xcassets */,
				037D835E1D2E7B9E0063E17E /* LaunchScreen.storyboard */,
				037D83611D2E7B9E0063E17E /* Info.plist */,
				037D83591D2E7B9E0063E17E /* TongHuo.xcdatamodeld */,
				037D834D1D2E7B9E0063E17E /* Supporting Files */,
				037D83671D2E7C620063E17E /* PrefixHeader.pch */,
			);
			path = TongHuo;
			sourceTree = "<group>";
		};
		037D834D1D2E7B9E0063E17E /* Supporting Files */ = {
			isa = PBXGroup;
			children = (
				037D834E1D2E7B9E0063E17E /* main.m */,
			);
			name = "Supporting Files";
			sourceTree = "<group>";
		};
		037D83681D2E7D3D0063E17E /* Helper */ = {
			isa = PBXGroup;
			children = (
				037D83A51D2E7DDE0063E17E /* APIConfig.h */,
				037D839F1D2E7DCF0063E17E /* XUtilityTools.h */,
				037D83A01D2E7DCF0063E17E /* XUtilityTools.m */,
				037D83A11D2E7DCF0063E17E /* XStringUtils.h */,
				037D83A21D2E7DCF0063E17E /* XStringUtils.m */,
				037D839C1D2E7DA10063E17E /* NetRequest.h */,
				037D839D1D2E7DA10063E17E /* NetRequest.m */,
				037D83691D2E7D800063E17E /* NetRequest+Article.h */,
				037D836A1D2E7D800063E17E /* NetRequest+Article.m */,
				037D836B1D2E7D800063E17E /* NetRequest+DailyFavourites.h */,
				037D836C1D2E7D800063E17E /* NetRequest+DailyFavourites.m */,
				037D836D1D2E7D800063E17E /* NetRequest+Region.h */,
				037D836E1D2E7D800063E17E /* NetRequest+Region.m */,
				037D836F1D2E7D800063E17E /* NetRequest+Simple.h */,
				037D83701D2E7D800063E17E /* NetRequest+Simple.m */,
				037D83711D2E7D800063E17E /* NetRequest+Special.h */,
				037D83721D2E7D800063E17E /* NetRequest+Special.m */,
				037D83731D2E7D800063E17E /* NetRequest+UserDoing.h */,
				037D83741D2E7D800063E17E /* NetRequest+UserDoing.m */,
				037D83751D2E7D800063E17E /* NetRequest+UserInfoRequst.h */,
				037D83761D2E7D800063E17E /* NetRequest+UserInfoRequst.m */,
				037D83771D2E7D800063E17E /* MainPage.m */,
				037D83781D2E7D800063E17E /* MainPage.h */,
				037D83791D2E7D800063E17E /* MainPageScroll.h */,
				037D837A1D2E7D800063E17E /* MainPageScroll.m */,
				037D837B1D2E7D800063E17E /* MAMAHeaderPage.h */,
				037D837C1D2E7D800063E17E /* MAMAHeaderPage.m */,
				037D837D1D2E7D800063E17E /* MAMATableViewControllers.h */,
				037D837E1D2E7D800063E17E /* MAMATableViewControllers.m */,
				037D837F1D2E7D800063E17E /* NSObject+FileWithBundle.h */,
				037D83801D2E7D800063E17E /* NSObject+FileWithBundle.m */,
				037D83811D2E7D800063E17E /* UIBarButtonItem+CustomItem.h */,
				037D83821D2E7D800063E17E /* UIBarButtonItem+CustomItem.m */,
				037D83831D2E7D800063E17E /* UIView+SetSize.h */,
				037D83841D2E7D800063E17E /* UIView+SetSize.m */,
				037D83851D2E7D800063E17E /* XAlertViewHelper.h */,
				037D83861D2E7D800063E17E /* XAlertViewHelper.m */,
				037D83871D2E7D800063E17E /* XNavigationController.h */,
				037D83881D2E7D800063E17E /* XNavigationController.m */,
				037D83891D2E7D800063E17E /* XTabBar.h */,
				037D838A1D2E7D800063E17E /* XTabBar.m */,
			);
			path = Helper;
			sourceTree = "<group>";
		};
		037D83A61D2E83A20063E17E /* RootVC */ = {
			isa = PBXGroup;
			children = (
				037D83A81D2E83EE0063E17E /* LeftVC */,
				037D83A71D2E83C90063E17E /* MainPageVC */,
				037D83A91D2E845E0063E17E /* RootVC.h */,
				037D83AA1D2E845E0063E17E /* RootVC.m */,
				03F273711D332D33003E9C47 /* ArticleCateListView.h */,
				03F273721D332D33003E9C47 /* ArticleCateListView.m */,
				030EF0CF1D3233CB0034BDD0 /* ArticleListModle.h */,
				030EF0D01D3233CB0034BDD0 /* ArticleListModle.m */,
				030EF0D21D3237B90034BDD0 /* NetRequest+Prepare_Fro.h */,
				030EF0D31D3237B90034BDD0 /* NetRequest+Prepare_Fro.m */,
				03E8E29F1D2FFB89004D304A /* ArticleListTableViewCell.h */,
				03E8E2A01D2FFB89004D304A /* ArticleListTableViewCell.m */,
				03F2736E1D332CE3003E9C47 /* ArticleCateListCell.h */,
				03F2736F1D332CE3003E9C47 /* ArticleCateListCell.m */,
			);
			path = RootVC;
			sourceTree = "<group>";
		};
		037D83A71D2E83C90063E17E /* MainPageVC */ = {
			isa = PBXGroup;
			children = (
				037D83AC1D2E84A50063E17E /* MainPageVC.h */,
				037D83AD1D2E84A50063E17E /* MainPageVC.m */,
				0307A7A71D2F7B8000DC2B81 /* ShadowView.h */,
				0307A7A81D2F7B8000DC2B81 /* ShadowView.m */,
			);
			path = MainPageVC;
			sourceTree = "<group>";
		};
		037D83A81D2E83EE0063E17E /* LeftVC */ = {
			isa = PBXGroup;
			children = (
				0307A7A41D2F7B5F00DC2B81 /* LeftSideView.h */,
				0307A7A51D2F7B5F00DC2B81 /* LeftSideView.m */,
				0307A7AA1D2F94B500DC2B81 /* LeftSideCell.h */,
				0307A7AB1D2F94B500DC2B81 /* LeftSideCell.m */,
			);
			path = LeftVC;
			sourceTree = "<group>";
		};
		037D83AF1D2E9A8E0063E17E /* images */ = {
			isa = PBXGroup;
			children = (
				037D83B01D2E9A8E0063E17E /* MainPage */,
				037D83B31D2E9A8E0063E17E /* TypePage */,
				037D83C11D2E9A8E0063E17E /* 专题 */,
				037D83C31D2E9A8E0063E17E /* 个人中心首页 */,
				037D83CB1D2E9A8E0063E17E /* 传书已读.png */,
				037D83CC1D2E9A8E0063E17E /* 传书未读.png */,
				037D83CD1D2E9A8E0063E17E /* 分享页 */,
				037D83D41D2E9A8E0063E17E /* 动画帧 */,
				037D83E51D2E9A8E0063E17E /* 启动页和启动图标 */,
				037D83F21D2E9A8E0063E17E /* 文章评论页 */,
				037D83F41D2E9A8E0063E17E /* 文章页 */,
				037D83FC1D2E9A8E0063E17E /* 登录页 */,
				037D84031D2E9A8E0063E17E /* 白色返回.png */,
				037D84041D2E9A8E0063E17E /* 读取图片图.png */,
				037D84051D2E9A8E0063E17E /* 返回顶部.png */,
				037D84061D2E9A8E0063E17E /* 黑色返回.png */,
			);
			path = images;
			sourceTree = "<group>";
		};
		037D83B01D2E9A8E0063E17E /* MainPage */ = {
			isa = PBXGroup;
			children = (
				037D83B11D2E9A8E0063E17E /* calender_F.png */,
				037D83B21D2E9A8E0063E17E /* 打开更多.png */,
			);
			path = MainPage;
			sourceTree = "<group>";
		};
		037D83B31D2E9A8E0063E17E /* TypePage */ = {
			isa = PBXGroup;
			children = (
				037D83B41D2E9A8E0063E17E /* 乐活未选.png */,
				037D83B51D2E9A8E0063E17E /* 乐活选中.png */,
				037D83B61D2E9A8E0063E17E /* 书影音未选.png */,
				037D83B71D2E9A8E0063E17E /* 书影音选中.png */,
				037D83B81D2E9A8E0063E17E /* 娱乐圈未选.png */,
				037D83B91D2E9A8E0063E17E /* 娱乐圈选中.png */,
				037D83BA1D2E9A8E0063E17E /* 情感未选.png */,
				037D83BB1D2E9A8E0063E17E /* 情感选中.png */,
				037D83BC1D2E9A8E0063E17E /* 搜索文章.png */,
				037D83BD1D2E9A8E0063E17E /* 美妈未选.png */,
				037D83BE1D2E9A8E0063E17E /* 美妈选中.png */,
				037D83BF1D2E9A8E0063E17E /* 育儿未选.png */,
				037D83C01D2E9A8E0063E17E /* 育儿选中.png */,
			);
			path = TypePage;
			sourceTree = "<group>";
		};
		037D83C11D2E9A8E0063E17E /* 专题 */ = {
			isa = PBXGroup;
			children = (
				037D83C21D2E9A8E0063E17E /* 浏览数.png */,
			);
			path = "专题";
			sourceTree = "<group>";
		};
		037D83C31D2E9A8E0063E17E /* 个人中心首页 */ = {
			isa = PBXGroup;
			children = (
				037D83C41D2E9A8E0063E17E /* 个人中心垃圾桶.png */,
				037D83C51D2E9A8E0063E17E /* 个人中心更换照片图标.png */,
				037D83C61D2E9A8E0063E17E /* 个人中心背景墙2.png */,
				037D83C71D2E9A8E0063E17E /* 传书.png */,
				037D83C81D2E9A8E0063E17E /* 收藏 (2).png */,
				037D83C91D2E9A8E0063E17E /* 编辑.png */,
				037D83CA1D2E9A8E0063E17E /* 设置.png */,
			);
			path = "个人中心首页";
			sourceTree = "<group>";
		};
		037D83CD1D2E9A8E0063E17E /* 分享页 */ = {
			isa = PBXGroup;
			children = (
				037D83CE1D2E9A8E0063E17E /* QQ分享.png */,
				037D83CF1D2E9A8E0063E17E /* 复制链接.png */,
				037D83D01D2E9A8E0063E17E /* 微信分享.png */,
				037D83D11D2E9A8E0063E17E /* 微博分享.png */,
				037D83D21D2E9A8E0063E17E /* 朋友圈分享.png */,
				037D83D31D2E9A8E0063E17E /* 空间分享.png */,
			);
			path = "分享页";
			sourceTree = "<group>";
		};
		037D83D41D2E9A8E0063E17E /* 动画帧 */ = {
			isa = PBXGroup;
			children = (
				037D83D51D2E9A8E0063E17E /* 1.png */,
				037D83D61D2E9A8E0063E17E /* 10.png */,
				037D83D71D2E9A8E0063E17E /* 11.png */,
				037D83D81D2E9A8E0063E17E /* 12.png */,
				037D83D91D2E9A8E0063E17E /* 13.png */,
				037D83DA1D2E9A8E0063E17E /* 14.png */,
				037D83DB1D2E9A8E0063E17E /* 15.png */,
				037D83DC1D2E9A8E0063E17E /* 16.png */,
				037D83DD1D2E9A8E0063E17E /* 2.png */,
				037D83DE1D2E9A8E0063E17E /* 3.png */,
				037D83DF1D2E9A8E0063E17E /* 4.png */,
				037D83E01D2E9A8E0063E17E /* 5.png */,
				037D83E11D2E9A8E0063E17E /* 6.png */,
				037D83E21D2E9A8E0063E17E /* 7.png */,
				037D83E31D2E9A8E0063E17E /* 8.png */,
				037D83E41D2E9A8E0063E17E /* 9.png */,
			);
			path = "动画帧";
			sourceTree = "<group>";
		};
		037D83E51D2E9A8E0063E17E /* 启动页和启动图标 */ = {
			isa = PBXGroup;
			children = (
				037D83E61D2E9A8E0063E17E /* 29.png */,
				037D83E71D2E9A8E0063E17E /* 29@2x.png */,
				037D83E81D2E9A8E0063E17E /* 29@3x.png */,
				037D83E91D2E9A8E0063E17E /* 40.png */,
				037D83EA1D2E9A8E0063E17E /* 40@2x.png */,
				037D83EB1D2E9A8E0063E17E /* 40@3x.png */,
				037D83EC1D2E9A8E0063E17E /* 60.png */,
				037D83ED1D2E9A8E0063E17E /* 60@2x.png */,
				037D83EE1D2E9A8E0063E17E /* 60@3x.png */,
				037D83EF1D2E9A8E0063E17E /* default1@2x.png */,
				037D83F01D2E9A8E0063E17E /* default2@2x.png */,
				037D83F11D2E9A8E0063E17E /* default@2x.png */,
			);
			path = "启动页和启动图标";
			sourceTree = "<group>";
		};
		037D83F21D2E9A8E0063E17E /* 文章评论页 */ = {
			isa = PBXGroup;
			children = (
				037D83F31D2E9A8E0063E17E /* 文章评论页-书写-图标.png */,
			);
			path = "文章评论页";
			sourceTree = "<group>";
		};
		037D83F41D2E9A8E0063E17E /* 文章页 */ = {
			isa = PBXGroup;
			children = (
				037D83F51D2E9A8E0063E17E /* 分享.png */,
				037D83F61D2E9A8E0063E17E /* 收藏未选.png */,
				037D83F71D2E9A8E0063E17E /* 收藏选中.png */,
				037D83F81D2E9A8E0063E17E /* 更多.png */,
				037D83F91D2E9A8E0063E17E /* 评论数.png */,
				037D83FA1D2E9A8E0063E17E /* 赞.png */,
				037D83FB1D2E9A8E0063E17E /* 赞未选.png */,
			);
			path = "文章页";
			sourceTree = "<group>";
		};
		037D83FC1D2E9A8E0063E17E /* 登录页 */ = {
			isa = PBXGroup;
			children = (
				037D83FD1D2E9A8E0063E17E /* QQ登录.png */,
				037D83FE1D2E9A8E0063E17E /* 微信登录.png */,
				037D83FF1D2E9A8E0063E17E /* 登录页MAMA-LOGO.png */,
				037D84001D2E9A8E0063E17E /* 登录页MAMA-LOGO加大.png */,
				037D84011D2E9A8E0063E17E /* 登录页关闭按钮.png */,
				037D84021D2E9A8E0063E17E /* 登录页背景.png */,
			);
			path = "登录页";
			sourceTree = "<group>";
		};
		03F59FD81D30DE8D0000D9C9 /* ArticleAssistView */ = {
			isa = PBXGroup;
			children = (
				03F59FD91D30DEB10000D9C9 /* ArticleAssistBar.h */,
				03F59FDA1D30DEB10000D9C9 /* ArticleAssistBar.m */,
				03F59FDC1D30F64D0000D9C9 /* ArticleAssistButton.h */,
				03F59FDD1D30F64D0000D9C9 /* ArticleAssistButton.m */,
			);
			path = ArticleAssistView;
			sourceTree = "<group>";
		};
		77686E93646AD8C27DBFE939 /* Frameworks */ = {
			isa = PBXGroup;
			children = (
				DAF34D4EFFD6BD827639F124 /* libPods-TongHuo.a */,
			);
			name = Frameworks;
			sourceTree = "<group>";
		};
		BB3FE1A4621DB6195B78CC43 /* Pods */ = {
			isa = PBXGroup;
			children = (
				E513A51531A145D28DB2D3CF /* Pods-TongHuo.debug.xcconfig */,
				E3C292FA194D94C7DF50C51F /* Pods-TongHuo.release.xcconfig */,
			);
			name = Pods;
			sourceTree = "<group>";
		};
/* End PBXGroup section */

/* Begin PBXNativeTarget section */
		037D83491D2E7B9E0063E17E /* TongHuo */ = {
			isa = PBXNativeTarget;
			buildConfigurationList = 037D83641D2E7B9E0063E17E /* Build configuration list for PBXNativeTarget "TongHuo" */;
			buildPhases = (
				3864CF6330C300A5A78BD6F5 /* [CP] Check Pods Manifest.lock */,
				037D83461D2E7B9E0063E17E /* Sources */,
				037D83471D2E7B9E0063E17E /* Frameworks */,
				037D83481D2E7B9E0063E17E /* Resources */,
				D69B7AF8505FAA39A76FC338 /* [CP] Embed Pods Frameworks */,
				C93CE64FF1B6874048908163 /* [CP] Copy Pods Resources */,
			);
			buildRules = (
			);
			dependencies = (
			);
			name = TongHuo;
			productName = TongHuo;
			productReference = 037D834A1D2E7B9E0063E17E /* TongHuo.app */;
			productType = "com.apple.product-type.application";
		};
/* End PBXNativeTarget section */

/* Begin PBXProject section */
		037D83421D2E7B9E0063E17E /* Project object */ = {
			isa = PBXProject;
			attributes = {
				LastUpgradeCheck = 0730;
				ORGANIZATIONNAME = xionghuanxin;
				TargetAttributes = {
					037D83491D2E7B9E0063E17E = {
						CreatedOnToolsVersion = 7.3.1;
						DevelopmentTeam = PBRT9CT95H;
					};
				};
			};
			buildConfigurationList = 037D83451D2E7B9E0063E17E /* Build configuration list for PBXProject "TongHuo" */;
			compatibilityVersion = "Xcode 3.2";
			developmentRegion = English;
			hasScannedForEncodings = 0;
			knownRegions = (
				en,
				Base,
			);
			mainGroup = 037D83411D2E7B9E0063E17E;
			productRefGroup = 037D834B1D2E7B9E0063E17E /* Products */;
			projectDirPath = "";
			projectRoot = "";
			targets = (
				037D83491D2E7B9E0063E17E /* TongHuo */,
			);
		};
/* End PBXProject section */

/* Begin PBXResourcesBuildPhase section */
		037D83481D2E7B9E0063E17E /* Resources */ = {
			isa = PBXResourcesBuildPhase;
			buildActionMask = 2147483647;
			files = (
				037D84451D2E9A8E0063E17E /* 收藏选中.png in Resources */,
				037D841E1D2E9A8E0063E17E /* 传书已读.png in Resources */,
				037D84371D2E9A8E0063E17E /* 29@2x.png in Resources */,
				037D842C1D2E9A8E0063E17E /* 15.png in Resources */,
				037D840E1D2E9A8E0063E17E /* 娱乐圈选中.png in Resources */,
				037D843C1D2E9A8E0063E17E /* 60.png in Resources */,
				037D844E1D2E9A8E0063E17E /* 登录页关闭按钮.png in Resources */,
				037D84361D2E9A8E0063E17E /* 29.png in Resources */,
				037D84081D2E9A8E0063E17E /* 打开更多.png in Resources */,
				037D84151D2E9A8E0063E17E /* 育儿选中.png in Resources */,
				037D840F1D2E9A8E0063E17E /* 情感未选.png in Resources */,
				037D840B1D2E9A8E0063E17E /* 书影音未选.png in Resources */,
				037D84281D2E9A8E0063E17E /* 11.png in Resources */,
				037D84471D2E9A8E0063E17E /* 评论数.png in Resources */,
				037D841B1D2E9A8E0063E17E /* 收藏 (2).png in Resources */,
				037D842E1D2E9A8E0063E17E /* 2.png in Resources */,
				037D84111D2E9A8E0063E17E /* 搜索文章.png in Resources */,
				037D843F1D2E9A8E0063E17E /* default1@2x.png in Resources */,
				037D84491D2E9A8E0063E17E /* 赞未选.png in Resources */,
				037D842F1D2E9A8E0063E17E /* 3.png in Resources */,
				037D84091D2E9A8E0063E17E /* 乐活未选.png in Resources */,
				037D84221D2E9A8E0063E17E /* 微信分享.png in Resources */,
				037D84501D2E9A8E0063E17E /* 白色返回.png in Resources */,
				037D84071D2E9A8E0063E17E /* calender_F.png in Resources */,
				037D844C1D2E9A8E0063E17E /* 登录页MAMA-LOGO.png in Resources */,
				037D84391D2E9A8E0063E17E /* 40.png in Resources */,
				037D84331D2E9A8E0063E17E /* 7.png in Resources */,
				037D843E1D2E9A8E0063E17E /* 60@3x.png in Resources */,
				037D843B1D2E9A8E0063E17E /* 40@3x.png in Resources */,
				037D844B1D2E9A8E0063E17E /* 微信登录.png in Resources */,
				037D84131D2E9A8E0063E17E /* 美妈选中.png in Resources */,
				037D84211D2E9A8E0063E17E /* 复制链接.png in Resources */,
				037D84141D2E9A8E0063E17E /* 育儿未选.png in Resources */,
				037D843D1D2E9A8E0063E17E /* 60@2x.png in Resources */,
				037D843A1D2E9A8E0063E17E /* 40@2x.png in Resources */,
				037D84551D2E9D150063E17E /* asd.png in Resources */,
				037D84301D2E9A8E0063E17E /* 4.png in Resources */,
				037D84271D2E9A8E0063E17E /* 10.png in Resources */,
				037D844F1D2E9A8E0063E17E /* 登录页背景.png in Resources */,
				037D84161D2E9A8E0063E17E /* 浏览数.png in Resources */,
				037D84181D2E9A8E0063E17E /* 个人中心更换照片图标.png in Resources */,
				037D84291D2E9A8E0063E17E /* 12.png in Resources */,
				037D841F1D2E9A8E0063E17E /* 传书未读.png in Resources */,
				037D84401D2E9A8E0063E17E /* default2@2x.png in Resources */,
				037D84521D2E9A8E0063E17E /* 返回顶部.png in Resources */,
				037D84321D2E9A8E0063E17E /* 6.png in Resources */,
				037D84421D2E9A8E0063E17E /* 文章评论页-书写-图标.png in Resources */,
				037D841D1D2E9A8E0063E17E /* 设置.png in Resources */,
				037D84311D2E9A8E0063E17E /* 5.png in Resources */,
				037D84531D2E9A8E0063E17E /* 黑色返回.png in Resources */,
				037D84411D2E9A8E0063E17E /* default@2x.png in Resources */,
				037D840D1D2E9A8E0063E17E /* 娱乐圈未选.png in Resources */,
				037D83601D2E7B9E0063E17E /* LaunchScreen.storyboard in Resources */,
				037D84431D2E9A8E0063E17E /* 分享.png in Resources */,
				037D84481D2E9A8E0063E17E /* 赞.png in Resources */,
				037D84251D2E9A8E0063E17E /* 空间分享.png in Resources */,
				037D84441D2E9A8E0063E17E /* 收藏未选.png in Resources */,
				037D84231D2E9A8E0063E17E /* 微博分享.png in Resources */,
				037D844A1D2E9A8E0063E17E /* QQ登录.png in Resources */,
				037D84201D2E9A8E0063E17E /* QQ分享.png in Resources */,
				037D842A1D2E9A8E0063E17E /* 13.png in Resources */,
				037D84171D2E9A8E0063E17E /* 个人中心垃圾桶.png in Resources */,
				037D835D1D2E7B9E0063E17E /* Assets.xcassets in Resources */,
				037D84101D2E9A8E0063E17E /* 情感选中.png in Resources */,
				037D842B1D2E9A8E0063E17E /* 14.png in Resources */,
				037D842D1D2E9A8E0063E17E /* 16.png in Resources */,
				037D84121D2E9A8E0063E17E /* 美妈未选.png in Resources */,
				037D84511D2E9A8E0063E17E /* 读取图片图.png in Resources */,
				037D844D1D2E9A8E0063E17E /* 登录页MAMA-LOGO加大.png in Resources */,
				037D841A1D2E9A8E0063E17E /* 传书.png in Resources */,
				037D841C1D2E9A8E0063E17E /* 编辑.png in Resources */,
				037D84241D2E9A8E0063E17E /* 朋友圈分享.png in Resources */,
				037D84351D2E9A8E0063E17E /* 9.png in Resources */,
				037D83581D2E7B9E0063E17E /* Main.storyboard in Resources */,
				037D84191D2E9A8E0063E17E /* 个人中心背景墙2.png in Resources */,
				037D840A1D2E9A8E0063E17E /* 乐活选中.png in Resources */,
				037D840C1D2E9A8E0063E17E /* 书影音选中.png in Resources */,
				037D84381D2E9A8E0063E17E /* 29@3x.png in Resources */,
				037D84461D2E9A8E0063E17E /* 更多.png in Resources */,
				037D84261D2E9A8E0063E17E /* 1.png in Resources */,
				037D84341D2E9A8E0063E17E /* 8.png in Resources */,
			);
			runOnlyForDeploymentPostprocessing = 0;
		};
/* End PBXResourcesBuildPhase section */

/* Begin PBXShellScriptBuildPhase section */
		3864CF6330C300A5A78BD6F5 /* [CP] Check Pods Manifest.lock */ = {
			isa = PBXShellScriptBuildPhase;
			buildActionMask = 2147483647;
			files = (
			);
			inputPaths = (
			);
			name = "[CP] Check Pods Manifest.lock";
			outputPaths = (
			);
			runOnlyForDeploymentPostprocessing = 0;
			shellPath = /bin/sh;
			shellScript = "diff \"${PODS_ROOT}/../Podfile.lock\" \"${PODS_ROOT}/Manifest.lock\" > /dev/null\nif [[ $? != 0 ]] ; then\n    cat << EOM\nerror: The sandbox is not in sync with the Podfile.lock. Run 'pod install' or update your CocoaPods installation.\nEOM\n    exit 1\nfi\n";
			showEnvVarsInLog = 0;
		};
		C93CE64FF1B6874048908163 /* [CP] Copy Pods Resources */ = {
			isa = PBXShellScriptBuildPhase;
			buildActionMask = 2147483647;
			files = (
			);
			inputPaths = (
			);
			name = "[CP] Copy Pods Resources";
			outputPaths = (
			);
			runOnlyForDeploymentPostprocessing = 0;
			shellPath = /bin/sh;
			shellScript = "\"${SRCROOT}/Pods/Target Support Files/Pods-TongHuo/Pods-TongHuo-resources.sh\"\n";
			showEnvVarsInLog = 0;
		};
		D69B7AF8505FAA39A76FC338 /* [CP] Embed Pods Frameworks */ = {
			isa = PBXShellScriptBuildPhase;
			buildActionMask = 2147483647;
			files = (
			);
			inputPaths = (
			);
			name = "[CP] Embed Pods Frameworks";
			outputPaths = (
			);
			runOnlyForDeploymentPostprocessing = 0;
			shellPath = /bin/sh;
			shellScript = "\"${SRCROOT}/Pods/Target Support Files/Pods-TongHuo/Pods-TongHuo-frameworks.sh\"\n";
			showEnvVarsInLog = 0;
		};
/* End PBXShellScriptBuildPhase section */

/* Begin PBXSourcesBuildPhase section */
		037D83461D2E7B9E0063E17E /* Sources */ = {
			isa = PBXSourcesBuildPhase;
			buildActionMask = 2147483647;
			files = (
				037D83A31D2E7DCF0063E17E /* XUtilityTools.m in Sources */,
				030EF0D41D3237B90034BDD0 /* NetRequest+Prepare_Fro.m in Sources */,
				037D83A41D2E7DCF0063E17E /* XStringUtils.m in Sources */,
				037D83981D2E7D800063E17E /* UIView+SetSize.m in Sources */,
				03F59FDB1D30DEB10000D9C9 /* ArticleAssistBar.m in Sources */,
				037D835B1D2E7B9E0063E17E /* TongHuo.xcdatamodeld in Sources */,
				037D83941D2E7D800063E17E /* MAMAHeaderPage.m in Sources */,
				037D83991D2E7D800063E17E /* XAlertViewHelper.m in Sources */,
				037D838C1D2E7D800063E17E /* NetRequest+DailyFavourites.m in Sources */,
				03F59FDE1D30F64D0000D9C9 /* ArticleAssistButton.m in Sources */,
				037D838D1D2E7D800063E17E /* NetRequest+Region.m in Sources */,
				037D83921D2E7D800063E17E /* MainPage.m in Sources */,
				0307A7AC1D2F94B500DC2B81 /* LeftSideCell.m in Sources */,
				037D839B1D2E7D800063E17E /* XTabBar.m in Sources */,
				037D838E1D2E7D800063E17E /* NetRequest+Simple.m in Sources */,
				037D838F1D2E7D800063E17E /* NetRequest+Special.m in Sources */,
				037D83951D2E7D800063E17E /* MAMATableViewControllers.m in Sources */,
				0307A7A61D2F7B5F00DC2B81 /* LeftSideView.m in Sources */,
				037D839A1D2E7D800063E17E /* XNavigationController.m in Sources */,
				037D838B1D2E7D800063E17E /* NetRequest+Article.m in Sources */,
				0307A7A91D2F7B8000DC2B81 /* ShadowView.m in Sources */,
				037D839E1D2E7DA10063E17E /* NetRequest.m in Sources */,
				037D83551D2E7B9E0063E17E /* ViewController.m in Sources */,
				0307A7B91D2FC1BA00DC2B81 /* ModelVCClassed.m in Sources */,
				037D83971D2E7D800063E17E /* UIBarButtonItem+CustomItem.m in Sources */,
				0307A7B01D2F9E3300DC2B81 /* FoundationVC.m in Sources */,
				037D83AE1D2E84A50063E17E /* MainPageVC.m in Sources */,
				03F273731D332D33003E9C47 /* ArticleCateListView.m in Sources */,
				03E8E2A11D2FFB89004D304A /* ArticleListTableViewCell.m in Sources */,
				037D83931D2E7D800063E17E /* MainPageScroll.m in Sources */,
				037D83521D2E7B9E0063E17E /* AppDelegate.m in Sources */,
				037D83901D2E7D800063E17E /* NetRequest+UserDoing.m in Sources */,
				03F273701D332CE3003E9C47 /* ArticleCateListCell.m in Sources */,
				030EF0D11D3233CB0034BDD0 /* ArticleListModle.m in Sources */,
				037D83961D2E7D800063E17E /* NSObject+FileWithBundle.m in Sources */,
				037D834F1D2E7B9E0063E17E /* main.m in Sources */,
				037D83AB1D2E845E0063E17E /* RootVC.m in Sources */,
				0307A7B61D2FC18600DC2B81 /* ModelVCSimple.m in Sources */,
				037D83911D2E7D800063E17E /* NetRequest+UserInfoRequst.m in Sources */,
			);
			runOnlyForDeploymentPostprocessing = 0;
		};
/* End PBXSourcesBuildPhase section */

/* Begin PBXVariantGroup section */
		037D83561D2E7B9E0063E17E /* Main.storyboard */ = {
			isa = PBXVariantGroup;
			children = (
				037D83571D2E7B9E0063E17E /* Base */,
			);
			name = Main.storyboard;
			sourceTree = "<group>";
		};
		037D835E1D2E7B9E0063E17E /* LaunchScreen.storyboard */ = {
			isa = PBXVariantGroup;
			children = (
				037D835F1D2E7B9E0063E17E /* Base */,
			);
			name = LaunchScreen.storyboard;
			sourceTree = "<group>";
		};
/* End PBXVariantGroup section */

/* Begin XCBuildConfiguration section */
		037D83621D2E7B9E0063E17E /* Debug */ = {
			isa = XCBuildConfiguration;
			buildSettings = {
				ALWAYS_SEARCH_USER_PATHS = NO;
				CLANG_ANALYZER_NONNULL = YES;
				CLANG_CXX_LANGUAGE_STANDARD = "gnu++0x";
				CLANG_CXX_LIBRARY = "libc++";
				CLANG_ENABLE_MODULES = YES;
				CLANG_ENABLE_OBJC_ARC = YES;
				CLANG_WARN_BOOL_CONVERSION = YES;
				CLANG_WARN_CONSTANT_CONVERSION = YES;
				CLANG_WARN_DIRECT_OBJC_ISA_USAGE = YES_ERROR;
				CLANG_WARN_EMPTY_BODY = YES;
				CLANG_WARN_ENUM_CONVERSION = YES;
				CLANG_WARN_INT_CONVERSION = YES;
				CLANG_WARN_OBJC_ROOT_CLASS = YES_ERROR;
				CLANG_WARN_UNREACHABLE_CODE = YES;
				CLANG_WARN__DUPLICATE_METHOD_MATCH = YES;
				"CODE_SIGN_IDENTITY[sdk=iphoneos*]" = "iPhone Developer";
				COPY_PHASE_STRIP = NO;
				DEBUG_INFORMATION_FORMAT = dwarf;
				ENABLE_STRICT_OBJC_MSGSEND = YES;
				ENABLE_TESTABILITY = YES;
				GCC_C_LANGUAGE_STANDARD = gnu99;
				GCC_DYNAMIC_NO_PIC = NO;
				GCC_NO_COMMON_BLOCKS = YES;
				GCC_OPTIMIZATION_LEVEL = 0;
				GCC_PREPROCESSOR_DEFINITIONS = (
					"DEBUG=1",
					"$(inherited)",
				);
				GCC_WARN_64_TO_32_BIT_CONVERSION = YES;
				GCC_WARN_ABOUT_RETURN_TYPE = YES_ERROR;
				GCC_WARN_UNDECLARED_SELECTOR = YES;
				GCC_WARN_UNINITIALIZED_AUTOS = YES_AGGRESSIVE;
				GCC_WARN_UNUSED_FUNCTION = YES;
				GCC_WARN_UNUSED_VARIABLE = YES;
				IPHONEOS_DEPLOYMENT_TARGET = 9.3;
				MTL_ENABLE_DEBUG_INFO = YES;
				ONLY_ACTIVE_ARCH = YES;
				SDKROOT = iphoneos;
			};
			name = Debug;
		};
		037D83631D2E7B9E0063E17E /* Release */ = {
			isa = XCBuildConfiguration;
			buildSettings = {
				ALWAYS_SEARCH_USER_PATHS = NO;
				CLANG_ANALYZER_NONNULL = YES;
				CLANG_CXX_LANGUAGE_STANDARD = "gnu++0x";
				CLANG_CXX_LIBRARY = "libc++";
				CLANG_ENABLE_MODULES = YES;
				CLANG_ENABLE_OBJC_ARC = YES;
				CLANG_WARN_BOOL_CONVERSION = YES;
				CLANG_WARN_CONSTANT_CONVERSION = YES;
				CLANG_WARN_DIRECT_OBJC_ISA_USAGE = YES_ERROR;
				CLANG_WARN_EMPTY_BODY = YES;
				CLANG_WARN_ENUM_CONVERSION = YES;
				CLANG_WARN_INT_CONVERSION = YES;
				CLANG_WARN_OBJC_ROOT_CLASS = YES_ERROR;
				CLANG_WARN_UNREACHABLE_CODE = YES;
				CLANG_WARN__DUPLICATE_METHOD_MATCH = YES;
				"CODE_SIGN_IDENTITY[sdk=iphoneos*]" = "iPhone Developer";
				COPY_PHASE_STRIP = NO;
				DEBUG_INFORMATION_FORMAT = "dwarf-with-dsym";
				ENABLE_NS_ASSERTIONS = NO;
				ENABLE_STRICT_OBJC_MSGSEND = YES;
				GCC_C_LANGUAGE_STANDARD = gnu99;
				GCC_NO_COMMON_BLOCKS = YES;
				GCC_WARN_64_TO_32_BIT_CONVERSION = YES;
				GCC_WARN_ABOUT_RETURN_TYPE = YES_ERROR;
				GCC_WARN_UNDECLARED_SELECTOR = YES;
				GCC_WARN_UNINITIALIZED_AUTOS = YES_AGGRESSIVE;
				GCC_WARN_UNUSED_FUNCTION = YES;
				GCC_WARN_UNUSED_VARIABLE = YES;
				IPHONEOS_DEPLOYMENT_TARGET = 9.3;
				MTL_ENABLE_DEBUG_INFO = NO;
				SDKROOT = iphoneos;
				VALIDATE_PRODUCT = YES;
			};
			name = Release;
		};
		037D83651D2E7B9E0063E17E /* Debug */ = {
			isa = XCBuildConfiguration;
			baseConfigurationReference = E513A51531A145D28DB2D3CF /* Pods-TongHuo.debug.xcconfig */;
			buildSettings = {
				ASSETCATALOG_COMPILER_APPICON_NAME = AppIcon;
				GCC_PRECOMPILE_PREFIX_HEADER = YES;
				GCC_PREFIX_HEADER = "$(SRCROOT)/TongHuo/PrefixHeader.pch";
				INFOPLIST_FILE = TongHuo/Info.plist;
				IPHONEOS_DEPLOYMENT_TARGET = 9.2;
				LD_RUNPATH_SEARCH_PATHS = "$(inherited) @executable_path/Frameworks";
				PRODUCT_BUNDLE_IDENTIFIER = xhx.TongHuo;
				PRODUCT_NAME = "$(TARGET_NAME)";
			};
			name = Debug;
		};
		037D83661D2E7B9E0063E17E /* Release */ = {
			isa = XCBuildConfiguration;
			baseConfigurationReference = E3C292FA194D94C7DF50C51F /* Pods-TongHuo.release.xcconfig */;
			buildSettings = {
				ASSETCATALOG_COMPILER_APPICON_NAME = AppIcon;
				GCC_PRECOMPILE_PREFIX_HEADER = YES;
				GCC_PREFIX_HEADER = "$(SRCROOT)/TongHuo/PrefixHeader.pch";
				INFOPLIST_FILE = TongHuo/Info.plist;
				IPHONEOS_DEPLOYMENT_TARGET = 9.2;
				LD_RUNPATH_SEARCH_PATHS = "$(inherited) @executable_path/Frameworks";
				PRODUCT_BUNDLE_IDENTIFIER = xhx.TongHuo;
				PRODUCT_NAME = "$(TARGET_NAME)";
			};
			name = Release;
		};
/* End XCBuildConfiguration section */

/* Begin XCConfigurationList section */
		037D83451D2E7B9E0063E17E /* Build configuration list for PBXProject "TongHuo" */ = {
			isa = XCConfigurationList;
			buildConfigurations = (
				037D83621D2E7B9E0063E17E /* Debug */,
				037D83631D2E7B9E0063E17E /* Release */,
			);
			defaultConfigurationIsVisible = 0;
			defaultConfigurationName = Release;
		};
		037D83641D2E7B9E0063E17E /* Build configuration list for PBXNativeTarget "TongHuo" */ = {
			isa = XCConfigurationList;
			buildConfigurations = (
				037D83651D2E7B9E0063E17E /* Debug */,
				037D83661D2E7B9E0063E17E /* Release */,
			);
			defaultConfigurationIsVisible = 0;
			defaultConfigurationName = Release;
		};
/* End XCConfigurationList section */

/* Begin XCVersionGroup section */
		037D83591D2E7B9E0063E17E /* TongHuo.xcdatamodeld */ = {
			isa = XCVersionGroup;
			children = (
				037D835A1D2E7B9E0063E17E /* TongHuo.xcdatamodel */,
			);
			currentVersion = 037D835A1D2E7B9E0063E17E /* TongHuo.xcdatamodel */;
			path = TongHuo.xcdatamodeld;
			sourceTree = "<group>";
			versionGroupType = wrapper.xcdatamodel;
		};
/* End XCVersionGroup section */
	};
	rootObject = 037D83421D2E7B9E0063E17E /* Project object */;
}
