// !$*UTF8*$!
{
	archiveVersion = 1;
	classes = {
	};
	objectVersion = 46;
	objects = {

/* Begin PBXBuildFile section */
		037D834F1D2E7B9E0063E17E /* main.m in Sources */ = {isa = PBXBuildFile; fileRef = 037D834E1D2E7B9E0063E17E /* main.m */; };
		037D83521D2E7B9E0063E17E /* AppDelegate.m in Sources */ = {isa = PBXBuildFile; fileRef = 037D83511D2E7B9E0063E17E /* AppDelegate.m */; };
		037D83551D2E7B9E0063E17E /* ViewController.m in Sources */ = {isa = PBXBuildFile; fileRef = 037D83541D2E7B9E0063E17E /* ViewController.m */; };
		037D83581D2E7B9E0063E17E /* Main.storyboard in Resources */ = {isa = PBXBuildFile; fileRef = 037D83561D2E7B9E0063E17E /* Main.storyboard */; };
		037D835B1D2E7B9E0063E17E /* TongHuo.xcdatamodeld in Sources */ = {isa = PBXBuildFile; fileRef = 037D83591D2E7B9E0063E17E /* TongHuo.xcdatamodeld */; };
		037D835D1D2E7B9E0063E17E /* Assets.xcassets in Resources */ = {isa = PBXBuildFile; fileRef = 037D835C1D2E7B9E0063E17E /* Assets.xcassets */; };
		037D83601D2E7B9E0063E17E /* LaunchScreen.storyboard in Resources */ = {isa = PBXBuildFile; fileRef = 037D835E1D2E7B9E0063E17E /* LaunchScreen.storyboard */; };
/* End PBXBuildFile section */

/* Begin PBXFileReference section */
		037D834A1D2E7B9E0063E17E /* TongHuo.app */ = {isa = PBXFileReference; explicitFileType = wrapper.application; includeInIndex = 0; path = TongHuo.app; sourceTree = BUILT_PRODUCTS_DIR; };
		037D834E1D2E7B9E0063E17E /* main.m */ = {isa = PBXFileReference; lastKnownFileType = sourcecode.c.objc; path = main.m; sourceTree = "<group>"; };
		037D83501D2E7B9E0063E17E /* AppDelegate.h */ = {isa = PBXFileReference; lastKnownFileType = sourcecode.c.h; path = AppDelegate.h; sourceTree = "<group>"; };
		037D83511D2E7B9E0063E17E /* AppDelegate.m */ = {isa = PBXFileReference; lastKnownFileType = sourcecode.c.objc; path = AppDelegate.m; sourceTree = "<group>"; };
		037D83531D2E7B9E0063E17E /* ViewController.h */ = {isa = PBXFileReference; lastKnownFileType = sourcecode.c.h; path = ViewController.h; sourceTree = "<group>"; };
		037D83541D2E7B9E0063E17E /* ViewController.m */ = {isa = PBXFileReference; lastKnownFileType = sourcecode.c.objc; path = ViewController.m; sourceTree = "<group>"; };
		037D83571D2E7B9E0063E17E /* Base */ = {isa = PBXFileReference; lastKnownFileType = file.storyboard; name = Base; path = Base.lproj/Main.storyboard; sourceTree = "<group>"; };
		037D835A1D2E7B9E0063E17E /* TongHuo.xcdatamodel */ = {isa = PBXFileReference; lastKnownFileType = wrapper.xcdatamodel; path = TongHuo.xcdatamodel; sourceTree = "<group>"; };
		037D835C1D2E7B9E0063E17E /* Assets.xcassets */ = {isa = PBXFileReference; lastKnownFileType = folder.assetcatalog; path = Assets.xcassets; sourceTree = "<group>"; };
		037D835F1D2E7B9E0063E17E /* Base */ = {isa = PBXFileReference; lastKnownFileType = file.storyboard; name = Base; path = Base.lproj/LaunchScreen.storyboard; sourceTree = "<group>"; };
		037D83611D2E7B9E0063E17E /* Info.plist */ = {isa = PBXFileReference; lastKnownFileType = text.plist.xml; path = Info.plist; sourceTree = "<group>"; };
/* End PBXFileReference section */

/* Begin PBXFrameworksBuildPhase section */
		037D83471D2E7B9E0063E17E /* Frameworks */ = {
			isa = PBXFrameworksBuildPhase;
			buildActionMask = 2147483647;
			files = (
			);
			runOnlyForDeploymentPostprocessing = 0;
		};
/* End PBXFrameworksBuildPhase section */

/* Begin PBXGroup section */
		037D83411D2E7B9E0063E17E = {
			isa = PBXGroup;
			children = (
				037D834C1D2E7B9E0063E17E /* TongHuo */,
				037D834B1D2E7B9E0063E17E /* Products */,
			);
			sourceTree = "<group>";
		};
		037D834B1D2E7B9E0063E17E /* Products */ = {
			isa = PBXGroup;
			children = (
				037D834A1D2E7B9E0063E17E /* TongHuo.app */,
			);
			name = Products;
			sourceTree = "<group>";
		};
		037D834C1D2E7B9E0063E17E /* TongHuo */ = {
			isa = PBXGroup;
			children = (
				037D83501D2E7B9E0063E17E /* AppDelegate.h */,
				037D83511D2E7B9E0063E17E /* AppDelegate.m */,
				037D83531D2E7B9E0063E17E /* ViewController.h */,
				037D83541D2E7B9E0063E17E /* ViewController.m */,
				037D83561D2E7B9E0063E17E /* Main.storyboard */,
				037D835C1D2E7B9E0063E17E /* Assets.xcassets */,
				037D835E1D2E7B9E0063E17E /* LaunchScreen.storyboard */,
				037D83611D2E7B9E0063E17E /* Info.plist */,
				037D83591D2E7B9E0063E17E /* TongHuo.xcdatamodeld */,
				037D834D1D2E7B9E0063E17E /* Supporting Files */,
			);
			path = TongHuo;
			sourceTree = "<group>";
		};
		037D834D1D2E7B9E0063E17E /* Supporting Files */ = {
			isa = PBXGroup;
			children = (
				037D834E1D2E7B9E0063E17E /* main.m */,
			);
			name = "Supporting Files";
			sourceTree = "<group>";
		};
/* End PBXGroup section */

/* Begin PBXNativeTarget section */
		037D83491D2E7B9E0063E17E /* TongHuo */ = {
			isa = PBXNativeTarget;
			buildConfigurationList = 037D83641D2E7B9E0063E17E /* Build configuration list for PBXNativeTarget "TongHuo" */;
			buildPhases = (
				037D83461D2E7B9E0063E17E /* Sources */,
				037D83471D2E7B9E0063E17E /* Frameworks */,
				037D83481D2E7B9E0063E17E /* Resources */,
			);
			buildRules = (
			);
			dependencies = (
			);
			name = TongHuo;
			productName = TongHuo;
			productReference = 037D834A1D2E7B9E0063E17E /* TongHuo.app */;
			productType = "com.apple.product-type.application";
		};
/* End PBXNativeTarget section */

/* Begin PBXProject section */
		037D83421D2E7B9E0063E17E /* Project object */ = {
			isa = PBXProject;
			attributes = {
				LastUpgradeCheck = 0730;
				ORGANIZATIONNAME = xionghuanxin;
				TargetAttributes = {
					037D83491D2E7B9E0063E17E = {
						CreatedOnToolsVersion = 7.3.1;
						DevelopmentTeam = PBRT9CT95H;
					};
				};
			};
			buildConfigurationList = 037D83451D2E7B9E0063E17E /* Build configuration list for PBXProject "TongHuo" */;
			compatibilityVersion = "Xcode 3.2";
			developmentRegion = English;
			hasScannedForEncodings = 0;
			knownRegions = (
				en,
				Base,
			);
			mainGroup = 037D83411D2E7B9E0063E17E;
			productRefGroup = 037D834B1D2E7B9E0063E17E /* Products */;
			projectDirPath = "";
			projectRoot = "";
			targets = (
				037D83491D2E7B9E0063E17E /* TongHuo */,
			);
		};
/* End PBXProject section */

/* Begin PBXResourcesBuildPhase section */
		037D83481D2E7B9E0063E17E /* Resources */ = {
			isa = PBXResourcesBuildPhase;
			buildActionMask = 2147483647;
			files = (
				037D83601D2E7B9E0063E17E /* LaunchScreen.storyboard in Resources */,
				037D835D1D2E7B9E0063E17E /* Assets.xcassets in Resources */,
				037D83581D2E7B9E0063E17E /* Main.storyboard in Resources */,
			);
			runOnlyForDeploymentPostprocessing = 0;
		};
/* End PBXResourcesBuildPhase section */

/* Begin PBXSourcesBuildPhase section */
		037D83461D2E7B9E0063E17E /* Sources */ = {
			isa = PBXSourcesBuildPhase;
			buildActionMask = 2147483647;
			files = (
				037D835B1D2E7B9E0063E17E /* TongHuo.xcdatamodeld in Sources */,
				037D83551D2E7B9E0063E17E /* ViewController.m in Sources */,
				037D83521D2E7B9E0063E17E /* AppDelegate.m in Sources */,
				037D834F1D2E7B9E0063E17E /* main.m in Sources */,
			);
			runOnlyForDeploymentPostprocessing = 0;
		};
/* End PBXSourcesBuildPhase section */

/* Begin PBXVariantGroup section */
		037D83561D2E7B9E0063E17E /* Main.storyboard */ = {
			isa = PBXVariantGroup;
			children = (
				037D83571D2E7B9E0063E17E /* Base */,
			);
			name = Main.storyboard;
			sourceTree = "<group>";
		};
		037D835E1D2E7B9E0063E17E /* LaunchScreen.storyboard */ = {
			isa = PBXVariantGroup;
			children = (
				037D835F1D2E7B9E0063E17E /* Base */,
			);
			name = LaunchScreen.storyboard;
			sourceTree = "<group>";
		};
/* End PBXVariantGroup section */

/* Begin XCBuildConfiguration section */
		037D83621D2E7B9E0063E17E /* Debug */ = {
			isa = XCBuildConfiguration;
			buildSettings = {
				ALWAYS_SEARCH_USER_PATHS = NO;
				CLANG_ANALYZER_NONNULL = YES;
				CLANG_CXX_LANGUAGE_STANDARD = "gnu++0x";
				CLANG_CXX_LIBRARY = "libc++";
				CLANG_ENABLE_MODULES = YES;
				CLANG_ENABLE_OBJC_ARC = YES;
				CLANG_WARN_BOOL_CONVERSION = YES;
				CLANG_WARN_CONSTANT_CONVERSION = YES;
				CLANG_WARN_DIRECT_OBJC_ISA_USAGE = YES_ERROR;
				CLANG_WARN_EMPTY_BODY = YES;
				CLANG_WARN_ENUM_CONVERSION = YES;
				CLANG_WARN_INT_CONVERSION = YES;
				CLANG_WARN_OBJC_ROOT_CLASS = YES_ERROR;
				CLANG_WARN_UNREACHABLE_CODE = YES;
				CLANG_WARN__DUPLICATE_METHOD_MATCH = YES;
				"CODE_SIGN_IDENTITY[sdk=iphoneos*]" = "iPhone Developer";
				COPY_PHASE_STRIP = NO;
				DEBUG_INFORMATION_FORMAT = dwarf;
				ENABLE_STRICT_OBJC_MSGSEND = YES;
				ENABLE_TESTABILITY = YES;
				GCC_C_LANGUAGE_STANDARD = gnu99;
				GCC_DYNAMIC_NO_PIC = NO;
				GCC_NO_COMMON_BLOCKS = YES;
				GCC_OPTIMIZATION_LEVEL = 0;
				GCC_PREPROCESSOR_DEFINITIONS = (
					"DEBUG=1",
					"$(inherited)",
				);
				GCC_WARN_64_TO_32_BIT_CONVERSION = YES;
				GCC_WARN_ABOUT_RETURN_TYPE = YES_ERROR;
				GCC_WARN_UNDECLARED_SELECTOR = YES;
				GCC_WARN_UNINITIALIZED_AUTOS = YES_AGGRESSIVE;
				GCC_WARN_UNUSED_FUNCTION = YES;
				GCC_WARN_UNUSED_VARIABLE = YES;
				IPHONEOS_DEPLOYMENT_TARGET = 9.3;
				MTL_ENABLE_DEBUG_INFO = YES;
				ONLY_ACTIVE_ARCH = YES;
				SDKROOT = iphoneos;
			};
			name = Debug;
		};
		037D83631D2E7B9E0063E17E /* Release */ = {
			isa = XCBuildConfiguration;
			buildSettings = {
				ALWAYS_SEARCH_USER_PATHS = NO;
				CLANG_ANALYZER_NONNULL = YES;
				CLANG_CXX_LANGUAGE_STANDARD = "gnu++0x";
				CLANG_CXX_LIBRARY = "libc++";
				CLANG_ENABLE_MODULES = YES;
				CLANG_ENABLE_OBJC_ARC = YES;
				CLANG_WARN_BOOL_CONVERSION = YES;
				CLANG_WARN_CONSTANT_CONVERSION = YES;
				CLANG_WARN_DIRECT_OBJC_ISA_USAGE = YES_ERROR;
				CLANG_WARN_EMPTY_BODY = YES;
				CLANG_WARN_ENUM_CONVERSION = YES;
				CLANG_WARN_INT_CONVERSION = YES;
				CLANG_WARN_OBJC_ROOT_CLASS = YES_ERROR;
				CLANG_WARN_UNREACHABLE_CODE = YES;
				CLANG_WARN__DUPLICATE_METHOD_MATCH = YES;
				"CODE_SIGN_IDENTITY[sdk=iphoneos*]" = "iPhone Developer";
				COPY_PHASE_STRIP = NO;
				DEBUG_INFORMATION_FORMAT = "dwarf-with-dsym";
				ENABLE_NS_ASSERTIONS = NO;
				ENABLE_STRICT_OBJC_MSGSEND = YES;
				GCC_C_LANGUAGE_STANDARD = gnu99;
				GCC_NO_COMMON_BLOCKS = YES;
				GCC_WARN_64_TO_32_BIT_CONVERSION = YES;
				GCC_WARN_ABOUT_RETURN_TYPE = YES_ERROR;
				GCC_WARN_UNDECLARED_SELECTOR = YES;
				GCC_WARN_UNINITIALIZED_AUTOS = YES_AGGRESSIVE;
				GCC_WARN_UNUSED_FUNCTION = YES;
				GCC_WARN_UNUSED_VARIABLE = YES;
				IPHONEOS_DEPLOYMENT_TARGET = 9.3;
				MTL_ENABLE_DEBUG_INFO = NO;
				SDKROOT = iphoneos;
				VALIDATE_PRODUCT = YES;
			};
			name = Release;
		};
		037D83651D2E7B9E0063E17E /* Debug */ = {
			isa = XCBuildConfiguration;
			buildSettings = {
				ASSETCATALOG_COMPILER_APPICON_NAME = AppIcon;
				INFOPLIST_FILE = TongHuo/Info.plist;
				LD_RUNPATH_SEARCH_PATHS = "$(inherited) @executable_path/Frameworks";
				PRODUCT_BUNDLE_IDENTIFIER = xhx.TongHuo;
				PRODUCT_NAME = "$(TARGET_NAME)";
			};
			name = Debug;
		};
		037D83661D2E7B9E0063E17E /* Release */ = {
			isa = XCBuildConfiguration;
			buildSettings = {
				ASSETCATALOG_COMPILER_APPICON_NAME = AppIcon;
				INFOPLIST_FILE = TongHuo/Info.plist;
				LD_RUNPATH_SEARCH_PATHS = "$(inherited) @executable_path/Frameworks";
				PRODUCT_BUNDLE_IDENTIFIER = xhx.TongHuo;
				PRODUCT_NAME = "$(TARGET_NAME)";
			};
			name = Release;
		};
/* End XCBuildConfiguration section */

/* Begin XCConfigurationList section */
		037D83451D2E7B9E0063E17E /* Build configuration list for PBXProject "TongHuo" */ = {
			isa = XCConfigurationList;
			buildConfigurations = (
				037D83621D2E7B9E0063E17E /* Debug */,
				037D83631D2E7B9E0063E17E /* Release */,
			);
			defaultConfigurationIsVisible = 0;
			defaultConfigurationName = Release;
		};
		037D83641D2E7B9E0063E17E /* Build configuration list for PBXNativeTarget "TongHuo" */ = {
			isa = XCConfigurationList;
			buildConfigurations = (
				037D83651D2E7B9E0063E17E /* Debug */,
				037D83661D2E7B9E0063E17E /* Release */,
			);
			defaultConfigurationIsVisible = 0;
		};
/* End XCConfigurationList section */

/* Begin XCVersionGroup section */
		037D83591D2E7B9E0063E17E /* TongHuo.xcdatamodeld */ = {
			isa = XCVersionGroup;
			children = (
				037D835A1D2E7B9E0063E17E /* TongHuo.xcdatamodel */,
			);
			currentVersion = 037D835A1D2E7B9E0063E17E /* TongHuo.xcdatamodel */;
			path = TongHuo.xcdatamodeld;
			sourceTree = "<group>";
			versionGroupType = wrapper.xcdatamodel;
		};
/* End XCVersionGroup section */
	};
	rootObject = 037D83421D2E7B9E0063E17E /* Project object */;
}
