// !$*UTF8*$!
{
	archiveVersion = 1;
	classes = {
	};
	objectVersion = 46;
	objects = {

/* Begin PBXBuildFile section */
		037D834F1D2E7B9E0063E17E /* main.m in Sources */ = {isa = PBXBuildFile; fileRef = 037D834E1D2E7B9E0063E17E /* main.m */; };
		037D83521D2E7B9E0063E17E /* AppDelegate.m in Sources */ = {isa = PBXBuildFile; fileRef = 037D83511D2E7B9E0063E17E /* AppDelegate.m */; };
		037D83551D2E7B9E0063E17E /* ViewController.m in Sources */ = {isa = PBXBuildFile; fileRef = 037D83541D2E7B9E0063E17E /* ViewController.m */; };
		037D83581D2E7B9E0063E17E /* Main.storyboard in Resources */ = {isa = PBXBuildFile; fileRef = 037D83561D2E7B9E0063E17E /* Main.storyboard */; };
		037D835B1D2E7B9E0063E17E /* TongHuo.xcdatamodeld in Sources */ = {isa = PBXBuildFile; fileRef = 037D83591D2E7B9E0063E17E /* TongHuo.xcdatamodeld */; };
		037D835D1D2E7B9E0063E17E /* Assets.xcassets in Resources */ = {isa = PBXBuildFile; fileRef = 037D835C1D2E7B9E0063E17E /* Assets.xcassets */; };
		037D83601D2E7B9E0063E17E /* LaunchScreen.storyboard in Resources */ = {isa = PBXBuildFile; fileRef = 037D835E1D2E7B9E0063E17E /* LaunchScreen.storyboard */; };
		0E1177BD2314AFA585FDDC71 /* libPods-TongHuo.a in Frameworks */ = {isa = PBXBuildFile; fileRef = DAF34D4EFFD6BD827639F124 /* libPods-TongHuo.a */; };
		8A0E04F71D37890600B31424 /* ArticleListModle.m in Sources */ = {isa = PBXBuildFile; fileRef = 8A0E043D1D37890600B31424 /* ArticleListModle.m */; };
		8A0E04F81D37890600B31424 /* FoundationVC.m in Sources */ = {isa = PBXBuildFile; fileRef = 8A0E043F1D37890600B31424 /* FoundationVC.m */; };
		8A0E04F91D37890600B31424 /* ModelVCClassed.m in Sources */ = {isa = PBXBuildFile; fileRef = 8A0E04411D37890600B31424 /* ModelVCClassed.m */; };
		8A0E04FA1D37890600B31424 /* ModelVCSimple.m in Sources */ = {isa = PBXBuildFile; fileRef = 8A0E04431D37890600B31424 /* ModelVCSimple.m */; };
		8A0E04FB1D37890600B31424 /* LeftSideCell.m in Sources */ = {isa = PBXBuildFile; fileRef = 8A0E04471D37890600B31424 /* LeftSideCell.m */; };
		8A0E04FC1D37890600B31424 /* LeftSideView.m in Sources */ = {isa = PBXBuildFile; fileRef = 8A0E04491D37890600B31424 /* LeftSideView.m */; };
		8A0E04FD1D37890600B31424 /* LoginView.m in Sources */ = {isa = PBXBuildFile; fileRef = 8A0E044C1D37890600B31424 /* LoginView.m */; };
		8A0E04FE1D37890600B31424 /* ArticleDetailVC.m in Sources */ = {isa = PBXBuildFile; fileRef = 8A0E04501D37890600B31424 /* ArticleDetailVC.m */; };
		8A0E04FF1D37890600B31424 /* ArticleList.m in Sources */ = {isa = PBXBuildFile; fileRef = 8A0E04521D37890600B31424 /* ArticleList.m */; };
		8A0E05001D37890600B31424 /* ArticleListTableViewCell.m in Sources */ = {isa = PBXBuildFile; fileRef = 8A0E04541D37890600B31424 /* ArticleListTableViewCell.m */; };
		8A0E05011D37890600B31424 /* SimpleCateListView.m in Sources */ = {isa = PBXBuildFile; fileRef = 8A0E04571D37890600B31424 /* SimpleCateListView.m */; };
		8A0E05021D37890600B31424 /* SimpleListCell.m in Sources */ = {isa = PBXBuildFile; fileRef = 8A0E04591D37890600B31424 /* SimpleListCell.m */; };
		8A0E05031D37890600B31424 /* SimpleListTableViewHeader.m in Sources */ = {isa = PBXBuildFile; fileRef = 8A0E045B1D37890600B31424 /* SimpleListTableViewHeader.m */; };
		8A0E05041D37890600B31424 /* SimpleListView.m in Sources */ = {isa = PBXBuildFile; fileRef = 8A0E045D1D37890600B31424 /* SimpleListView.m */; };
		8A0E05051D37890600B31424 /* RootVC.m in Sources */ = {isa = PBXBuildFile; fileRef = 8A0E045F1D37890600B31424 /* RootVC.m */; };
		8A0E05061D37890600B31424 /* ShadowView.m in Sources */ = {isa = PBXBuildFile; fileRef = 8A0E04611D37890600B31424 /* ShadowView.m */; };
		8A0E05091D37890600B31424 /* UserInfo.m in Sources */ = {isa = PBXBuildFile; fileRef = 8A0E046A1D37890600B31424 /* UserInfo.m */; };
		8A0E050A1D37890600B31424 /* MainPage.m in Sources */ = {isa = PBXBuildFile; fileRef = 8A0E046F1D37890600B31424 /* MainPage.m */; };
		8A0E050B1D37890600B31424 /* MainPageScroll.m in Sources */ = {isa = PBXBuildFile; fileRef = 8A0E04711D37890600B31424 /* MainPageScroll.m */; };
		8A0E050C1D37890600B31424 /* MAMAHeaderPage.m in Sources */ = {isa = PBXBuildFile; fileRef = 8A0E04731D37890600B31424 /* MAMAHeaderPage.m */; };
		8A0E050D1D37890600B31424 /* MAMATableViewControllers.m in Sources */ = {isa = PBXBuildFile; fileRef = 8A0E04751D37890600B31424 /* MAMATableViewControllers.m */; };
		8A0E050E1D37890600B31424 /* NetRequest+Article.m in Sources */ = {isa = PBXBuildFile; fileRef = 8A0E04771D37890600B31424 /* NetRequest+Article.m */; };
		8A0E050F1D37890600B31424 /* NetRequest+DailyFavourites.m in Sources */ = {isa = PBXBuildFile; fileRef = 8A0E04791D37890600B31424 /* NetRequest+DailyFavourites.m */; };
		8A0E05101D37890600B31424 /* NetRequest+Region.m in Sources */ = {isa = PBXBuildFile; fileRef = 8A0E047B1D37890600B31424 /* NetRequest+Region.m */; };
		8A0E05111D37890600B31424 /* NetRequest+Simple.m in Sources */ = {isa = PBXBuildFile; fileRef = 8A0E047D1D37890600B31424 /* NetRequest+Simple.m */; };
		8A0E05121D37890600B31424 /* NetRequest+Special.m in Sources */ = {isa = PBXBuildFile; fileRef = 8A0E047F1D37890600B31424 /* NetRequest+Special.m */; };
		8A0E05131D37890600B31424 /* NetRequest+UserDoing.m in Sources */ = {isa = PBXBuildFile; fileRef = 8A0E04811D37890600B31424 /* NetRequest+UserDoing.m */; };
		8A0E05141D37890600B31424 /* NetRequest+UserInfoRequst.m in Sources */ = {isa = PBXBuildFile; fileRef = 8A0E04831D37890600B31424 /* NetRequest+UserInfoRequst.m */; };
		8A0E05151D37890600B31424 /* NetRequest.m in Sources */ = {isa = PBXBuildFile; fileRef = 8A0E04851D37890600B31424 /* NetRequest.m */; };
		8A0E05161D37890600B31424 /* NSObject+FileWithBundle.m in Sources */ = {isa = PBXBuildFile; fileRef = 8A0E04871D37890600B31424 /* NSObject+FileWithBundle.m */; };
		8A0E05171D37890600B31424 /* UIBarButtonItem+CustomItem.m in Sources */ = {isa = PBXBuildFile; fileRef = 8A0E04891D37890600B31424 /* UIBarButtonItem+CustomItem.m */; };
		8A0E05181D37890600B31424 /* UIView+SetSize.m in Sources */ = {isa = PBXBuildFile; fileRef = 8A0E048B1D37890600B31424 /* UIView+SetSize.m */; };
		8A0E05191D37890600B31424 /* XStringUtils.m in Sources */ = {isa = PBXBuildFile; fileRef = 8A0E048D1D37890600B31424 /* XStringUtils.m */; };
		8A0E051A1D37890600B31424 /* XUtilityTools.m in Sources */ = {isa = PBXBuildFile; fileRef = 8A0E048F1D37890600B31424 /* XUtilityTools.m */; };
		8A0E051B1D37890600B31424 /* ArticleAssistBar.m in Sources */ = {isa = PBXBuildFile; fileRef = 8A0E04931D37890600B31424 /* ArticleAssistBar.m */; };
		8A0E051C1D37890600B31424 /* ArticleAssistButton.m in Sources */ = {isa = PBXBuildFile; fileRef = 8A0E04951D37890600B31424 /* ArticleAssistButton.m */; };
		8A0E051D1D37890600B31424 /* XAlertViewHelper.m in Sources */ = {isa = PBXBuildFile; fileRef = 8A0E04991D37890600B31424 /* XAlertViewHelper.m */; };
		8A0E051E1D37890600B31424 /* XTabBar.m in Sources */ = {isa = PBXBuildFile; fileRef = 8A0E049B1D37890600B31424 /* XTabBar.m */; };
		8A0E051F1D37890600B31424 /* XNavigationController.m in Sources */ = {isa = PBXBuildFile; fileRef = 8A0E049E1D37890600B31424 /* XNavigationController.m */; };
		8A0E05201D37890600B31424 /* calender_F.png in Resources */ = {isa = PBXBuildFile; fileRef = 8A0E04A11D37890600B31424 /* calender_F.png */; };
		8A0E05211D37890600B31424 /* 打开更多.png in Resources */ = {isa = PBXBuildFile; fileRef = 8A0E04A21D37890600B31424 /* 打开更多.png */; };
		8A0E05221D37890600B31424 /* 乐活未选.png in Resources */ = {isa = PBXBuildFile; fileRef = 8A0E04A41D37890600B31424 /* 乐活未选.png */; };
		8A0E05231D37890600B31424 /* 乐活选中.png in Resources */ = {isa = PBXBuildFile; fileRef = 8A0E04A51D37890600B31424 /* 乐活选中.png */; };
		8A0E05241D37890600B31424 /* 书影音未选.png in Resources */ = {isa = PBXBuildFile; fileRef = 8A0E04A61D37890600B31424 /* 书影音未选.png */; };
		8A0E05251D37890600B31424 /* 书影音选中.png in Resources */ = {isa = PBXBuildFile; fileRef = 8A0E04A71D37890600B31424 /* 书影音选中.png */; };
		8A0E05261D37890600B31424 /* 娱乐圈未选.png in Resources */ = {isa = PBXBuildFile; fileRef = 8A0E04A81D37890600B31424 /* 娱乐圈未选.png */; };
		8A0E05271D37890600B31424 /* 娱乐圈选中.png in Resources */ = {isa = PBXBuildFile; fileRef = 8A0E04A91D37890600B31424 /* 娱乐圈选中.png */; };
		8A0E05281D37890600B31424 /* 情感未选.png in Resources */ = {isa = PBXBuildFile; fileRef = 8A0E04AA1D37890600B31424 /* 情感未选.png */; };
		8A0E05291D37890600B31424 /* 情感选中.png in Resources */ = {isa = PBXBuildFile; fileRef = 8A0E04AB1D37890600B31424 /* 情感选中.png */; };
		8A0E052A1D37890600B31424 /* 搜索文章.png in Resources */ = {isa = PBXBuildFile; fileRef = 8A0E04AC1D37890600B31424 /* 搜索文章.png */; };
		8A0E052B1D37890600B31424 /* 美妈未选.png in Resources */ = {isa = PBXBuildFile; fileRef = 8A0E04AD1D37890600B31424 /* 美妈未选.png */; };
		8A0E052C1D37890600B31424 /* 美妈选中.png in Resources */ = {isa = PBXBuildFile; fileRef = 8A0E04AE1D37890600B31424 /* 美妈选中.png */; };
		8A0E052D1D37890600B31424 /* 育儿未选.png in Resources */ = {isa = PBXBuildFile; fileRef = 8A0E04AF1D37890600B31424 /* 育儿未选.png */; };
		8A0E052E1D37890600B31424 /* 育儿选中.png in Resources */ = {isa = PBXBuildFile; fileRef = 8A0E04B01D37890600B31424 /* 育儿选中.png */; };
		8A0E052F1D37890600B31424 /* 浏览数.png in Resources */ = {isa = PBXBuildFile; fileRef = 8A0E04B21D37890600B31424 /* 浏览数.png */; };
		8A0E05301D37890600B31424 /* 个人中心垃圾桶.png in Resources */ = {isa = PBXBuildFile; fileRef = 8A0E04B41D37890600B31424 /* 个人中心垃圾桶.png */; };
		8A0E05311D37890600B31424 /* 个人中心更换照片图标.png in Resources */ = {isa = PBXBuildFile; fileRef = 8A0E04B51D37890600B31424 /* 个人中心更换照片图标.png */; };
		8A0E05321D37890600B31424 /* 个人中心背景墙2.png in Resources */ = {isa = PBXBuildFile; fileRef = 8A0E04B61D37890600B31424 /* 个人中心背景墙2.png */; };
		8A0E05331D37890600B31424 /* 传书.png in Resources */ = {isa = PBXBuildFile; fileRef = 8A0E04B71D37890600B31424 /* 传书.png */; };
		8A0E05341D37890600B31424 /* 收藏 (2).png in Resources */ = {isa = PBXBuildFile; fileRef = 8A0E04B81D37890600B31424 /* 收藏 (2).png */; };
		8A0E05351D37890600B31424 /* 编辑.png in Resources */ = {isa = PBXBuildFile; fileRef = 8A0E04B91D37890600B31424 /* 编辑.png */; };
		8A0E05361D37890600B31424 /* 设置.png in Resources */ = {isa = PBXBuildFile; fileRef = 8A0E04BA1D37890600B31424 /* 设置.png */; };
		8A0E05371D37890600B31424 /* 传书已读.png in Resources */ = {isa = PBXBuildFile; fileRef = 8A0E04BB1D37890600B31424 /* 传书已读.png */; };
		8A0E05381D37890600B31424 /* 传书未读.png in Resources */ = {isa = PBXBuildFile; fileRef = 8A0E04BC1D37890600B31424 /* 传书未读.png */; };
		8A0E05391D37890600B31424 /* QQ分享.png in Resources */ = {isa = PBXBuildFile; fileRef = 8A0E04BE1D37890600B31424 /* QQ分享.png */; };
		8A0E053A1D37890600B31424 /* 复制链接.png in Resources */ = {isa = PBXBuildFile; fileRef = 8A0E04BF1D37890600B31424 /* 复制链接.png */; };
		8A0E053B1D37890600B31424 /* 微信分享.png in Resources */ = {isa = PBXBuildFile; fileRef = 8A0E04C01D37890600B31424 /* 微信分享.png */; };
		8A0E053C1D37890600B31424 /* 微博分享.png in Resources */ = {isa = PBXBuildFile; fileRef = 8A0E04C11D37890600B31424 /* 微博分享.png */; };
		8A0E053D1D37890600B31424 /* 朋友圈分享.png in Resources */ = {isa = PBXBuildFile; fileRef = 8A0E04C21D37890600B31424 /* 朋友圈分享.png */; };
		8A0E053E1D37890600B31424 /* 空间分享.png in Resources */ = {isa = PBXBuildFile; fileRef = 8A0E04C31D37890600B31424 /* 空间分享.png */; };
		8A0E053F1D37890600B31424 /* 1.png in Resources */ = {isa = PBXBuildFile; fileRef = 8A0E04C51D37890600B31424 /* 1.png */; };
		8A0E05401D37890600B31424 /* 10.png in Resources */ = {isa = PBXBuildFile; fileRef = 8A0E04C61D37890600B31424 /* 10.png */; };
		8A0E05411D37890600B31424 /* 11.png in Resources */ = {isa = PBXBuildFile; fileRef = 8A0E04C71D37890600B31424 /* 11.png */; };
		8A0E05421D37890600B31424 /* 12.png in Resources */ = {isa = PBXBuildFile; fileRef = 8A0E04C81D37890600B31424 /* 12.png */; };
		8A0E05431D37890600B31424 /* 13.png in Resources */ = {isa = PBXBuildFile; fileRef = 8A0E04C91D37890600B31424 /* 13.png */; };
		8A0E05441D37890600B31424 /* 14.png in Resources */ = {isa = PBXBuildFile; fileRef = 8A0E04CA1D37890600B31424 /* 14.png */; };
		8A0E05451D37890600B31424 /* 15.png in Resources */ = {isa = PBXBuildFile; fileRef = 8A0E04CB1D37890600B31424 /* 15.png */; };
		8A0E05461D37890600B31424 /* 16.png in Resources */ = {isa = PBXBuildFile; fileRef = 8A0E04CC1D37890600B31424 /* 16.png */; };
		8A0E05471D37890600B31424 /* 2.png in Resources */ = {isa = PBXBuildFile; fileRef = 8A0E04CD1D37890600B31424 /* 2.png */; };
		8A0E05481D37890600B31424 /* 3.png in Resources */ = {isa = PBXBuildFile; fileRef = 8A0E04CE1D37890600B31424 /* 3.png */; };
		8A0E05491D37890600B31424 /* 4.png in Resources */ = {isa = PBXBuildFile; fileRef = 8A0E04CF1D37890600B31424 /* 4.png */; };
		8A0E054A1D37890600B31424 /* 5.png in Resources */ = {isa = PBXBuildFile; fileRef = 8A0E04D01D37890600B31424 /* 5.png */; };
		8A0E054B1D37890600B31424 /* 6.png in Resources */ = {isa = PBXBuildFile; fileRef = 8A0E04D11D37890600B31424 /* 6.png */; };
		8A0E054C1D37890600B31424 /* 7.png in Resources */ = {isa = PBXBuildFile; fileRef = 8A0E04D21D37890600B31424 /* 7.png */; };
		8A0E054D1D37890600B31424 /* 8.png in Resources */ = {isa = PBXBuildFile; fileRef = 8A0E04D31D37890600B31424 /* 8.png */; };
		8A0E054E1D37890600B31424 /* 9.png in Resources */ = {isa = PBXBuildFile; fileRef = 8A0E04D41D37890600B31424 /* 9.png */; };
		8A0E054F1D37890600B31424 /* 29.png in Resources */ = {isa = PBXBuildFile; fileRef = 8A0E04D61D37890600B31424 /* 29.png */; };
		8A0E05501D37890600B31424 /* 29@2x.png in Resources */ = {isa = PBXBuildFile; fileRef = 8A0E04D71D37890600B31424 /* 29@2x.png */; };
		8A0E05511D37890600B31424 /* 29@3x.png in Resources */ = {isa = PBXBuildFile; fileRef = 8A0E04D81D37890600B31424 /* 29@3x.png */; };
		8A0E05521D37890600B31424 /* 40.png in Resources */ = {isa = PBXBuildFile; fileRef = 8A0E04D91D37890600B31424 /* 40.png */; };
		8A0E05531D37890600B31424 /* 40@2x.png in Resources */ = {isa = PBXBuildFile; fileRef = 8A0E04DA1D37890600B31424 /* 40@2x.png */; };
		8A0E05541D37890600B31424 /* 40@3x.png in Resources */ = {isa = PBXBuildFile; fileRef = 8A0E04DB1D37890600B31424 /* 40@3x.png */; };
		8A0E05551D37890600B31424 /* 60.png in Resources */ = {isa = PBXBuildFile; fileRef = 8A0E04DC1D37890600B31424 /* 60.png */; };
		8A0E05561D37890600B31424 /* 60@2x.png in Resources */ = {isa = PBXBuildFile; fileRef = 8A0E04DD1D37890600B31424 /* 60@2x.png */; };
		8A0E05571D37890600B31424 /* 60@3x.png in Resources */ = {isa = PBXBuildFile; fileRef = 8A0E04DE1D37890600B31424 /* 60@3x.png */; };
		8A0E05581D37890600B31424 /* default1@2x.png in Resources */ = {isa = PBXBuildFile; fileRef = 8A0E04DF1D37890600B31424 /* default1@2x.png */; };
		8A0E05591D37890600B31424 /* default2@2x.png in Resources */ = {isa = PBXBuildFile; fileRef = 8A0E04E01D37890600B31424 /* default2@2x.png */; };
		8A0E055A1D37890600B31424 /* default@2x.png in Resources */ = {isa = PBXBuildFile; fileRef = 8A0E04E11D37890600B31424 /* default@2x.png */; };
		8A0E055B1D37890600B31424 /* 文章评论页-书写-图标.png in Resources */ = {isa = PBXBuildFile; fileRef = 8A0E04E31D37890600B31424 /* 文章评论页-书写-图标.png */; };
		8A0E055C1D37890600B31424 /* 分享.png in Resources */ = {isa = PBXBuildFile; fileRef = 8A0E04E51D37890600B31424 /* 分享.png */; };
		8A0E055D1D37890600B31424 /* 收藏未选.png in Resources */ = {isa = PBXBuildFile; fileRef = 8A0E04E61D37890600B31424 /* 收藏未选.png */; };
		8A0E055E1D37890600B31424 /* 收藏选中.png in Resources */ = {isa = PBXBuildFile; fileRef = 8A0E04E71D37890600B31424 /* 收藏选中.png */; };
		8A0E055F1D37890600B31424 /* 更多.png in Resources */ = {isa = PBXBuildFile; fileRef = 8A0E04E81D37890600B31424 /* 更多.png */; };
		8A0E05601D37890600B31424 /* 评论数.png in Resources */ = {isa = PBXBuildFile; fileRef = 8A0E04E91D37890600B31424 /* 评论数.png */; };
		8A0E05611D37890600B31424 /* 赞.png in Resources */ = {isa = PBXBuildFile; fileRef = 8A0E04EA1D37890600B31424 /* 赞.png */; };
		8A0E05621D37890600B31424 /* 赞未选.png in Resources */ = {isa = PBXBuildFile; fileRef = 8A0E04EB1D37890600B31424 /* 赞未选.png */; };
		8A0E05631D37890600B31424 /* QQ登录.png in Resources */ = {isa = PBXBuildFile; fileRef = 8A0E04ED1D37890600B31424 /* QQ登录.png */; };
		8A0E05641D37890600B31424 /* 微信登录.png in Resources */ = {isa = PBXBuildFile; fileRef = 8A0E04EE1D37890600B31424 /* 微信登录.png */; };
		8A0E05651D37890600B31424 /* 登录页MAMA-LOGO.png in Resources */ = {isa = PBXBuildFile; fileRef = 8A0E04EF1D37890600B31424 /* 登录页MAMA-LOGO.png */; };
		8A0E05661D37890600B31424 /* 登录页MAMA-LOGO加大.png in Resources */ = {isa = PBXBuildFile; fileRef = 8A0E04F01D37890600B31424 /* 登录页MAMA-LOGO加大.png */; };
		8A0E05671D37890600B31424 /* 登录页关闭按钮.png in Resources */ = {isa = PBXBuildFile; fileRef = 8A0E04F11D37890600B31424 /* 登录页关闭按钮.png */; };
		8A0E05681D37890600B31424 /* 登录页背景.png in Resources */ = {isa = PBXBuildFile; fileRef = 8A0E04F21D37890600B31424 /* 登录页背景.png */; };
		8A0E05691D37890600B31424 /* 白色返回.png in Resources */ = {isa = PBXBuildFile; fileRef = 8A0E04F31D37890600B31424 /* 白色返回.png */; };
		8A0E056A1D37890600B31424 /* 读取图片图.png in Resources */ = {isa = PBXBuildFile; fileRef = 8A0E04F41D37890600B31424 /* 读取图片图.png */; };
		8A0E056B1D37890600B31424 /* 返回顶部.png in Resources */ = {isa = PBXBuildFile; fileRef = 8A0E04F51D37890600B31424 /* 返回顶部.png */; };
		8A0E056C1D37890600B31424 /* 黑色返回.png in Resources */ = {isa = PBXBuildFile; fileRef = 8A0E04F61D37890600B31424 /* 黑色返回.png */; };
		8A0E05701D378CE400B31424 /* ArticleCateListViewController.m in Sources */ = {isa = PBXBuildFile; fileRef = 8A0E056F1D378CE400B31424 /* ArticleCateListViewController.m */; };
		8A0E05731D378DDF00B31424 /* ArticleList_CatePage.m in Sources */ = {isa = PBXBuildFile; fileRef = 8A0E05721D378DDF00B31424 /* ArticleList_CatePage.m */; };
		8A0E05761D378F3C00B31424 /* ArticleList_CatePageCell.m in Sources */ = {isa = PBXBuildFile; fileRef = 8A0E05751D378F3C00B31424 /* ArticleList_CatePageCell.m */; };
		8A0E057A1D37A54400B31424 /* DataSourcePrepare.m in Sources */ = {isa = PBXBuildFile; fileRef = 8A0E05791D37A54400B31424 /* DataSourcePrepare.m */; };
		8A0E05801D37AD5E00B31424 /* ArticleCateCollectionViewCell.m in Sources */ = {isa = PBXBuildFile; fileRef = 8A0E057F1D37AD5E00B31424 /* ArticleCateCollectionViewCell.m */; };
		8A953C4D1D3C778F00ACDC6C /* SpecialListViewController.m in Sources */ = {isa = PBXBuildFile; fileRef = 8A953C4C1D3C778F00ACDC6C /* SpecialListViewController.m */; };
		8A953C501D3C77D800ACDC6C /* SpecialListCell.m in Sources */ = {isa = PBXBuildFile; fileRef = 8A953C4F1D3C77D800ACDC6C /* SpecialListCell.m */; };
		8A953C531D3C77FB00ACDC6C /* SpecialInfoVC.m in Sources */ = {isa = PBXBuildFile; fileRef = 8A953C521D3C77FB00ACDC6C /* SpecialInfoVC.m */; };
		8A953C561D3C783D00ACDC6C /* SpecialInfoCell.m in Sources */ = {isa = PBXBuildFile; fileRef = 8A953C551D3C783D00ACDC6C /* SpecialInfoCell.m */; };
		8AE8C3F31D37E68A002F8AE7 /* XNavigationBar.m in Sources */ = {isa = PBXBuildFile; fileRef = 8AE8C3F21D37E68A002F8AE7 /* XNavigationBar.m */; };
/* End PBXBuildFile section */

/* Begin PBXFileReference section */
		037D834A1D2E7B9E0063E17E /* TongHuo.app */ = {isa = PBXFileReference; explicitFileType = wrapper.application; includeInIndex = 0; path = TongHuo.app; sourceTree = BUILT_PRODUCTS_DIR; };
		037D834E1D2E7B9E0063E17E /* main.m */ = {isa = PBXFileReference; lastKnownFileType = sourcecode.c.objc; path = main.m; sourceTree = "<group>"; };
		037D83501D2E7B9E0063E17E /* AppDelegate.h */ = {isa = PBXFileReference; lastKnownFileType = sourcecode.c.h; path = AppDelegate.h; sourceTree = "<group>"; };
		037D83511D2E7B9E0063E17E /* AppDelegate.m */ = {isa = PBXFileReference; lastKnownFileType = sourcecode.c.objc; path = AppDelegate.m; sourceTree = "<group>"; };
		037D83531D2E7B9E0063E17E /* ViewController.h */ = {isa = PBXFileReference; lastKnownFileType = sourcecode.c.h; path = ViewController.h; sourceTree = "<group>"; };
		037D83541D2E7B9E0063E17E /* ViewController.m */ = {isa = PBXFileReference; lastKnownFileType = sourcecode.c.objc; path = ViewController.m; sourceTree = "<group>"; };
		037D83571D2E7B9E0063E17E /* Base */ = {isa = PBXFileReference; lastKnownFileType = file.storyboard; name = Base; path = Base.lproj/Main.storyboard; sourceTree = "<group>"; };
		037D835A1D2E7B9E0063E17E /* TongHuo.xcdatamodel */ = {isa = PBXFileReference; lastKnownFileType = wrapper.xcdatamodel; path = TongHuo.xcdatamodel; sourceTree = "<group>"; };
		037D835C1D2E7B9E0063E17E /* Assets.xcassets */ = {isa = PBXFileReference; lastKnownFileType = folder.assetcatalog; path = Assets.xcassets; sourceTree = "<group>"; };
		037D835F1D2E7B9E0063E17E /* Base */ = {isa = PBXFileReference; lastKnownFileType = file.storyboard; name = Base; path = Base.lproj/LaunchScreen.storyboard; sourceTree = "<group>"; };
		037D83611D2E7B9E0063E17E /* Info.plist */ = {isa = PBXFileReference; lastKnownFileType = text.plist.xml; path = Info.plist; sourceTree = "<group>"; };
		037D83671D2E7C620063E17E /* PrefixHeader.pch */ = {isa = PBXFileReference; fileEncoding = 4; lastKnownFileType = sourcecode.c.h; path = PrefixHeader.pch; sourceTree = "<group>"; };
		8A0E043C1D37890600B31424 /* ArticleListModle.h */ = {isa = PBXFileReference; fileEncoding = 4; lastKnownFileType = sourcecode.c.h; path = ArticleListModle.h; sourceTree = "<group>"; };
		8A0E043D1D37890600B31424 /* ArticleListModle.m */ = {isa = PBXFileReference; fileEncoding = 4; lastKnownFileType = sourcecode.c.objc; path = ArticleListModle.m; sourceTree = "<group>"; };
		8A0E043E1D37890600B31424 /* FoundationVC.h */ = {isa = PBXFileReference; fileEncoding = 4; lastKnownFileType = sourcecode.c.h; path = FoundationVC.h; sourceTree = "<group>"; };
		8A0E043F1D37890600B31424 /* FoundationVC.m */ = {isa = PBXFileReference; fileEncoding = 4; lastKnownFileType = sourcecode.c.objc; path = FoundationVC.m; sourceTree = "<group>"; };
		8A0E04401D37890600B31424 /* ModelVCClassed.h */ = {isa = PBXFileReference; fileEncoding = 4; lastKnownFileType = sourcecode.c.h; path = ModelVCClassed.h; sourceTree = "<group>"; };
		8A0E04411D37890600B31424 /* ModelVCClassed.m */ = {isa = PBXFileReference; fileEncoding = 4; lastKnownFileType = sourcecode.c.objc; path = ModelVCClassed.m; sourceTree = "<group>"; };
		8A0E04421D37890600B31424 /* ModelVCSimple.h */ = {isa = PBXFileReference; fileEncoding = 4; lastKnownFileType = sourcecode.c.h; path = ModelVCSimple.h; sourceTree = "<group>"; };
		8A0E04431D37890600B31424 /* ModelVCSimple.m */ = {isa = PBXFileReference; fileEncoding = 4; lastKnownFileType = sourcecode.c.objc; path = ModelVCSimple.m; sourceTree = "<group>"; };
		8A0E04461D37890600B31424 /* LeftSideCell.h */ = {isa = PBXFileReference; fileEncoding = 4; lastKnownFileType = sourcecode.c.h; path = LeftSideCell.h; sourceTree = "<group>"; };
		8A0E04471D37890600B31424 /* LeftSideCell.m */ = {isa = PBXFileReference; fileEncoding = 4; lastKnownFileType = sourcecode.c.objc; path = LeftSideCell.m; sourceTree = "<group>"; };
		8A0E04481D37890600B31424 /* LeftSideView.h */ = {isa = PBXFileReference; fileEncoding = 4; lastKnownFileType = sourcecode.c.h; path = LeftSideView.h; sourceTree = "<group>"; };
		8A0E04491D37890600B31424 /* LeftSideView.m */ = {isa = PBXFileReference; fileEncoding = 4; lastKnownFileType = sourcecode.c.objc; path = LeftSideView.m; sourceTree = "<group>"; };
		8A0E044B1D37890600B31424 /* LoginView.h */ = {isa = PBXFileReference; fileEncoding = 4; lastKnownFileType = sourcecode.c.h; path = LoginView.h; sourceTree = "<group>"; };
		8A0E044C1D37890600B31424 /* LoginView.m */ = {isa = PBXFileReference; fileEncoding = 4; lastKnownFileType = sourcecode.c.objc; path = LoginView.m; sourceTree = "<group>"; };
		8A0E044F1D37890600B31424 /* ArticleDetailVC.h */ = {isa = PBXFileReference; fileEncoding = 4; lastKnownFileType = sourcecode.c.h; path = ArticleDetailVC.h; sourceTree = "<group>"; };
		8A0E04501D37890600B31424 /* ArticleDetailVC.m */ = {isa = PBXFileReference; fileEncoding = 4; lastKnownFileType = sourcecode.c.objc; path = ArticleDetailVC.m; sourceTree = "<group>"; };
		8A0E04511D37890600B31424 /* ArticleList.h */ = {isa = PBXFileReference; fileEncoding = 4; lastKnownFileType = sourcecode.c.h; path = ArticleList.h; sourceTree = "<group>"; };
		8A0E04521D37890600B31424 /* ArticleList.m */ = {isa = PBXFileReference; fileEncoding = 4; lastKnownFileType = sourcecode.c.objc; path = ArticleList.m; sourceTree = "<group>"; };
		8A0E04531D37890600B31424 /* ArticleListTableViewCell.h */ = {isa = PBXFileReference; fileEncoding = 4; lastKnownFileType = sourcecode.c.h; path = ArticleListTableViewCell.h; sourceTree = "<group>"; };
		8A0E04541D37890600B31424 /* ArticleListTableViewCell.m */ = {isa = PBXFileReference; fileEncoding = 4; lastKnownFileType = sourcecode.c.objc; path = ArticleListTableViewCell.m; sourceTree = "<group>"; };
		8A0E04561D37890600B31424 /* SimpleCateListView.h */ = {isa = PBXFileReference; fileEncoding = 4; lastKnownFileType = sourcecode.c.h; path = SimpleCateListView.h; sourceTree = "<group>"; };
		8A0E04571D37890600B31424 /* SimpleCateListView.m */ = {isa = PBXFileReference; fileEncoding = 4; lastKnownFileType = sourcecode.c.objc; path = SimpleCateListView.m; sourceTree = "<group>"; };
		8A0E04581D37890600B31424 /* SimpleListCell.h */ = {isa = PBXFileReference; fileEncoding = 4; lastKnownFileType = sourcecode.c.h; path = SimpleListCell.h; sourceTree = "<group>"; };
		8A0E04591D37890600B31424 /* SimpleListCell.m */ = {isa = PBXFileReference; fileEncoding = 4; lastKnownFileType = sourcecode.c.objc; path = SimpleListCell.m; sourceTree = "<group>"; };
		8A0E045A1D37890600B31424 /* SimpleListTableViewHeader.h */ = {isa = PBXFileReference; fileEncoding = 4; lastKnownFileType = sourcecode.c.h; path = SimpleListTableViewHeader.h; sourceTree = "<group>"; };
		8A0E045B1D37890600B31424 /* SimpleListTableViewHeader.m */ = {isa = PBXFileReference; fileEncoding = 4; lastKnownFileType = sourcecode.c.objc; path = SimpleListTableViewHeader.m; sourceTree = "<group>"; };
		8A0E045C1D37890600B31424 /* SimpleListView.h */ = {isa = PBXFileReference; fileEncoding = 4; lastKnownFileType = sourcecode.c.h; path = SimpleListView.h; sourceTree = "<group>"; };
		8A0E045D1D37890600B31424 /* SimpleListView.m */ = {isa = PBXFileReference; fileEncoding = 4; lastKnownFileType = sourcecode.c.objc; path = SimpleListView.m; sourceTree = "<group>"; };
		8A0E045E1D37890600B31424 /* RootVC.h */ = {isa = PBXFileReference; fileEncoding = 4; lastKnownFileType = sourcecode.c.h; path = RootVC.h; sourceTree = "<group>"; };
		8A0E045F1D37890600B31424 /* RootVC.m */ = {isa = PBXFileReference; fileEncoding = 4; lastKnownFileType = sourcecode.c.objc; path = RootVC.m; sourceTree = "<group>"; };
		8A0E04601D37890600B31424 /* ShadowView.h */ = {isa = PBXFileReference; fileEncoding = 4; lastKnownFileType = sourcecode.c.h; path = ShadowView.h; sourceTree = "<group>"; };
		8A0E04611D37890600B31424 /* ShadowView.m */ = {isa = PBXFileReference; fileEncoding = 4; lastKnownFileType = sourcecode.c.objc; path = ShadowView.m; sourceTree = "<group>"; };
		8A0E04691D37890600B31424 /* UserInfo.h */ = {isa = PBXFileReference; fileEncoding = 4; lastKnownFileType = sourcecode.c.h; path = UserInfo.h; sourceTree = "<group>"; };
		8A0E046A1D37890600B31424 /* UserInfo.m */ = {isa = PBXFileReference; fileEncoding = 4; lastKnownFileType = sourcecode.c.objc; path = UserInfo.m; sourceTree = "<group>"; };
		8A0E046D1D37890600B31424 /* APIConfig.h */ = {isa = PBXFileReference; fileEncoding = 4; lastKnownFileType = sourcecode.c.h; path = APIConfig.h; sourceTree = "<group>"; };
		8A0E046E1D37890600B31424 /* MainPage.h */ = {isa = PBXFileReference; fileEncoding = 4; lastKnownFileType = sourcecode.c.h; path = MainPage.h; sourceTree = "<group>"; };
		8A0E046F1D37890600B31424 /* MainPage.m */ = {isa = PBXFileReference; fileEncoding = 4; lastKnownFileType = sourcecode.c.objc; path = MainPage.m; sourceTree = "<group>"; };
		8A0E04701D37890600B31424 /* MainPageScroll.h */ = {isa = PBXFileReference; fileEncoding = 4; lastKnownFileType = sourcecode.c.h; path = MainPageScroll.h; sourceTree = "<group>"; };
		8A0E04711D37890600B31424 /* MainPageScroll.m */ = {isa = PBXFileReference; fileEncoding = 4; lastKnownFileType = sourcecode.c.objc; path = MainPageScroll.m; sourceTree = "<group>"; };
		8A0E04721D37890600B31424 /* MAMAHeaderPage.h */ = {isa = PBXFileReference; fileEncoding = 4; lastKnownFileType = sourcecode.c.h; path = MAMAHeaderPage.h; sourceTree = "<group>"; };
		8A0E04731D37890600B31424 /* MAMAHeaderPage.m */ = {isa = PBXFileReference; fileEncoding = 4; lastKnownFileType = sourcecode.c.objc; path = MAMAHeaderPage.m; sourceTree = "<group>"; };
		8A0E04741D37890600B31424 /* MAMATableViewControllers.h */ = {isa = PBXFileReference; fileEncoding = 4; lastKnownFileType = sourcecode.c.h; path = MAMATableViewControllers.h; sourceTree = "<group>"; };
		8A0E04751D37890600B31424 /* MAMATableViewControllers.m */ = {isa = PBXFileReference; fileEncoding = 4; lastKnownFileType = sourcecode.c.objc; path = MAMATableViewControllers.m; sourceTree = "<group>"; };
		8A0E04761D37890600B31424 /* NetRequest+Article.h */ = {isa = PBXFileReference; fileEncoding = 4; lastKnownFileType = sourcecode.c.h; path = "NetRequest+Article.h"; sourceTree = "<group>"; };
		8A0E04771D37890600B31424 /* NetRequest+Article.m */ = {isa = PBXFileReference; fileEncoding = 4; lastKnownFileType = sourcecode.c.objc; path = "NetRequest+Article.m"; sourceTree = "<group>"; };
		8A0E04781D37890600B31424 /* NetRequest+DailyFavourites.h */ = {isa = PBXFileReference; fileEncoding = 4; lastKnownFileType = sourcecode.c.h; path = "NetRequest+DailyFavourites.h"; sourceTree = "<group>"; };
		8A0E04791D37890600B31424 /* NetRequest+DailyFavourites.m */ = {isa = PBXFileReference; fileEncoding = 4; lastKnownFileType = sourcecode.c.objc; path = "NetRequest+DailyFavourites.m"; sourceTree = "<group>"; };
		8A0E047A1D37890600B31424 /* NetRequest+Region.h */ = {isa = PBXFileReference; fileEncoding = 4; lastKnownFileType = sourcecode.c.h; path = "NetRequest+Region.h"; sourceTree = "<group>"; };
		8A0E047B1D37890600B31424 /* NetRequest+Region.m */ = {isa = PBXFileReference; fileEncoding = 4; lastKnownFileType = sourcecode.c.objc; path = "NetRequest+Region.m"; sourceTree = "<group>"; };
		8A0E047C1D37890600B31424 /* NetRequest+Simple.h */ = {isa = PBXFileReference; fileEncoding = 4; lastKnownFileType = sourcecode.c.h; path = "NetRequest+Simple.h"; sourceTree = "<group>"; };
		8A0E047D1D37890600B31424 /* NetRequest+Simple.m */ = {isa = PBXFileReference; fileEncoding = 4; lastKnownFileType = sourcecode.c.objc; path = "NetRequest+Simple.m"; sourceTree = "<group>"; };
		8A0E047E1D37890600B31424 /* NetRequest+Special.h */ = {isa = PBXFileReference; fileEncoding = 4; lastKnownFileType = sourcecode.c.h; path = "NetRequest+Special.h"; sourceTree = "<group>"; };
		8A0E047F1D37890600B31424 /* NetRequest+Special.m */ = {isa = PBXFileReference; fileEncoding = 4; lastKnownFileType = sourcecode.c.objc; path = "NetRequest+Special.m"; sourceTree = "<group>"; };
		8A0E04801D37890600B31424 /* NetRequest+UserDoing.h */ = {isa = PBXFileReference; fileEncoding = 4; lastKnownFileType = sourcecode.c.h; path = "NetRequest+UserDoing.h"; sourceTree = "<group>"; };
		8A0E04811D37890600B31424 /* NetRequest+UserDoing.m */ = {isa = PBXFileReference; fileEncoding = 4; lastKnownFileType = sourcecode.c.objc; path = "NetRequest+UserDoing.m"; sourceTree = "<group>"; };
		8A0E04821D37890600B31424 /* NetRequest+UserInfoRequst.h */ = {isa = PBXFileReference; fileEncoding = 4; lastKnownFileType = sourcecode.c.h; path = "NetRequest+UserInfoRequst.h"; sourceTree = "<group>"; };
		8A0E04831D37890600B31424 /* NetRequest+UserInfoRequst.m */ = {isa = PBXFileReference; fileEncoding = 4; lastKnownFileType = sourcecode.c.objc; path = "NetRequest+UserInfoRequst.m"; sourceTree = "<group>"; };
		8A0E04841D37890600B31424 /* NetRequest.h */ = {isa = PBXFileReference; fileEncoding = 4; lastKnownFileType = sourcecode.c.h; path = NetRequest.h; sourceTree = "<group>"; };
		8A0E04851D37890600B31424 /* NetRequest.m */ = {isa = PBXFileReference; fileEncoding = 4; lastKnownFileType = sourcecode.c.objc; path = NetRequest.m; sourceTree = "<group>"; };
		8A0E04861D37890600B31424 /* NSObject+FileWithBundle.h */ = {isa = PBXFileReference; fileEncoding = 4; lastKnownFileType = sourcecode.c.h; path = "NSObject+FileWithBundle.h"; sourceTree = "<group>"; };
		8A0E04871D37890600B31424 /* NSObject+FileWithBundle.m */ = {isa = PBXFileReference; fileEncoding = 4; lastKnownFileType = sourcecode.c.objc; path = "NSObject+FileWithBundle.m"; sourceTree = "<group>"; };
		8A0E04881D37890600B31424 /* UIBarButtonItem+CustomItem.h */ = {isa = PBXFileReference; fileEncoding = 4; lastKnownFileType = sourcecode.c.h; path = "UIBarButtonItem+CustomItem.h"; sourceTree = "<group>"; };
		8A0E04891D37890600B31424 /* UIBarButtonItem+CustomItem.m */ = {isa = PBXFileReference; fileEncoding = 4; lastKnownFileType = sourcecode.c.objc; path = "UIBarButtonItem+CustomItem.m"; sourceTree = "<group>"; };
		8A0E048A1D37890600B31424 /* UIView+SetSize.h */ = {isa = PBXFileReference; fileEncoding = 4; lastKnownFileType = sourcecode.c.h; path = "UIView+SetSize.h"; sourceTree = "<group>"; };
		8A0E048B1D37890600B31424 /* UIView+SetSize.m */ = {isa = PBXFileReference; fileEncoding = 4; lastKnownFileType = sourcecode.c.objc; path = "UIView+SetSize.m"; sourceTree = "<group>"; };
		8A0E048C1D37890600B31424 /* XStringUtils.h */ = {isa = PBXFileReference; fileEncoding = 4; lastKnownFileType = sourcecode.c.h; path = XStringUtils.h; sourceTree = "<group>"; };
		8A0E048D1D37890600B31424 /* XStringUtils.m */ = {isa = PBXFileReference; fileEncoding = 4; lastKnownFileType = sourcecode.c.objc; path = XStringUtils.m; sourceTree = "<group>"; };
		8A0E048E1D37890600B31424 /* XUtilityTools.h */ = {isa = PBXFileReference; fileEncoding = 4; lastKnownFileType = sourcecode.c.h; path = XUtilityTools.h; sourceTree = "<group>"; };
		8A0E048F1D37890600B31424 /* XUtilityTools.m */ = {isa = PBXFileReference; fileEncoding = 4; lastKnownFileType = sourcecode.c.objc; path = XUtilityTools.m; sourceTree = "<group>"; };
		8A0E04921D37890600B31424 /* ArticleAssistBar.h */ = {isa = PBXFileReference; fileEncoding = 4; lastKnownFileType = sourcecode.c.h; path = ArticleAssistBar.h; sourceTree = "<group>"; };
		8A0E04931D37890600B31424 /* ArticleAssistBar.m */ = {isa = PBXFileReference; fileEncoding = 4; lastKnownFileType = sourcecode.c.objc; path = ArticleAssistBar.m; sourceTree = "<group>"; };
		8A0E04941D37890600B31424 /* ArticleAssistButton.h */ = {isa = PBXFileReference; fileEncoding = 4; lastKnownFileType = sourcecode.c.h; path = ArticleAssistButton.h; sourceTree = "<group>"; };
		8A0E04951D37890600B31424 /* ArticleAssistButton.m */ = {isa = PBXFileReference; fileEncoding = 4; lastKnownFileType = sourcecode.c.objc; path = ArticleAssistButton.m; sourceTree = "<group>"; };
		8A0E04981D37890600B31424 /* XAlertViewHelper.h */ = {isa = PBXFileReference; fileEncoding = 4; lastKnownFileType = sourcecode.c.h; path = XAlertViewHelper.h; sourceTree = "<group>"; };
		8A0E04991D37890600B31424 /* XAlertViewHelper.m */ = {isa = PBXFileReference; fileEncoding = 4; lastKnownFileType = sourcecode.c.objc; path = XAlertViewHelper.m; sourceTree = "<group>"; };
		8A0E049A1D37890600B31424 /* XTabBar.h */ = {isa = PBXFileReference; fileEncoding = 4; lastKnownFileType = sourcecode.c.h; path = XTabBar.h; sourceTree = "<group>"; };
		8A0E049B1D37890600B31424 /* XTabBar.m */ = {isa = PBXFileReference; fileEncoding = 4; lastKnownFileType = sourcecode.c.objc; path = XTabBar.m; sourceTree = "<group>"; };
		8A0E049D1D37890600B31424 /* XNavigationController.h */ = {isa = PBXFileReference; fileEncoding = 4; lastKnownFileType = sourcecode.c.h; path = XNavigationController.h; sourceTree = "<group>"; };
		8A0E049E1D37890600B31424 /* XNavigationController.m */ = {isa = PBXFileReference; fileEncoding = 4; lastKnownFileType = sourcecode.c.objc; path = XNavigationController.m; sourceTree = "<group>"; };
		8A0E04A11D37890600B31424 /* calender_F.png */ = {isa = PBXFileReference; lastKnownFileType = image.png; path = calender_F.png; sourceTree = "<group>"; };
		8A0E04A21D37890600B31424 /* 打开更多.png */ = {isa = PBXFileReference; lastKnownFileType = image.png; path = "打开更多.png"; sourceTree = "<group>"; };
		8A0E04A41D37890600B31424 /* 乐活未选.png */ = {isa = PBXFileReference; lastKnownFileType = image.png; path = "乐活未选.png"; sourceTree = "<group>"; };
		8A0E04A51D37890600B31424 /* 乐活选中.png */ = {isa = PBXFileReference; lastKnownFileType = image.png; path = "乐活选中.png"; sourceTree = "<group>"; };
		8A0E04A61D37890600B31424 /* 书影音未选.png */ = {isa = PBXFileReference; lastKnownFileType = image.png; path = "书影音未选.png"; sourceTree = "<group>"; };
		8A0E04A71D37890600B31424 /* 书影音选中.png */ = {isa = PBXFileReference; lastKnownFileType = image.png; path = "书影音选中.png"; sourceTree = "<group>"; };
		8A0E04A81D37890600B31424 /* 娱乐圈未选.png */ = {isa = PBXFileReference; lastKnownFileType = image.png; path = "娱乐圈未选.png"; sourceTree = "<group>"; };
		8A0E04A91D37890600B31424 /* 娱乐圈选中.png */ = {isa = PBXFileReference; lastKnownFileType = image.png; path = "娱乐圈选中.png"; sourceTree = "<group>"; };
		8A0E04AA1D37890600B31424 /* 情感未选.png */ = {isa = PBXFileReference; lastKnownFileType = image.png; path = "情感未选.png"; sourceTree = "<group>"; };
		8A0E04AB1D37890600B31424 /* 情感选中.png */ = {isa = PBXFileReference; lastKnownFileType = image.png; path = "情感选中.png"; sourceTree = "<group>"; };
		8A0E04AC1D37890600B31424 /* 搜索文章.png */ = {isa = PBXFileReference; lastKnownFileType = image.png; path = "搜索文章.png"; sourceTree = "<group>"; };
		8A0E04AD1D37890600B31424 /* 美妈未选.png */ = {isa = PBXFileReference; lastKnownFileType = image.png; path = "美妈未选.png"; sourceTree = "<group>"; };
		8A0E04AE1D37890600B31424 /* 美妈选中.png */ = {isa = PBXFileReference; lastKnownFileType = image.png; path = "美妈选中.png"; sourceTree = "<group>"; };
		8A0E04AF1D37890600B31424 /* 育儿未选.png */ = {isa = PBXFileReference; lastKnownFileType = image.png; path = "育儿未选.png"; sourceTree = "<group>"; };
		8A0E04B01D37890600B31424 /* 育儿选中.png */ = {isa = PBXFileReference; lastKnownFileType = image.png; path = "育儿选中.png"; sourceTree = "<group>"; };
		8A0E04B21D37890600B31424 /* 浏览数.png */ = {isa = PBXFileReference; lastKnownFileType = image.png; path = "浏览数.png"; sourceTree = "<group>"; };
		8A0E04B41D37890600B31424 /* 个人中心垃圾桶.png */ = {isa = PBXFileReference; lastKnownFileType = image.png; path = "个人中心垃圾桶.png"; sourceTree = "<group>"; };
		8A0E04B51D37890600B31424 /* 个人中心更换照片图标.png */ = {isa = PBXFileReference; lastKnownFileType = image.png; path = "个人中心更换照片图标.png"; sourceTree = "<group>"; };
		8A0E04B61D37890600B31424 /* 个人中心背景墙2.png */ = {isa = PBXFileReference; lastKnownFileType = image.png; path = "个人中心背景墙2.png"; sourceTree = "<group>"; };
		8A0E04B71D37890600B31424 /* 传书.png */ = {isa = PBXFileReference; lastKnownFileType = image.png; path = "传书.png"; sourceTree = "<group>"; };
		8A0E04B81D37890600B31424 /* 收藏 (2).png */ = {isa = PBXFileReference; lastKnownFileType = image.png; path = "收藏 (2).png"; sourceTree = "<group>"; };
		8A0E04B91D37890600B31424 /* 编辑.png */ = {isa = PBXFileReference; lastKnownFileType = image.png; path = "编辑.png"; sourceTree = "<group>"; };
		8A0E04BA1D37890600B31424 /* 设置.png */ = {isa = PBXFileReference; lastKnownFileType = image.png; path = "设置.png"; sourceTree = "<group>"; };
		8A0E04BB1D37890600B31424 /* 传书已读.png */ = {isa = PBXFileReference; lastKnownFileType = image.png; path = "传书已读.png"; sourceTree = "<group>"; };
		8A0E04BC1D37890600B31424 /* 传书未读.png */ = {isa = PBXFileReference; lastKnownFileType = image.png; path = "传书未读.png"; sourceTree = "<group>"; };
		8A0E04BE1D37890600B31424 /* QQ分享.png */ = {isa = PBXFileReference; lastKnownFileType = image.png; path = "QQ分享.png"; sourceTree = "<group>"; };
		8A0E04BF1D37890600B31424 /* 复制链接.png */ = {isa = PBXFileReference; lastKnownFileType = image.png; path = "复制链接.png"; sourceTree = "<group>"; };
		8A0E04C01D37890600B31424 /* 微信分享.png */ = {isa = PBXFileReference; lastKnownFileType = image.png; path = "微信分享.png"; sourceTree = "<group>"; };
		8A0E04C11D37890600B31424 /* 微博分享.png */ = {isa = PBXFileReference; lastKnownFileType = image.png; path = "微博分享.png"; sourceTree = "<group>"; };
		8A0E04C21D37890600B31424 /* 朋友圈分享.png */ = {isa = PBXFileReference; lastKnownFileType = image.png; path = "朋友圈分享.png"; sourceTree = "<group>"; };
		8A0E04C31D37890600B31424 /* 空间分享.png */ = {isa = PBXFileReference; lastKnownFileType = image.png; path = "空间分享.png"; sourceTree = "<group>"; };
		8A0E04C51D37890600B31424 /* 1.png */ = {isa = PBXFileReference; lastKnownFileType = image.png; path = 1.png; sourceTree = "<group>"; };
		8A0E04C61D37890600B31424 /* 10.png */ = {isa = PBXFileReference; lastKnownFileType = image.png; path = 10.png; sourceTree = "<group>"; };
		8A0E04C71D37890600B31424 /* 11.png */ = {isa = PBXFileReference; lastKnownFileType = image.png; path = 11.png; sourceTree = "<group>"; };
		8A0E04C81D37890600B31424 /* 12.png */ = {isa = PBXFileReference; lastKnownFileType = image.png; path = 12.png; sourceTree = "<group>"; };
		8A0E04C91D37890600B31424 /* 13.png */ = {isa = PBXFileReference; lastKnownFileType = image.png; path = 13.png; sourceTree = "<group>"; };
		8A0E04CA1D37890600B31424 /* 14.png */ = {isa = PBXFileReference; lastKnownFileType = image.png; path = 14.png; sourceTree = "<group>"; };
		8A0E04CB1D37890600B31424 /* 15.png */ = {isa = PBXFileReference; lastKnownFileType = image.png; path = 15.png; sourceTree = "<group>"; };
		8A0E04CC1D37890600B31424 /* 16.png */ = {isa = PBXFileReference; lastKnownFileType = image.png; path = 16.png; sourceTree = "<group>"; };
		8A0E04CD1D37890600B31424 /* 2.png */ = {isa = PBXFileReference; lastKnownFileType = image.png; path = 2.png; sourceTree = "<group>"; };
		8A0E04CE1D37890600B31424 /* 3.png */ = {isa = PBXFileReference; lastKnownFileType = image.png; path = 3.png; sourceTree = "<group>"; };
		8A0E04CF1D37890600B31424 /* 4.png */ = {isa = PBXFileReference; lastKnownFileType = image.png; path = 4.png; sourceTree = "<group>"; };
		8A0E04D01D37890600B31424 /* 5.png */ = {isa = PBXFileReference; lastKnownFileType = image.png; path = 5.png; sourceTree = "<group>"; };
		8A0E04D11D37890600B31424 /* 6.png */ = {isa = PBXFileReference; lastKnownFileType = image.png; path = 6.png; sourceTree = "<group>"; };
		8A0E04D21D37890600B31424 /* 7.png */ = {isa = PBXFileReference; lastKnownFileType = image.png; path = 7.png; sourceTree = "<group>"; };
		8A0E04D31D37890600B31424 /* 8.png */ = {isa = PBXFileReference; lastKnownFileType = image.png; path = 8.png; sourceTree = "<group>"; };
		8A0E04D41D37890600B31424 /* 9.png */ = {isa = PBXFileReference; lastKnownFileType = image.png; path = 9.png; sourceTree = "<group>"; };
		8A0E04D61D37890600B31424 /* 29.png */ = {isa = PBXFileReference; lastKnownFileType = image.png; path = 29.png; sourceTree = "<group>"; };
		8A0E04D71D37890600B31424 /* 29@2x.png */ = {isa = PBXFileReference; lastKnownFileType = image.png; path = "29@2x.png"; sourceTree = "<group>"; };
		8A0E04D81D37890600B31424 /* 29@3x.png */ = {isa = PBXFileReference; lastKnownFileType = image.png; path = "29@3x.png"; sourceTree = "<group>"; };
		8A0E04D91D37890600B31424 /* 40.png */ = {isa = PBXFileReference; lastKnownFileType = image.png; path = 40.png; sourceTree = "<group>"; };
		8A0E04DA1D37890600B31424 /* 40@2x.png */ = {isa = PBXFileReference; lastKnownFileType = image.png; path = "40@2x.png"; sourceTree = "<group>"; };
		8A0E04DB1D37890600B31424 /* 40@3x.png */ = {isa = PBXFileReference; lastKnownFileType = image.png; path = "40@3x.png"; sourceTree = "<group>"; };
		8A0E04DC1D37890600B31424 /* 60.png */ = {isa = PBXFileReference; lastKnownFileType = image.png; path = 60.png; sourceTree = "<group>"; };
		8A0E04DD1D37890600B31424 /* 60@2x.png */ = {isa = PBXFileReference; lastKnownFileType = image.png; path = "60@2x.png"; sourceTree = "<group>"; };
		8A0E04DE1D37890600B31424 /* 60@3x.png */ = {isa = PBXFileReference; lastKnownFileType = image.png; path = "60@3x.png"; sourceTree = "<group>"; };
		8A0E04DF1D37890600B31424 /* default1@2x.png */ = {isa = PBXFileReference; lastKnownFileType = image.png; path = "default1@2x.png"; sourceTree = "<group>"; };
		8A0E04E01D37890600B31424 /* default2@2x.png */ = {isa = PBXFileReference; lastKnownFileType = image.png; path = "default2@2x.png"; sourceTree = "<group>"; };
		8A0E04E11D37890600B31424 /* default@2x.png */ = {isa = PBXFileReference; lastKnownFileType = image.png; path = "default@2x.png"; sourceTree = "<group>"; };
		8A0E04E31D37890600B31424 /* 文章评论页-书写-图标.png */ = {isa = PBXFileReference; lastKnownFileType = image.png; path = "文章评论页-书写-图标.png"; sourceTree = "<group>"; };
		8A0E04E51D37890600B31424 /* 分享.png */ = {isa = PBXFileReference; lastKnownFileType = image.png; path = "分享.png"; sourceTree = "<group>"; };
		8A0E04E61D37890600B31424 /* 收藏未选.png */ = {isa = PBXFileReference; lastKnownFileType = image.png; path = "收藏未选.png"; sourceTree = "<group>"; };
		8A0E04E71D37890600B31424 /* 收藏选中.png */ = {isa = PBXFileReference; lastKnownFileType = image.png; path = "收藏选中.png"; sourceTree = "<group>"; };
		8A0E04E81D37890600B31424 /* 更多.png */ = {isa = PBXFileReference; lastKnownFileType = image.png; path = "更多.png"; sourceTree = "<group>"; };
		8A0E04E91D37890600B31424 /* 评论数.png */ = {isa = PBXFileReference; lastKnownFileType = image.png; path = "评论数.png"; sourceTree = "<group>"; };
		8A0E04EA1D37890600B31424 /* 赞.png */ = {isa = PBXFileReference; lastKnownFileType = image.png; path = "赞.png"; sourceTree = "<group>"; };
		8A0E04EB1D37890600B31424 /* 赞未选.png */ = {isa = PBXFileReference; lastKnownFileType = image.png; path = "赞未选.png"; sourceTree = "<group>"; };
		8A0E04ED1D37890600B31424 /* QQ登录.png */ = {isa = PBXFileReference; lastKnownFileType = image.png; path = "QQ登录.png"; sourceTree = "<group>"; };
		8A0E04EE1D37890600B31424 /* 微信登录.png */ = {isa = PBXFileReference; lastKnownFileType = image.png; path = "微信登录.png"; sourceTree = "<group>"; };
		8A0E04EF1D37890600B31424 /* 登录页MAMA-LOGO.png */ = {isa = PBXFileReference; lastKnownFileType = image.png; path = "登录页MAMA-LOGO.png"; sourceTree = "<group>"; };
		8A0E04F01D37890600B31424 /* 登录页MAMA-LOGO加大.png */ = {isa = PBXFileReference; lastKnownFileType = image.png; path = "登录页MAMA-LOGO加大.png"; sourceTree = "<group>"; };
		8A0E04F11D37890600B31424 /* 登录页关闭按钮.png */ = {isa = PBXFileReference; lastKnownFileType = image.png; path = "登录页关闭按钮.png"; sourceTree = "<group>"; };
		8A0E04F21D37890600B31424 /* 登录页背景.png */ = {isa = PBXFileReference; lastKnownFileType = image.png; path = "登录页背景.png"; sourceTree = "<group>"; };
		8A0E04F31D37890600B31424 /* 白色返回.png */ = {isa = PBXFileReference; lastKnownFileType = image.png; path = "白色返回.png"; sourceTree = "<group>"; };
		8A0E04F41D37890600B31424 /* 读取图片图.png */ = {isa = PBXFileReference; lastKnownFileType = image.png; path = "读取图片图.png"; sourceTree = "<group>"; };
		8A0E04F51D37890600B31424 /* 返回顶部.png */ = {isa = PBXFileReference; lastKnownFileType = image.png; path = "返回顶部.png"; sourceTree = "<group>"; };
		8A0E04F61D37890600B31424 /* 黑色返回.png */ = {isa = PBXFileReference; lastKnownFileType = image.png; path = "黑色返回.png"; sourceTree = "<group>"; };
		8A0E056E1D378CE400B31424 /* ArticleCateListViewController.h */ = {isa = PBXFileReference; fileEncoding = 4; lastKnownFileType = sourcecode.c.h; path = ArticleCateListViewController.h; sourceTree = "<group>"; };
		8A0E056F1D378CE400B31424 /* ArticleCateListViewController.m */ = {isa = PBXFileReference; fileEncoding = 4; lastKnownFileType = sourcecode.c.objc; path = ArticleCateListViewController.m; sourceTree = "<group>"; };
		8A0E05711D378DDF00B31424 /* ArticleList_CatePage.h */ = {isa = PBXFileReference; fileEncoding = 4; lastKnownFileType = sourcecode.c.h; path = ArticleList_CatePage.h; sourceTree = "<group>"; };
		8A0E05721D378DDF00B31424 /* ArticleList_CatePage.m */ = {isa = PBXFileReference; fileEncoding = 4; lastKnownFileType = sourcecode.c.objc; path = ArticleList_CatePage.m; sourceTree = "<group>"; };
		8A0E05741D378F3C00B31424 /* ArticleList_CatePageCell.h */ = {isa = PBXFileReference; fileEncoding = 4; lastKnownFileType = sourcecode.c.h; path = ArticleList_CatePageCell.h; sourceTree = "<group>"; };
		8A0E05751D378F3C00B31424 /* ArticleList_CatePageCell.m */ = {isa = PBXFileReference; fileEncoding = 4; lastKnownFileType = sourcecode.c.objc; path = ArticleList_CatePageCell.m; sourceTree = "<group>"; };
		8A0E05781D37A54400B31424 /* DataSourcePrepare.h */ = {isa = PBXFileReference; fileEncoding = 4; lastKnownFileType = sourcecode.c.h; path = DataSourcePrepare.h; sourceTree = "<group>"; };
		8A0E05791D37A54400B31424 /* DataSourcePrepare.m */ = {isa = PBXFileReference; fileEncoding = 4; lastKnownFileType = sourcecode.c.objc; path = DataSourcePrepare.m; sourceTree = "<group>"; };
		8A0E057E1D37AD5E00B31424 /* ArticleCateCollectionViewCell.h */ = {isa = PBXFileReference; fileEncoding = 4; lastKnownFileType = sourcecode.c.h; path = ArticleCateCollectionViewCell.h; sourceTree = "<group>"; };
		8A0E057F1D37AD5E00B31424 /* ArticleCateCollectionViewCell.m */ = {isa = PBXFileReference; fileEncoding = 4; lastKnownFileType = sourcecode.c.objc; path = ArticleCateCollectionViewCell.m; sourceTree = "<group>"; };
		8A953C4B1D3C778F00ACDC6C /* SpecialListViewController.h */ = {isa = PBXFileReference; fileEncoding = 4; lastKnownFileType = sourcecode.c.h; path = SpecialListViewController.h; sourceTree = "<group>"; };
		8A953C4C1D3C778F00ACDC6C /* SpecialListViewController.m */ = {isa = PBXFileReference; fileEncoding = 4; lastKnownFileType = sourcecode.c.objc; path = SpecialListViewController.m; sourceTree = "<group>"; };
		8A953C4E1D3C77D800ACDC6C /* SpecialListCell.h */ = {isa = PBXFileReference; fileEncoding = 4; lastKnownFileType = sourcecode.c.h; path = SpecialListCell.h; sourceTree = "<group>"; };
		8A953C4F1D3C77D800ACDC6C /* SpecialListCell.m */ = {isa = PBXFileReference; fileEncoding = 4; lastKnownFileType = sourcecode.c.objc; path = SpecialListCell.m; sourceTree = "<group>"; };
		8A953C511D3C77FB00ACDC6C /* SpecialInfoVC.h */ = {isa = PBXFileReference; fileEncoding = 4; lastKnownFileType = sourcecode.c.h; path = SpecialInfoVC.h; sourceTree = "<group>"; };
		8A953C521D3C77FB00ACDC6C /* SpecialInfoVC.m */ = {isa = PBXFileReference; fileEncoding = 4; lastKnownFileType = sourcecode.c.objc; path = SpecialInfoVC.m; sourceTree = "<group>"; };
		8A953C541D3C783D00ACDC6C /* SpecialInfoCell.h */ = {isa = PBXFileReference; fileEncoding = 4; lastKnownFileType = sourcecode.c.h; path = SpecialInfoCell.h; sourceTree = "<group>"; };
		8A953C551D3C783D00ACDC6C /* SpecialInfoCell.m */ = {isa = PBXFileReference; fileEncoding = 4; lastKnownFileType = sourcecode.c.objc; path = SpecialInfoCell.m; sourceTree = "<group>"; };
		8AE8C3F11D37E68A002F8AE7 /* XNavigationBar.h */ = {isa = PBXFileReference; fileEncoding = 4; lastKnownFileType = sourcecode.c.h; path = XNavigationBar.h; sourceTree = "<group>"; };
		8AE8C3F21D37E68A002F8AE7 /* XNavigationBar.m */ = {isa = PBXFileReference; fileEncoding = 4; lastKnownFileType = sourcecode.c.objc; path = XNavigationBar.m; sourceTree = "<group>"; };
		DAF34D4EFFD6BD827639F124 /* libPods-TongHuo.a */ = {isa = PBXFileReference; explicitFileType = archive.ar; includeInIndex = 0; path = "libPods-TongHuo.a"; sourceTree = BUILT_PRODUCTS_DIR; };
		E3C292FA194D94C7DF50C51F /* Pods-TongHuo.release.xcconfig */ = {isa = PBXFileReference; includeInIndex = 1; lastKnownFileType = text.xcconfig; name = "Pods-TongHuo.release.xcconfig"; path = "Pods/Target Support Files/Pods-TongHuo/Pods-TongHuo.release.xcconfig"; sourceTree = "<group>"; };
		E513A51531A145D28DB2D3CF /* Pods-TongHuo.debug.xcconfig */ = {isa = PBXFileReference; includeInIndex = 1; lastKnownFileType = text.xcconfig; name = "Pods-TongHuo.debug.xcconfig"; path = "Pods/Target Support Files/Pods-TongHuo/Pods-TongHuo.debug.xcconfig"; sourceTree = "<group>"; };
/* End PBXFileReference section */

/* Begin PBXFrameworksBuildPhase section */
		037D83471D2E7B9E0063E17E /* Frameworks */ = {
			isa = PBXFrameworksBuildPhase;
			buildActionMask = 2147483647;
			files = (
				0E1177BD2314AFA585FDDC71 /* libPods-TongHuo.a in Frameworks */,
			);
			runOnlyForDeploymentPostprocessing = 0;
		};
/* End PBXFrameworksBuildPhase section */

/* Begin PBXGroup section */
		037D83411D2E7B9E0063E17E = {
			isa = PBXGroup;
			children = (
				037D834C1D2E7B9E0063E17E /* TongHuo */,
				037D834B1D2E7B9E0063E17E /* Products */,
				BB3FE1A4621DB6195B78CC43 /* Pods */,
				77686E93646AD8C27DBFE939 /* Frameworks */,
			);
			sourceTree = "<group>";
		};
		037D834B1D2E7B9E0063E17E /* Products */ = {
			isa = PBXGroup;
			children = (
				037D834A1D2E7B9E0063E17E /* TongHuo.app */,
			);
			name = Products;
			sourceTree = "<group>";
		};
		037D834C1D2E7B9E0063E17E /* TongHuo */ = {
			isa = PBXGroup;
			children = (
				8A0E05771D37A51D00B31424 /* DataSourcePrepare */,
				8A0E043B1D37890600B31424 /* FoundationVC */,
				8A0E04441D37890600B31424 /* Function */,
				8A0E046B1D37890600B31424 /* Helper */,
				8A0E049F1D37890600B31424 /* images */,
				037D83501D2E7B9E0063E17E /* AppDelegate.h */,
				037D83511D2E7B9E0063E17E /* AppDelegate.m */,
				037D83531D2E7B9E0063E17E /* ViewController.h */,
				037D83541D2E7B9E0063E17E /* ViewController.m */,
				037D83561D2E7B9E0063E17E /* Main.storyboard */,
				037D835C1D2E7B9E0063E17E /* Assets.xcassets */,
				037D835E1D2E7B9E0063E17E /* LaunchScreen.storyboard */,
				037D83611D2E7B9E0063E17E /* Info.plist */,
				037D83591D2E7B9E0063E17E /* TongHuo.xcdatamodeld */,
				037D834D1D2E7B9E0063E17E /* Supporting Files */,
				037D83671D2E7C620063E17E /* PrefixHeader.pch */,
			);
			path = TongHuo;
			sourceTree = "<group>";
		};
		037D834D1D2E7B9E0063E17E /* Supporting Files */ = {
			isa = PBXGroup;
			children = (
				037D834E1D2E7B9E0063E17E /* main.m */,
			);
			name = "Supporting Files";
			sourceTree = "<group>";
		};
		77686E93646AD8C27DBFE939 /* Frameworks */ = {
			isa = PBXGroup;
			children = (
				DAF34D4EFFD6BD827639F124 /* libPods-TongHuo.a */,
			);
			name = Frameworks;
			sourceTree = "<group>";
		};
		8A0E043B1D37890600B31424 /* FoundationVC */ = {
			isa = PBXGroup;
			children = (
				8A953C4A1D3C776700ACDC6C /* SpecialListVC */,
				8A0E056D1D378C9200B31424 /* ArticleCateList */,
				8A0E043C1D37890600B31424 /* ArticleListModle.h */,
				8A0E043D1D37890600B31424 /* ArticleListModle.m */,
				8A0E043E1D37890600B31424 /* FoundationVC.h */,
				8A0E043F1D37890600B31424 /* FoundationVC.m */,
				8A0E04401D37890600B31424 /* ModelVCClassed.h */,
				8A0E04411D37890600B31424 /* ModelVCClassed.m */,
				8A0E04421D37890600B31424 /* ModelVCSimple.h */,
				8A0E04431D37890600B31424 /* ModelVCSimple.m */,
			);
			path = FoundationVC;
			sourceTree = "<group>";
		};
		8A0E04441D37890600B31424 /* Function */ = {
			isa = PBXGroup;
			children = (
				8A0E04451D37890600B31424 /* Lesfside */,
				8A0E044A1D37890600B31424 /* Login */,
				8A0E044D1D37890600B31424 /* MainPage */,
				8A0E04681D37890600B31424 /* UserInfo */,
			);
			path = Function;
			sourceTree = "<group>";
		};
		8A0E04451D37890600B31424 /* Lesfside */ = {
			isa = PBXGroup;
			children = (
				8A0E04461D37890600B31424 /* LeftSideCell.h */,
				8A0E04471D37890600B31424 /* LeftSideCell.m */,
				8A0E04481D37890600B31424 /* LeftSideView.h */,
				8A0E04491D37890600B31424 /* LeftSideView.m */,
			);
			path = Lesfside;
			sourceTree = "<group>";
		};
		8A0E044A1D37890600B31424 /* Login */ = {
			isa = PBXGroup;
			children = (
				8A0E044B1D37890600B31424 /* LoginView.h */,
				8A0E044C1D37890600B31424 /* LoginView.m */,
			);
			path = Login;
			sourceTree = "<group>";
		};
		8A0E044D1D37890600B31424 /* MainPage */ = {
			isa = PBXGroup;
			children = (
				8A0E044E1D37890600B31424 /* Handpicked_Article */,
				8A0E04551D37890600B31424 /* HeaderLine_Simple */,
				8A0E045E1D37890600B31424 /* RootVC.h */,
				8A0E045F1D37890600B31424 /* RootVC.m */,
				8A0E04601D37890600B31424 /* ShadowView.h */,
				8A0E04611D37890600B31424 /* ShadowView.m */,
			);
			path = MainPage;
			sourceTree = "<group>";
		};
		8A0E044E1D37890600B31424 /* Handpicked_Article */ = {
			isa = PBXGroup;
			children = (
				8A0E044F1D37890600B31424 /* ArticleDetailVC.h */,
				8A0E04501D37890600B31424 /* ArticleDetailVC.m */,
				8A0E04511D37890600B31424 /* ArticleList.h */,
				8A0E04521D37890600B31424 /* ArticleList.m */,
				8A0E04531D37890600B31424 /* ArticleListTableViewCell.h */,
				8A0E04541D37890600B31424 /* ArticleListTableViewCell.m */,
			);
			path = Handpicked_Article;
			sourceTree = "<group>";
		};
		8A0E04551D37890600B31424 /* HeaderLine_Simple */ = {
			isa = PBXGroup;
			children = (
				8A0E04561D37890600B31424 /* SimpleCateListView.h */,
				8A0E04571D37890600B31424 /* SimpleCateListView.m */,
				8A0E04581D37890600B31424 /* SimpleListCell.h */,
				8A0E04591D37890600B31424 /* SimpleListCell.m */,
				8A0E045A1D37890600B31424 /* SimpleListTableViewHeader.h */,
				8A0E045B1D37890600B31424 /* SimpleListTableViewHeader.m */,
				8A0E045C1D37890600B31424 /* SimpleListView.h */,
				8A0E045D1D37890600B31424 /* SimpleListView.m */,
			);
			path = HeaderLine_Simple;
			sourceTree = "<group>";
		};
		8A0E04681D37890600B31424 /* UserInfo */ = {
			isa = PBXGroup;
			children = (
				8A0E04691D37890600B31424 /* UserInfo.h */,
				8A0E046A1D37890600B31424 /* UserInfo.m */,
			);
			path = UserInfo;
			sourceTree = "<group>";
		};
		8A0E046B1D37890600B31424 /* Helper */ = {
			isa = PBXGroup;
			children = (
				8A0E046C1D37890600B31424 /* M */,
				8A0E04901D37890600B31424 /* V */,
				8A0E049C1D37890600B31424 /* VC */,
			);
			path = Helper;
			sourceTree = "<group>";
		};
		8A0E046C1D37890600B31424 /* M */ = {
			isa = PBXGroup;
			children = (
				8A0E046D1D37890600B31424 /* APIConfig.h */,
				8A0E046E1D37890600B31424 /* MainPage.h */,
				8A0E046F1D37890600B31424 /* MainPage.m */,
				8A0E04701D37890600B31424 /* MainPageScroll.h */,
				8A0E04711D37890600B31424 /* MainPageScroll.m */,
				8A0E04721D37890600B31424 /* MAMAHeaderPage.h */,
				8A0E04731D37890600B31424 /* MAMAHeaderPage.m */,
				8A0E04741D37890600B31424 /* MAMATableViewControllers.h */,
				8A0E04751D37890600B31424 /* MAMATableViewControllers.m */,
				8A0E04761D37890600B31424 /* NetRequest+Article.h */,
				8A0E04771D37890600B31424 /* NetRequest+Article.m */,
				8A0E04781D37890600B31424 /* NetRequest+DailyFavourites.h */,
				8A0E04791D37890600B31424 /* NetRequest+DailyFavourites.m */,
				8A0E047A1D37890600B31424 /* NetRequest+Region.h */,
				8A0E047B1D37890600B31424 /* NetRequest+Region.m */,
				8A0E047C1D37890600B31424 /* NetRequest+Simple.h */,
				8A0E047D1D37890600B31424 /* NetRequest+Simple.m */,
				8A0E047E1D37890600B31424 /* NetRequest+Special.h */,
				8A0E047F1D37890600B31424 /* NetRequest+Special.m */,
				8A0E04801D37890600B31424 /* NetRequest+UserDoing.h */,
				8A0E04811D37890600B31424 /* NetRequest+UserDoing.m */,
				8A0E04821D37890600B31424 /* NetRequest+UserInfoRequst.h */,
				8A0E04831D37890600B31424 /* NetRequest+UserInfoRequst.m */,
				8A0E04841D37890600B31424 /* NetRequest.h */,
				8A0E04851D37890600B31424 /* NetRequest.m */,
				8A0E04861D37890600B31424 /* NSObject+FileWithBundle.h */,
				8A0E04871D37890600B31424 /* NSObject+FileWithBundle.m */,
				8A0E04881D37890600B31424 /* UIBarButtonItem+CustomItem.h */,
				8A0E04891D37890600B31424 /* UIBarButtonItem+CustomItem.m */,
				8A0E048A1D37890600B31424 /* UIView+SetSize.h */,
				8A0E048B1D37890600B31424 /* UIView+SetSize.m */,
				8A0E048C1D37890600B31424 /* XStringUtils.h */,
				8A0E048D1D37890600B31424 /* XStringUtils.m */,
				8A0E048E1D37890600B31424 /* XUtilityTools.h */,
				8A0E048F1D37890600B31424 /* XUtilityTools.m */,
			);
			path = M;
			sourceTree = "<group>";
		};
		8A0E04901D37890600B31424 /* V */ = {
			isa = PBXGroup;
			children = (
				8A0E04911D37890600B31424 /* ArticleAssistView */,
				8A0E04981D37890600B31424 /* XAlertViewHelper.h */,
				8A0E04991D37890600B31424 /* XAlertViewHelper.m */,
				8A0E049A1D37890600B31424 /* XTabBar.h */,
				8A0E049B1D37890600B31424 /* XTabBar.m */,
				8AE8C3F11D37E68A002F8AE7 /* XNavigationBar.h */,
				8AE8C3F21D37E68A002F8AE7 /* XNavigationBar.m */,
			);
			path = V;
			sourceTree = "<group>";
		};
		8A0E04911D37890600B31424 /* ArticleAssistView */ = {
			isa = PBXGroup;
			children = (
				8A0E04921D37890600B31424 /* ArticleAssistBar.h */,
				8A0E04931D37890600B31424 /* ArticleAssistBar.m */,
				8A0E04941D37890600B31424 /* ArticleAssistButton.h */,
				8A0E04951D37890600B31424 /* ArticleAssistButton.m */,
				8A0E04961D37890600B31424 /* FileManager */,
				8A0E04971D37890600B31424 /* NetRequest */,
			);
			path = ArticleAssistView;
			sourceTree = "<group>";
		};
		8A0E04961D37890600B31424 /* FileManager */ = {
			isa = PBXGroup;
			children = (
			);
			path = FileManager;
			sourceTree = "<group>";
		};
		8A0E04971D37890600B31424 /* NetRequest */ = {
			isa = PBXGroup;
			children = (
			);
			path = NetRequest;
			sourceTree = "<group>";
		};
		8A0E049C1D37890600B31424 /* VC */ = {
			isa = PBXGroup;
			children = (
				8A0E049D1D37890600B31424 /* XNavigationController.h */,
				8A0E049E1D37890600B31424 /* XNavigationController.m */,
			);
			path = VC;
			sourceTree = "<group>";
		};
		8A0E049F1D37890600B31424 /* images */ = {
			isa = PBXGroup;
			children = (
				8A0E04A01D37890600B31424 /* MainPage */,
				8A0E04A31D37890600B31424 /* TypePage */,
				8A0E04B11D37890600B31424 /* 专题 */,
				8A0E04B31D37890600B31424 /* 个人中心首页 */,
				8A0E04BB1D37890600B31424 /* 传书已读.png */,
				8A0E04BC1D37890600B31424 /* 传书未读.png */,
				8A0E04BD1D37890600B31424 /* 分享页 */,
				8A0E04C41D37890600B31424 /* 动画帧 */,
				8A0E04D51D37890600B31424 /* 启动页和启动图标 */,
				8A0E04E21D37890600B31424 /* 文章评论页 */,
				8A0E04E41D37890600B31424 /* 文章页 */,
				8A0E04EC1D37890600B31424 /* 登录页 */,
				8A0E04F31D37890600B31424 /* 白色返回.png */,
				8A0E04F41D37890600B31424 /* 读取图片图.png */,
				8A0E04F51D37890600B31424 /* 返回顶部.png */,
				8A0E04F61D37890600B31424 /* 黑色返回.png */,
			);
			path = images;
			sourceTree = "<group>";
		};
		8A0E04A01D37890600B31424 /* MainPage */ = {
			isa = PBXGroup;
			children = (
				8A0E04A11D37890600B31424 /* calender_F.png */,
				8A0E04A21D37890600B31424 /* 打开更多.png */,
			);
			path = MainPage;
			sourceTree = "<group>";
		};
		8A0E04A31D37890600B31424 /* TypePage */ = {
			isa = PBXGroup;
			children = (
				8A0E04A41D37890600B31424 /* 乐活未选.png */,
				8A0E04A51D37890600B31424 /* 乐活选中.png */,
				8A0E04A61D37890600B31424 /* 书影音未选.png */,
				8A0E04A71D37890600B31424 /* 书影音选中.png */,
				8A0E04A81D37890600B31424 /* 娱乐圈未选.png */,
				8A0E04A91D37890600B31424 /* 娱乐圈选中.png */,
				8A0E04AA1D37890600B31424 /* 情感未选.png */,
				8A0E04AB1D37890600B31424 /* 情感选中.png */,
				8A0E04AC1D37890600B31424 /* 搜索文章.png */,
				8A0E04AD1D37890600B31424 /* 美妈未选.png */,
				8A0E04AE1D37890600B31424 /* 美妈选中.png */,
				8A0E04AF1D37890600B31424 /* 育儿未选.png */,
				8A0E04B01D37890600B31424 /* 育儿选中.png */,
			);
			path = TypePage;
			sourceTree = "<group>";
		};
		8A0E04B11D37890600B31424 /* 专题 */ = {
			isa = PBXGroup;
			children = (
				8A0E04B21D37890600B31424 /* 浏览数.png */,
			);
			path = "专题";
			sourceTree = "<group>";
		};
		8A0E04B31D37890600B31424 /* 个人中心首页 */ = {
			isa = PBXGroup;
			children = (
				8A0E04B41D37890600B31424 /* 个人中心垃圾桶.png */,
				8A0E04B51D37890600B31424 /* 个人中心更换照片图标.png */,
				8A0E04B61D37890600B31424 /* 个人中心背景墙2.png */,
				8A0E04B71D37890600B31424 /* 传书.png */,
				8A0E04B81D37890600B31424 /* 收藏 (2).png */,
				8A0E04B91D37890600B31424 /* 编辑.png */,
				8A0E04BA1D37890600B31424 /* 设置.png */,
			);
			path = "个人中心首页";
			sourceTree = "<group>";
		};
		8A0E04BD1D37890600B31424 /* 分享页 */ = {
			isa = PBXGroup;
			children = (
				8A0E04BE1D37890600B31424 /* QQ分享.png */,
				8A0E04BF1D37890600B31424 /* 复制链接.png */,
				8A0E04C01D37890600B31424 /* 微信分享.png */,
				8A0E04C11D37890600B31424 /* 微博分享.png */,
				8A0E04C21D37890600B31424 /* 朋友圈分享.png */,
				8A0E04C31D37890600B31424 /* 空间分享.png */,
			);
			path = "分享页";
			sourceTree = "<group>";
		};
		8A0E04C41D37890600B31424 /* 动画帧 */ = {
			isa = PBXGroup;
			children = (
				8A0E04C51D37890600B31424 /* 1.png */,
				8A0E04C61D37890600B31424 /* 10.png */,
				8A0E04C71D37890600B31424 /* 11.png */,
				8A0E04C81D37890600B31424 /* 12.png */,
				8A0E04C91D37890600B31424 /* 13.png */,
				8A0E04CA1D37890600B31424 /* 14.png */,
				8A0E04CB1D37890600B31424 /* 15.png */,
				8A0E04CC1D37890600B31424 /* 16.png */,
				8A0E04CD1D37890600B31424 /* 2.png */,
				8A0E04CE1D37890600B31424 /* 3.png */,
				8A0E04CF1D37890600B31424 /* 4.png */,
				8A0E04D01D37890600B31424 /* 5.png */,
				8A0E04D11D37890600B31424 /* 6.png */,
				8A0E04D21D37890600B31424 /* 7.png */,
				8A0E04D31D37890600B31424 /* 8.png */,
				8A0E04D41D37890600B31424 /* 9.png */,
			);
			path = "动画帧";
			sourceTree = "<group>";
		};
		8A0E04D51D37890600B31424 /* 启动页和启动图标 */ = {
			isa = PBXGroup;
			children = (
				8A0E04D61D37890600B31424 /* 29.png */,
				8A0E04D71D37890600B31424 /* 29@2x.png */,
				8A0E04D81D37890600B31424 /* 29@3x.png */,
				8A0E04D91D37890600B31424 /* 40.png */,
				8A0E04DA1D37890600B31424 /* 40@2x.png */,
				8A0E04DB1D37890600B31424 /* 40@3x.png */,
				8A0E04DC1D37890600B31424 /* 60.png */,
				8A0E04DD1D37890600B31424 /* 60@2x.png */,
				8A0E04DE1D37890600B31424 /* 60@3x.png */,
				8A0E04DF1D37890600B31424 /* default1@2x.png */,
				8A0E04E01D37890600B31424 /* default2@2x.png */,
				8A0E04E11D37890600B31424 /* default@2x.png */,
			);
			path = "启动页和启动图标";
			sourceTree = "<group>";
		};
		8A0E04E21D37890600B31424 /* 文章评论页 */ = {
			isa = PBXGroup;
			children = (
				8A0E04E31D37890600B31424 /* 文章评论页-书写-图标.png */,
			);
			path = "文章评论页";
			sourceTree = "<group>";
		};
		8A0E04E41D37890600B31424 /* 文章页 */ = {
			isa = PBXGroup;
			children = (
				8A0E04E51D37890600B31424 /* 分享.png */,
				8A0E04E61D37890600B31424 /* 收藏未选.png */,
				8A0E04E71D37890600B31424 /* 收藏选中.png */,
				8A0E04E81D37890600B31424 /* 更多.png */,
				8A0E04E91D37890600B31424 /* 评论数.png */,
				8A0E04EA1D37890600B31424 /* 赞.png */,
				8A0E04EB1D37890600B31424 /* 赞未选.png */,
			);
			path = "文章页";
			sourceTree = "<group>";
		};
		8A0E04EC1D37890600B31424 /* 登录页 */ = {
			isa = PBXGroup;
			children = (
				8A0E04ED1D37890600B31424 /* QQ登录.png */,
				8A0E04EE1D37890600B31424 /* 微信登录.png */,
				8A0E04EF1D37890600B31424 /* 登录页MAMA-LOGO.png */,
				8A0E04F01D37890600B31424 /* 登录页MAMA-LOGO加大.png */,
				8A0E04F11D37890600B31424 /* 登录页关闭按钮.png */,
				8A0E04F21D37890600B31424 /* 登录页背景.png */,
			);
			path = "登录页";
			sourceTree = "<group>";
		};
		8A0E056D1D378C9200B31424 /* ArticleCateList */ = {
			isa = PBXGroup;
			children = (
				8A0E056E1D378CE400B31424 /* ArticleCateListViewController.h */,
				8A0E056F1D378CE400B31424 /* ArticleCateListViewController.m */,
				8A0E057E1D37AD5E00B31424 /* ArticleCateCollectionViewCell.h */,
				8A0E057F1D37AD5E00B31424 /* ArticleCateCollectionViewCell.m */,
				8A0E05711D378DDF00B31424 /* ArticleList_CatePage.h */,
				8A0E05721D378DDF00B31424 /* ArticleList_CatePage.m */,
				8A0E05741D378F3C00B31424 /* ArticleList_CatePageCell.h */,
				8A0E05751D378F3C00B31424 /* ArticleList_CatePageCell.m */,
			);
			path = ArticleCateList;
			sourceTree = "<group>";
		};
		8A0E05771D37A51D00B31424 /* DataSourcePrepare */ = {
			isa = PBXGroup;
			children = (
				8A0E05781D37A54400B31424 /* DataSourcePrepare.h */,
				8A0E05791D37A54400B31424 /* DataSourcePrepare.m */,
			);
			path = DataSourcePrepare;
			sourceTree = "<group>";
		};
		8A953C4A1D3C776700ACDC6C /* SpecialListVC */ = {
			isa = PBXGroup;
			children = (
				8A953C4B1D3C778F00ACDC6C /* SpecialListViewController.h */,
				8A953C4C1D3C778F00ACDC6C /* SpecialListViewController.m */,
				8A953C4E1D3C77D800ACDC6C /* SpecialListCell.h */,
				8A953C4F1D3C77D800ACDC6C /* SpecialListCell.m */,
				8A953C511D3C77FB00ACDC6C /* SpecialInfoVC.h */,
				8A953C521D3C77FB00ACDC6C /* SpecialInfoVC.m */,
				8A953C541D3C783D00ACDC6C /* SpecialInfoCell.h */,
				8A953C551D3C783D00ACDC6C /* SpecialInfoCell.m */,
			);
			path = SpecialListVC;
			sourceTree = "<group>";
		};
		BB3FE1A4621DB6195B78CC43 /* Pods */ = {
			isa = PBXGroup;
			children = (
				E513A51531A145D28DB2D3CF /* Pods-TongHuo.debug.xcconfig */,
				E3C292FA194D94C7DF50C51F /* Pods-TongHuo.release.xcconfig */,
			);
			name = Pods;
			sourceTree = "<group>";
		};
/* End PBXGroup section */

/* Begin PBXNativeTarget section */
		037D83491D2E7B9E0063E17E /* TongHuo */ = {
			isa = PBXNativeTarget;
			buildConfigurationList = 037D83641D2E7B9E0063E17E /* Build configuration list for PBXNativeTarget "TongHuo" */;
			buildPhases = (
				3864CF6330C300A5A78BD6F5 /* [CP] Check Pods Manifest.lock */,
				037D83461D2E7B9E0063E17E /* Sources */,
				037D83471D2E7B9E0063E17E /* Frameworks */,
				037D83481D2E7B9E0063E17E /* Resources */,
				D69B7AF8505FAA39A76FC338 /* [CP] Embed Pods Frameworks */,
				C93CE64FF1B6874048908163 /* [CP] Copy Pods Resources */,
			);
			buildRules = (
			);
			dependencies = (
			);
			name = TongHuo;
			productName = TongHuo;
			productReference = 037D834A1D2E7B9E0063E17E /* TongHuo.app */;
			productType = "com.apple.product-type.application";
		};
/* End PBXNativeTarget section */

/* Begin PBXProject section */
		037D83421D2E7B9E0063E17E /* Project object */ = {
			isa = PBXProject;
			attributes = {
				LastUpgradeCheck = 0730;
				ORGANIZATIONNAME = xionghuanxin;
				TargetAttributes = {
					037D83491D2E7B9E0063E17E = {
						CreatedOnToolsVersion = 7.3.1;
						DevelopmentTeam = PBRT9CT95H;
					};
				};
			};
			buildConfigurationList = 037D83451D2E7B9E0063E17E /* Build configuration list for PBXProject "TongHuo" */;
			compatibilityVersion = "Xcode 3.2";
			developmentRegion = English;
			hasScannedForEncodings = 0;
			knownRegions = (
				en,
				Base,
			);
			mainGroup = 037D83411D2E7B9E0063E17E;
			productRefGroup = 037D834B1D2E7B9E0063E17E /* Products */;
			projectDirPath = "";
			projectRoot = "";
			targets = (
				037D83491D2E7B9E0063E17E /* TongHuo */,
			);
		};
/* End PBXProject section */

/* Begin PBXResourcesBuildPhase section */
		037D83481D2E7B9E0063E17E /* Resources */ = {
			isa = PBXResourcesBuildPhase;
			buildActionMask = 2147483647;
			files = (
				8A0E055E1D37890600B31424 /* 收藏选中.png in Resources */,
				8A0E05371D37890600B31424 /* 传书已读.png in Resources */,
				8A0E05501D37890600B31424 /* 29@2x.png in Resources */,
				8A0E05451D37890600B31424 /* 15.png in Resources */,
				8A0E05271D37890600B31424 /* 娱乐圈选中.png in Resources */,
				8A0E05551D37890600B31424 /* 60.png in Resources */,
				8A0E05671D37890600B31424 /* 登录页关闭按钮.png in Resources */,
				8A0E054F1D37890600B31424 /* 29.png in Resources */,
				8A0E05211D37890600B31424 /* 打开更多.png in Resources */,
				8A0E052E1D37890600B31424 /* 育儿选中.png in Resources */,
				8A0E05281D37890600B31424 /* 情感未选.png in Resources */,
				8A0E05241D37890600B31424 /* 书影音未选.png in Resources */,
				8A0E05411D37890600B31424 /* 11.png in Resources */,
				8A0E05601D37890600B31424 /* 评论数.png in Resources */,
				8A0E05341D37890600B31424 /* 收藏 (2).png in Resources */,
				8A0E05471D37890600B31424 /* 2.png in Resources */,
				8A0E052A1D37890600B31424 /* 搜索文章.png in Resources */,
				8A0E05581D37890600B31424 /* default1@2x.png in Resources */,
				8A0E05621D37890600B31424 /* 赞未选.png in Resources */,
				8A0E05481D37890600B31424 /* 3.png in Resources */,
				8A0E05221D37890600B31424 /* 乐活未选.png in Resources */,
				8A0E053B1D37890600B31424 /* 微信分享.png in Resources */,
				8A0E05691D37890600B31424 /* 白色返回.png in Resources */,
				8A0E05201D37890600B31424 /* calender_F.png in Resources */,
				8A0E05651D37890600B31424 /* 登录页MAMA-LOGO.png in Resources */,
				8A0E05521D37890600B31424 /* 40.png in Resources */,
				8A0E054C1D37890600B31424 /* 7.png in Resources */,
				8A0E05571D37890600B31424 /* 60@3x.png in Resources */,
				8A0E05541D37890600B31424 /* 40@3x.png in Resources */,
				8A0E05641D37890600B31424 /* 微信登录.png in Resources */,
				8A0E052C1D37890600B31424 /* 美妈选中.png in Resources */,
				8A0E053A1D37890600B31424 /* 复制链接.png in Resources */,
				8A0E052D1D37890600B31424 /* 育儿未选.png in Resources */,
				8A0E05561D37890600B31424 /* 60@2x.png in Resources */,
				8A0E05531D37890600B31424 /* 40@2x.png in Resources */,
				8A0E05491D37890600B31424 /* 4.png in Resources */,
				8A0E05401D37890600B31424 /* 10.png in Resources */,
				8A0E05681D37890600B31424 /* 登录页背景.png in Resources */,
				8A0E052F1D37890600B31424 /* 浏览数.png in Resources */,
				8A0E05311D37890600B31424 /* 个人中心更换照片图标.png in Resources */,
				8A0E05421D37890600B31424 /* 12.png in Resources */,
				8A0E05381D37890600B31424 /* 传书未读.png in Resources */,
				8A0E05591D37890600B31424 /* default2@2x.png in Resources */,
				8A0E056B1D37890600B31424 /* 返回顶部.png in Resources */,
				8A0E054B1D37890600B31424 /* 6.png in Resources */,
				8A0E055B1D37890600B31424 /* 文章评论页-书写-图标.png in Resources */,
				8A0E05361D37890600B31424 /* 设置.png in Resources */,
				8A0E054A1D37890600B31424 /* 5.png in Resources */,
				8A0E056C1D37890600B31424 /* 黑色返回.png in Resources */,
				8A0E055A1D37890600B31424 /* default@2x.png in Resources */,
				8A0E05261D37890600B31424 /* 娱乐圈未选.png in Resources */,
				037D83601D2E7B9E0063E17E /* LaunchScreen.storyboard in Resources */,
				8A0E055C1D37890600B31424 /* 分享.png in Resources */,
				8A0E05611D37890600B31424 /* 赞.png in Resources */,
				8A0E053E1D37890600B31424 /* 空间分享.png in Resources */,
				8A0E055D1D37890600B31424 /* 收藏未选.png in Resources */,
				8A0E053C1D37890600B31424 /* 微博分享.png in Resources */,
				8A0E05631D37890600B31424 /* QQ登录.png in Resources */,
				8A0E05391D37890600B31424 /* QQ分享.png in Resources */,
				8A0E05431D37890600B31424 /* 13.png in Resources */,
				8A0E05301D37890600B31424 /* 个人中心垃圾桶.png in Resources */,
				037D835D1D2E7B9E0063E17E /* Assets.xcassets in Resources */,
				8A0E05291D37890600B31424 /* 情感选中.png in Resources */,
				8A0E05441D37890600B31424 /* 14.png in Resources */,
				8A0E05461D37890600B31424 /* 16.png in Resources */,
				8A0E052B1D37890600B31424 /* 美妈未选.png in Resources */,
				8A0E056A1D37890600B31424 /* 读取图片图.png in Resources */,
				8A0E05661D37890600B31424 /* 登录页MAMA-LOGO加大.png in Resources */,
				8A0E05331D37890600B31424 /* 传书.png in Resources */,
				8A0E05351D37890600B31424 /* 编辑.png in Resources */,
				8A0E053D1D37890600B31424 /* 朋友圈分享.png in Resources */,
				8A0E054E1D37890600B31424 /* 9.png in Resources */,
				037D83581D2E7B9E0063E17E /* Main.storyboard in Resources */,
				8A0E05321D37890600B31424 /* 个人中心背景墙2.png in Resources */,
				8A0E05231D37890600B31424 /* 乐活选中.png in Resources */,
				8A0E05251D37890600B31424 /* 书影音选中.png in Resources */,
				8A0E05511D37890600B31424 /* 29@3x.png in Resources */,
				8A0E055F1D37890600B31424 /* 更多.png in Resources */,
				8A0E053F1D37890600B31424 /* 1.png in Resources */,
				8A0E054D1D37890600B31424 /* 8.png in Resources */,
			);
			runOnlyForDeploymentPostprocessing = 0;
		};
/* End PBXResourcesBuildPhase section */

/* Begin PBXShellScriptBuildPhase section */
		3864CF6330C300A5A78BD6F5 /* [CP] Check Pods Manifest.lock */ = {
			isa = PBXShellScriptBuildPhase;
			buildActionMask = 2147483647;
			files = (
			);
			inputPaths = (
			);
			name = "[CP] Check Pods Manifest.lock";
			outputPaths = (
			);
			runOnlyForDeploymentPostprocessing = 0;
			shellPath = /bin/sh;
			shellScript = "diff \"${PODS_ROOT}/../Podfile.lock\" \"${PODS_ROOT}/Manifest.lock\" > /dev/null\nif [[ $? != 0 ]] ; then\n    cat << EOM\nerror: The sandbox is not in sync with the Podfile.lock. Run 'pod install' or update your CocoaPods installation.\nEOM\n    exit 1\nfi\n";
			showEnvVarsInLog = 0;
		};
		C93CE64FF1B6874048908163 /* [CP] Copy Pods Resources */ = {
			isa = PBXShellScriptBuildPhase;
			buildActionMask = 2147483647;
			files = (
			);
			inputPaths = (
			);
			name = "[CP] Copy Pods Resources";
			outputPaths = (
			);
			runOnlyForDeploymentPostprocessing = 0;
			shellPath = /bin/sh;
			shellScript = "\"${SRCROOT}/Pods/Target Support Files/Pods-TongHuo/Pods-TongHuo-resources.sh\"\n";
			showEnvVarsInLog = 0;
		};
		D69B7AF8505FAA39A76FC338 /* [CP] Embed Pods Frameworks */ = {
			isa = PBXShellScriptBuildPhase;
			buildActionMask = 2147483647;
			files = (
			);
			inputPaths = (
			);
			name = "[CP] Embed Pods Frameworks";
			outputPaths = (
			);
			runOnlyForDeploymentPostprocessing = 0;
			shellPath = /bin/sh;
			shellScript = "\"${SRCROOT}/Pods/Target Support Files/Pods-TongHuo/Pods-TongHuo-frameworks.sh\"\n";
			showEnvVarsInLog = 0;
		};
/* End PBXShellScriptBuildPhase section */

/* Begin PBXSourcesBuildPhase section */
		037D83461D2E7B9E0063E17E /* Sources */ = {
			isa = PBXSourcesBuildPhase;
			buildActionMask = 2147483647;
			files = (
				8A953C531D3C77FB00ACDC6C /* SpecialInfoVC.m in Sources */,
				8A0E05181D37890600B31424 /* UIView+SetSize.m in Sources */,
				8A953C501D3C77D800ACDC6C /* SpecialListCell.m in Sources */,
				8A0E04F91D37890600B31424 /* ModelVCClassed.m in Sources */,
				8A0E05801D37AD5E00B31424 /* ArticleCateCollectionViewCell.m in Sources */,
				8A0E05051D37890600B31424 /* RootVC.m in Sources */,
				8A0E050F1D37890600B31424 /* NetRequest+DailyFavourites.m in Sources */,
				8A0E05031D37890600B31424 /* SimpleListTableViewHeader.m in Sources */,
				8A0E05041D37890600B31424 /* SimpleListView.m in Sources */,
				8A0E05021D37890600B31424 /* SimpleListCell.m in Sources */,
				037D835B1D2E7B9E0063E17E /* TongHuo.xcdatamodeld in Sources */,
				8A0E05111D37890600B31424 /* NetRequest+Simple.m in Sources */,
				8A0E04FC1D37890600B31424 /* LeftSideView.m in Sources */,
				8A0E057A1D37A54400B31424 /* DataSourcePrepare.m in Sources */,
				8A0E05761D378F3C00B31424 /* ArticleList_CatePageCell.m in Sources */,
				8A0E05161D37890600B31424 /* NSObject+FileWithBundle.m in Sources */,
				8A0E050D1D37890600B31424 /* MAMATableViewControllers.m in Sources */,
				8A0E05011D37890600B31424 /* SimpleCateListView.m in Sources */,
				8A0E05171D37890600B31424 /* UIBarButtonItem+CustomItem.m in Sources */,
				8A0E05121D37890600B31424 /* NetRequest+Special.m in Sources */,
				8A0E05091D37890600B31424 /* UserInfo.m in Sources */,
				8A0E05061D37890600B31424 /* ShadowView.m in Sources */,
				8A0E05141D37890600B31424 /* NetRequest+UserInfoRequst.m in Sources */,
				037D83551D2E7B9E0063E17E /* ViewController.m in Sources */,
				8A0E05731D378DDF00B31424 /* ArticleList_CatePage.m in Sources */,
				8A0E051D1D37890600B31424 /* XAlertViewHelper.m in Sources */,
				8A0E051B1D37890600B31424 /* ArticleAssistBar.m in Sources */,
				8A0E05001D37890600B31424 /* ArticleListTableViewCell.m in Sources */,
				8A0E04FE1D37890600B31424 /* ArticleDetailVC.m in Sources */,
				8A0E04F71D37890600B31424 /* ArticleListModle.m in Sources */,
				8A0E051F1D37890600B31424 /* XNavigationController.m in Sources */,
				8A0E051A1D37890600B31424 /* XUtilityTools.m in Sources */,
				8A953C561D3C783D00ACDC6C /* SpecialInfoCell.m in Sources */,
				8A953C4D1D3C778F00ACDC6C /* SpecialListViewController.m in Sources */,
				8A0E050A1D37890600B31424 /* MainPage.m in Sources */,
				8A0E04FD1D37890600B31424 /* LoginView.m in Sources */,
				8A0E04F81D37890600B31424 /* FoundationVC.m in Sources */,
				8A0E04FF1D37890600B31424 /* ArticleList.m in Sources */,
				8A0E051C1D37890600B31424 /* ArticleAssistButton.m in Sources */,
				8AE8C3F31D37E68A002F8AE7 /* XNavigationBar.m in Sources */,
				8A0E05191D37890600B31424 /* XStringUtils.m in Sources */,
				037D83521D2E7B9E0063E17E /* AppDelegate.m in Sources */,
				8A0E050E1D37890600B31424 /* NetRequest+Article.m in Sources */,
				8A0E050C1D37890600B31424 /* MAMAHeaderPage.m in Sources */,
				8A0E04FA1D37890600B31424 /* ModelVCSimple.m in Sources */,
				8A0E04FB1D37890600B31424 /* LeftSideCell.m in Sources */,
				8A0E05151D37890600B31424 /* NetRequest.m in Sources */,
				8A0E050B1D37890600B31424 /* MainPageScroll.m in Sources */,
				8A0E051E1D37890600B31424 /* XTabBar.m in Sources */,
				037D834F1D2E7B9E0063E17E /* main.m in Sources */,
				8A0E05101D37890600B31424 /* NetRequest+Region.m in Sources */,
				8A0E05701D378CE400B31424 /* ArticleCateListViewController.m in Sources */,
				8A0E05131D37890600B31424 /* NetRequest+UserDoing.m in Sources */,
			);
			runOnlyForDeploymentPostprocessing = 0;
		};
/* End PBXSourcesBuildPhase section */

/* Begin PBXVariantGroup section */
		037D83561D2E7B9E0063E17E /* Main.storyboard */ = {
			isa = PBXVariantGroup;
			children = (
				037D83571D2E7B9E0063E17E /* Base */,
			);
			name = Main.storyboard;
			sourceTree = "<group>";
		};
		037D835E1D2E7B9E0063E17E /* LaunchScreen.storyboard */ = {
			isa = PBXVariantGroup;
			children = (
				037D835F1D2E7B9E0063E17E /* Base */,
			);
			name = LaunchScreen.storyboard;
			sourceTree = "<group>";
		};
/* End PBXVariantGroup section */

/* Begin XCBuildConfiguration section */
		037D83621D2E7B9E0063E17E /* Debug */ = {
			isa = XCBuildConfiguration;
			buildSettings = {
				ALWAYS_SEARCH_USER_PATHS = NO;
				CLANG_ANALYZER_NONNULL = YES;
				CLANG_CXX_LANGUAGE_STANDARD = "gnu++0x";
				CLANG_CXX_LIBRARY = "libc++";
				CLANG_ENABLE_MODULES = YES;
				CLANG_ENABLE_OBJC_ARC = YES;
				CLANG_WARN_BOOL_CONVERSION = YES;
				CLANG_WARN_CONSTANT_CONVERSION = YES;
				CLANG_WARN_DIRECT_OBJC_ISA_USAGE = YES_ERROR;
				CLANG_WARN_EMPTY_BODY = YES;
				CLANG_WARN_ENUM_CONVERSION = YES;
				CLANG_WARN_INT_CONVERSION = YES;
				CLANG_WARN_OBJC_ROOT_CLASS = YES_ERROR;
				CLANG_WARN_UNREACHABLE_CODE = YES;
				CLANG_WARN__DUPLICATE_METHOD_MATCH = YES;
				"CODE_SIGN_IDENTITY[sdk=iphoneos*]" = "iPhone Developer";
				COPY_PHASE_STRIP = NO;
				DEBUG_INFORMATION_FORMAT = dwarf;
				ENABLE_STRICT_OBJC_MSGSEND = YES;
				ENABLE_TESTABILITY = YES;
				GCC_C_LANGUAGE_STANDARD = gnu99;
				GCC_DYNAMIC_NO_PIC = NO;
				GCC_NO_COMMON_BLOCKS = YES;
				GCC_OPTIMIZATION_LEVEL = 0;
				GCC_PREPROCESSOR_DEFINITIONS = (
					"DEBUG=1",
					"$(inherited)",
				);
				GCC_WARN_64_TO_32_BIT_CONVERSION = YES;
				GCC_WARN_ABOUT_RETURN_TYPE = YES_ERROR;
				GCC_WARN_UNDECLARED_SELECTOR = YES;
				GCC_WARN_UNINITIALIZED_AUTOS = YES_AGGRESSIVE;
				GCC_WARN_UNUSED_FUNCTION = YES;
				GCC_WARN_UNUSED_VARIABLE = YES;
				IPHONEOS_DEPLOYMENT_TARGET = 9.3;
				MTL_ENABLE_DEBUG_INFO = YES;
				ONLY_ACTIVE_ARCH = YES;
				SDKROOT = iphoneos;
			};
			name = Debug;
		};
		037D83631D2E7B9E0063E17E /* Release */ = {
			isa = XCBuildConfiguration;
			buildSettings = {
				ALWAYS_SEARCH_USER_PATHS = NO;
				CLANG_ANALYZER_NONNULL = YES;
				CLANG_CXX_LANGUAGE_STANDARD = "gnu++0x";
				CLANG_CXX_LIBRARY = "libc++";
				CLANG_ENABLE_MODULES = YES;
				CLANG_ENABLE_OBJC_ARC = YES;
				CLANG_WARN_BOOL_CONVERSION = YES;
				CLANG_WARN_CONSTANT_CONVERSION = YES;
				CLANG_WARN_DIRECT_OBJC_ISA_USAGE = YES_ERROR;
				CLANG_WARN_EMPTY_BODY = YES;
				CLANG_WARN_ENUM_CONVERSION = YES;
				CLANG_WARN_INT_CONVERSION = YES;
				CLANG_WARN_OBJC_ROOT_CLASS = YES_ERROR;
				CLANG_WARN_UNREACHABLE_CODE = YES;
				CLANG_WARN__DUPLICATE_METHOD_MATCH = YES;
				"CODE_SIGN_IDENTITY[sdk=iphoneos*]" = "iPhone Developer";
				COPY_PHASE_STRIP = NO;
				DEBUG_INFORMATION_FORMAT = "dwarf-with-dsym";
				ENABLE_NS_ASSERTIONS = NO;
				ENABLE_STRICT_OBJC_MSGSEND = YES;
				GCC_C_LANGUAGE_STANDARD = gnu99;
				GCC_NO_COMMON_BLOCKS = YES;
				GCC_WARN_64_TO_32_BIT_CONVERSION = YES;
				GCC_WARN_ABOUT_RETURN_TYPE = YES_ERROR;
				GCC_WARN_UNDECLARED_SELECTOR = YES;
				GCC_WARN_UNINITIALIZED_AUTOS = YES_AGGRESSIVE;
				GCC_WARN_UNUSED_FUNCTION = YES;
				GCC_WARN_UNUSED_VARIABLE = YES;
				IPHONEOS_DEPLOYMENT_TARGET = 9.3;
				MTL_ENABLE_DEBUG_INFO = NO;
				SDKROOT = iphoneos;
				VALIDATE_PRODUCT = YES;
			};
			name = Release;
		};
		037D83651D2E7B9E0063E17E /* Debug */ = {
			isa = XCBuildConfiguration;
			baseConfigurationReference = E513A51531A145D28DB2D3CF /* Pods-TongHuo.debug.xcconfig */;
			buildSettings = {
				ASSETCATALOG_COMPILER_APPICON_NAME = AppIcon;
				GCC_PRECOMPILE_PREFIX_HEADER = YES;
				GCC_PREFIX_HEADER = "$(SRCROOT)/TongHuo/PrefixHeader.pch";
				INFOPLIST_FILE = TongHuo/Info.plist;
				IPHONEOS_DEPLOYMENT_TARGET = 9.2;
				LD_RUNPATH_SEARCH_PATHS = "$(inherited) @executable_path/Frameworks";
				PRODUCT_BUNDLE_IDENTIFIER = xhx.TongHuo;
				PRODUCT_NAME = "$(TARGET_NAME)";
			};
			name = Debug;
		};
		037D83661D2E7B9E0063E17E /* Release */ = {
			isa = XCBuildConfiguration;
			baseConfigurationReference = E3C292FA194D94C7DF50C51F /* Pods-TongHuo.release.xcconfig */;
			buildSettings = {
				ASSETCATALOG_COMPILER_APPICON_NAME = AppIcon;
				GCC_PRECOMPILE_PREFIX_HEADER = YES;
				GCC_PREFIX_HEADER = "$(SRCROOT)/TongHuo/PrefixHeader.pch";
				INFOPLIST_FILE = TongHuo/Info.plist;
				IPHONEOS_DEPLOYMENT_TARGET = 9.2;
				LD_RUNPATH_SEARCH_PATHS = "$(inherited) @executable_path/Frameworks";
				PRODUCT_BUNDLE_IDENTIFIER = xhx.TongHuo;
				PRODUCT_NAME = "$(TARGET_NAME)";
			};
			name = Release;
		};
/* End XCBuildConfiguration section */

/* Begin XCConfigurationList section */
		037D83451D2E7B9E0063E17E /* Build configuration list for PBXProject "TongHuo" */ = {
			isa = XCConfigurationList;
			buildConfigurations = (
				037D83621D2E7B9E0063E17E /* Debug */,
				037D83631D2E7B9E0063E17E /* Release */,
			);
			defaultConfigurationIsVisible = 0;
			defaultConfigurationName = Release;
		};
		037D83641D2E7B9E0063E17E /* Build configuration list for PBXNativeTarget "TongHuo" */ = {
			isa = XCConfigurationList;
			buildConfigurations = (
				037D83651D2E7B9E0063E17E /* Debug */,
				037D83661D2E7B9E0063E17E /* Release */,
			);
			defaultConfigurationIsVisible = 0;
			defaultConfigurationName = Release;
		};
/* End XCConfigurationList section */

/* Begin XCVersionGroup section */
		037D83591D2E7B9E0063E17E /* TongHuo.xcdatamodeld */ = {
			isa = XCVersionGroup;
			children = (
				037D835A1D2E7B9E0063E17E /* TongHuo.xcdatamodel */,
			);
			currentVersion = 037D835A1D2E7B9E0063E17E /* TongHuo.xcdatamodel */;
			path = TongHuo.xcdatamodeld;
			sourceTree = "<group>";
			versionGroupType = wrapper.xcdatamodel;
		};
/* End XCVersionGroup section */
	};
	rootObject = 037D83421D2E7B9E0063E17E /* Project object */;
}
